// !$*UTF8*$!
{
	archiveVersion = 1;
	classes = {
	};
	objectVersion = 42;
	objects = {

/* Begin PBXBuildFile section */
		770B37ED0679A11B001EADE2 /* recsched_DataModel.xcdatamodel in Sources */ = {isa = PBXBuildFile; fileRef = 770B37EC0679A11B001EADE2 /* recsched_DataModel.xcdatamodel */; };
		77C8280E06725ACE000B614F /* recsched_AppDelegate.m in Sources */ = {isa = PBXBuildFile; fileRef = 77C8280C06725ACE000B614F /* recsched_AppDelegate.m */; };
		8D11072A0486CEB800E47090 /* MainMenu.nib in Resources */ = {isa = PBXBuildFile; fileRef = 29B97318FDCFA39411CA2CEA /* MainMenu.nib */; };
		8D11072B0486CEB800E47090 /* InfoPlist.strings in Resources */ = {isa = PBXBuildFile; fileRef = 089C165CFE840E0CC02AAC07 /* InfoPlist.strings */; };
		8D11072D0486CEB800E47090 /* main.m in Sources */ = {isa = PBXBuildFile; fileRef = 29B97316FDCFA39411CA2CEA /* main.m */; settings = {ATTRIBUTES = (); }; };
		8D11072F0486CEB800E47090 /* Cocoa.framework in Frameworks */ = {isa = PBXBuildFile; fileRef = 1058C7A1FEA54F0111CA2CBB /* Cocoa.framework */; };
		EA0674310B58084D009B0E27 /* MainWindowController.m in Sources */ = {isa = PBXBuildFile; fileRef = EA0674300B58084D009B0E27 /* MainWindowController.m */; };
		EA0674410B580B4D009B0E27 /* tvDataDelivery.m in Sources */ = {isa = PBXBuildFile; fileRef = EA06743E0B580B4D009B0E27 /* tvDataDelivery.m */; };
		EA0674420B580B4D009B0E27 /* WSGeneratedObj.m in Sources */ = {isa = PBXBuildFile; fileRef = EA0674400B580B4D009B0E27 /* WSGeneratedObj.m */; };
		EA5FAEA70B6D75CE00CCD5D5 /* Preferences.m in Sources */ = {isa = PBXBuildFile; fileRef = EA5FAEA60B6D75CE00CCD5D5 /* Preferences.m */; };
		EA5FAEBE0B6D788500CCD5D5 /* Preferences.nib in Resources */ = {isa = PBXBuildFile; fileRef = EA5FAEBD0B6D788500CCD5D5 /* Preferences.nib */; };
		EA5FAFC30B6FB49500CCD5D5 /* FixedNSControl.m in Sources */ = {isa = PBXBuildFile; fileRef = EA5FAFC20B6FB49400CCD5D5 /* FixedNSControl.m */; };
		EA5FAFCA0B6FB50D00CCD5D5 /* DiscreteDurationSlider.m in Sources */ = {isa = PBXBuildFile; fileRef = EA5FAFC90B6FB50D00CCD5D5 /* DiscreteDurationSlider.m */; };
		EA5FAFD80B6FB58900CCD5D5 /* DiscreteDurationSliderCell.m in Sources */ = {isa = PBXBuildFile; fileRef = EA5FAFD70B6FB58900CCD5D5 /* DiscreteDurationSliderCell.m */; };
		EA5FB6D80B7028B000CCD5D5 /* UserDefaults.plist in Resources */ = {isa = PBXBuildFile; fileRef = EA5FB6D70B7028B000CCD5D5 /* UserDefaults.plist */; };
		EAF882700B5DC0BD00373CEF /* XTVDParser.m in Sources */ = {isa = PBXBuildFile; fileRef = EAF8826F0B5DC0BD00373CEF /* XTVDParser.m */; };
		EAF883100B5DCE4900373CEF /* Z2ITStation.m in Sources */ = {isa = PBXBuildFile; fileRef = EAF8830F0B5DCE4800373CEF /* Z2ITStation.m */; };
		EAF883DE0B5ECB5B00373CEF /* Z2ITLineup.m in Sources */ = {isa = PBXBuildFile; fileRef = EAF883DD0B5ECB5B00373CEF /* Z2ITLineup.m */; };
		EAF8850F0B6024A800373CEF /* Z2ITLineupMap.m in Sources */ = {isa = PBXBuildFile; fileRef = EAF8850E0B6024A800373CEF /* Z2ITLineupMap.m */; };
		EAF8863B0B61598700373CEF /* Z2ITProgram.m in Sources */ = {isa = PBXBuildFile; fileRef = EAF8863A0B61598700373CEF /* Z2ITProgram.m */; };
		EAF8867D0B61740300373CEF /* Z2ITSchedule.m in Sources */ = {isa = PBXBuildFile; fileRef = EAF8867C0B61740300373CEF /* Z2ITSchedule.m */; };
		EAF890170B66DC8400373CEF /* ScheduleHeaderView.m in Sources */ = {isa = PBXBuildFile; fileRef = EAF890160B66DC8400373CEF /* ScheduleHeaderView.m */; };
		EAF8919C0B66F2D300373CEF /* iTableColumnHeaderCell.m in Sources */ = {isa = PBXBuildFile; fileRef = EAF8919B0B66F2D200373CEF /* iTableColumnHeaderCell.m */; };
		EAF8919E0B66F2F800373CEF /* metal_column_header.png in Resources */ = {isa = PBXBuildFile; fileRef = EAF8919D0B66F2F800373CEF /* metal_column_header.png */; };
		EAF8956C0B69023D00373CEF /* ScheduleStationColumnView.m in Sources */ = {isa = PBXBuildFile; fileRef = EAF8956B0B69023D00373CEF /* ScheduleStationColumnView.m */; };
		EAF89D8E0B6A8CFD00373CEF /* ScheduleView.m in Sources */ = {isa = PBXBuildFile; fileRef = EAF89D8D0B6A8CFD00373CEF /* ScheduleView.m */; };
/* End PBXBuildFile section */

/* Begin PBXFileReference section */
		089C165DFE840E0CC02AAC07 /* English */ = {isa = PBXFileReference; fileEncoding = 10; lastKnownFileType = text.plist.strings; name = English; path = English.lproj/InfoPlist.strings; sourceTree = "<group>"; };
		1058C7A1FEA54F0111CA2CBB /* Cocoa.framework */ = {isa = PBXFileReference; lastKnownFileType = wrapper.framework; name = Cocoa.framework; path = /System/Library/Frameworks/Cocoa.framework; sourceTree = "<absolute>"; };
		29B97316FDCFA39411CA2CEA /* main.m */ = {isa = PBXFileReference; fileEncoding = 4; lastKnownFileType = sourcecode.c.objc; path = main.m; sourceTree = "<group>"; };
		29B97319FDCFA39411CA2CEA /* English */ = {isa = PBXFileReference; lastKnownFileType = wrapper.nib; name = English; path = English.lproj/MainMenu.nib; sourceTree = "<group>"; };
		29B97324FDCFA39411CA2CEA /* AppKit.framework */ = {isa = PBXFileReference; lastKnownFileType = wrapper.framework; name = AppKit.framework; path = /System/Library/Frameworks/AppKit.framework; sourceTree = "<absolute>"; };
		29B97325FDCFA39411CA2CEA /* Foundation.framework */ = {isa = PBXFileReference; lastKnownFileType = wrapper.framework; name = Foundation.framework; path = /System/Library/Frameworks/Foundation.framework; sourceTree = "<absolute>"; };
		32CA4F630368D1EE00C91783 /* recsched_Prefix.pch */ = {isa = PBXFileReference; fileEncoding = 4; lastKnownFileType = sourcecode.c.h; path = recsched_Prefix.pch; sourceTree = "<group>"; };
		770B37EC0679A11B001EADE2 /* recsched_DataModel.xcdatamodel */ = {isa = PBXFileReference; fileEncoding = 4; lastKnownFileType = wrapper.xcdatamodel; path = recsched_DataModel.xcdatamodel; sourceTree = "<group>"; };
		77C82804067257F0000B614F /* CoreData.framework */ = {isa = PBXFileReference; lastKnownFileType = wrapper.framework; name = CoreData.framework; path = /System/Library/Frameworks/CoreData.framework; sourceTree = "<absolute>"; };
		77C8280B06725ACE000B614F /* recsched_AppDelegate.h */ = {isa = PBXFileReference; fileEncoding = 4; lastKnownFileType = sourcecode.c.h; path = recsched_AppDelegate.h; sourceTree = "<group>"; };
		77C8280C06725ACE000B614F /* recsched_AppDelegate.m */ = {isa = PBXFileReference; fileEncoding = 4; lastKnownFileType = sourcecode.c.objc; path = recsched_AppDelegate.m; sourceTree = "<group>"; };
		8D1107310486CEB800E47090 /* Info.plist */ = {isa = PBXFileReference; fileEncoding = 4; lastKnownFileType = text.plist; path = Info.plist; sourceTree = "<group>"; };
		8D1107320486CEB800E47090 /* recsched.app */ = {isa = PBXFileReference; explicitFileType = wrapper.application; includeInIndex = 0; path = recsched.app; sourceTree = BUILT_PRODUCTS_DIR; };
		EA06742F0B58084D009B0E27 /* MainWindowController.h */ = {isa = PBXFileReference; fileEncoding = 4; lastKnownFileType = sourcecode.c.h; path = MainWindowController.h; sourceTree = "<group>"; };
		EA0674300B58084D009B0E27 /* MainWindowController.m */ = {isa = PBXFileReference; fileEncoding = 4; lastKnownFileType = sourcecode.c.objc; path = MainWindowController.m; sourceTree = "<group>"; };
		EA06743D0B580B4D009B0E27 /* tvDataDelivery.h */ = {isa = PBXFileReference; fileEncoding = 30; lastKnownFileType = sourcecode.c.h; path = tvDataDelivery.h; sourceTree = "<group>"; };
		EA06743E0B580B4D009B0E27 /* tvDataDelivery.m */ = {isa = PBXFileReference; fileEncoding = 30; lastKnownFileType = sourcecode.c.objc; path = tvDataDelivery.m; sourceTree = "<group>"; };
		EA06743F0B580B4D009B0E27 /* WSGeneratedObj.h */ = {isa = PBXFileReference; fileEncoding = 30; lastKnownFileType = sourcecode.c.h; path = WSGeneratedObj.h; sourceTree = "<group>"; };
		EA0674400B580B4D009B0E27 /* WSGeneratedObj.m */ = {isa = PBXFileReference; fileEncoding = 30; lastKnownFileType = sourcecode.c.objc; path = WSGeneratedObj.m; sourceTree = "<group>"; };
		EA5FAEA50B6D75CE00CCD5D5 /* Preferences.h */ = {isa = PBXFileReference; fileEncoding = 4; lastKnownFileType = sourcecode.c.h; path = Preferences.h; sourceTree = "<group>"; };
		EA5FAEA60B6D75CE00CCD5D5 /* Preferences.m */ = {isa = PBXFileReference; fileEncoding = 4; lastKnownFileType = sourcecode.c.objc; path = Preferences.m; sourceTree = "<group>"; };
		EA5FAEBD0B6D788500CCD5D5 /* Preferences.nib */ = {isa = PBXFileReference; lastKnownFileType = wrapper.nib; path = Preferences.nib; sourceTree = "<group>"; };
		EA5FAFC10B6FB49400CCD5D5 /* FixedNSControl.h */ = {isa = PBXFileReference; fileEncoding = 30; lastKnownFileType = sourcecode.c.h; path = FixedNSControl.h; sourceTree = SOURCE_ROOT; };
		EA5FAFC20B6FB49400CCD5D5 /* FixedNSControl.m */ = {isa = PBXFileReference; fileEncoding = 30; lastKnownFileType = sourcecode.c.objc; path = FixedNSControl.m; sourceTree = SOURCE_ROOT; };
		EA5FAFC80B6FB50D00CCD5D5 /* DiscreteDurationSlider.h */ = {isa = PBXFileReference; fileEncoding = 4; lastKnownFileType = sourcecode.c.h; path = DiscreteDurationSlider.h; sourceTree = "<group>"; };
		EA5FAFC90B6FB50D00CCD5D5 /* DiscreteDurationSlider.m */ = {isa = PBXFileReference; fileEncoding = 4; lastKnownFileType = sourcecode.c.objc; path = DiscreteDurationSlider.m; sourceTree = "<group>"; };
		EA5FAFD60B6FB58900CCD5D5 /* DiscreteDurationSliderCell.h */ = {isa = PBXFileReference; fileEncoding = 4; lastKnownFileType = sourcecode.c.h; path = DiscreteDurationSliderCell.h; sourceTree = "<group>"; };
		EA5FAFD70B6FB58900CCD5D5 /* DiscreteDurationSliderCell.m */ = {isa = PBXFileReference; fileEncoding = 4; lastKnownFileType = sourcecode.c.objc; path = DiscreteDurationSliderCell.m; sourceTree = "<group>"; };
		EA5FB6D70B7028B000CCD5D5 /* UserDefaults.plist */ = {isa = PBXFileReference; fileEncoding = 30; lastKnownFileType = text.xml; path = UserDefaults.plist; sourceTree = SOURCE_ROOT; };
		EAF8826E0B5DC0BD00373CEF /* XTVDParser.h */ = {isa = PBXFileReference; fileEncoding = 4; lastKnownFileType = sourcecode.c.h; path = XTVDParser.h; sourceTree = "<group>"; };
		EAF8826F0B5DC0BD00373CEF /* XTVDParser.m */ = {isa = PBXFileReference; fileEncoding = 4; lastKnownFileType = sourcecode.c.objc; path = XTVDParser.m; sourceTree = "<group>"; };
		EAF8830E0B5DCE4800373CEF /* Z2ITStation.h */ = {isa = PBXFileReference; fileEncoding = 4; lastKnownFileType = sourcecode.c.h; path = Z2ITStation.h; sourceTree = "<group>"; };
		EAF8830F0B5DCE4800373CEF /* Z2ITStation.m */ = {isa = PBXFileReference; fileEncoding = 4; lastKnownFileType = sourcecode.c.objc; path = Z2ITStation.m; sourceTree = "<group>"; };
		EAF883DC0B5ECB5B00373CEF /* Z2ITLineup.h */ = {isa = PBXFileReference; fileEncoding = 4; lastKnownFileType = sourcecode.c.h; path = Z2ITLineup.h; sourceTree = "<group>"; };
		EAF883DD0B5ECB5B00373CEF /* Z2ITLineup.m */ = {isa = PBXFileReference; fileEncoding = 4; lastKnownFileType = sourcecode.c.objc; path = Z2ITLineup.m; sourceTree = "<group>"; };
		EAF8850D0B6024A800373CEF /* Z2ITLineupMap.h */ = {isa = PBXFileReference; fileEncoding = 4; lastKnownFileType = sourcecode.c.h; path = Z2ITLineupMap.h; sourceTree = "<group>"; };
		EAF8850E0B6024A800373CEF /* Z2ITLineupMap.m */ = {isa = PBXFileReference; fileEncoding = 4; lastKnownFileType = sourcecode.c.objc; path = Z2ITLineupMap.m; sourceTree = "<group>"; };
		EAF886390B61598700373CEF /* Z2ITProgram.h */ = {isa = PBXFileReference; fileEncoding = 4; lastKnownFileType = sourcecode.c.h; path = Z2ITProgram.h; sourceTree = "<group>"; };
		EAF8863A0B61598700373CEF /* Z2ITProgram.m */ = {isa = PBXFileReference; fileEncoding = 4; lastKnownFileType = sourcecode.c.objc; path = Z2ITProgram.m; sourceTree = "<group>"; };
		EAF8867B0B61740300373CEF /* Z2ITSchedule.h */ = {isa = PBXFileReference; fileEncoding = 4; lastKnownFileType = sourcecode.c.h; path = Z2ITSchedule.h; sourceTree = "<group>"; };
		EAF8867C0B61740300373CEF /* Z2ITSchedule.m */ = {isa = PBXFileReference; fileEncoding = 4; lastKnownFileType = sourcecode.c.objc; path = Z2ITSchedule.m; sourceTree = "<group>"; };
		EAF886900B6293B200373CEF /* CoreData_Macros.h */ = {isa = PBXFileReference; fileEncoding = 4; lastKnownFileType = sourcecode.c.h; path = CoreData_Macros.h; sourceTree = "<group>"; };
		EAF890150B66DC8400373CEF /* ScheduleHeaderView.h */ = {isa = PBXFileReference; fileEncoding = 4; lastKnownFileType = sourcecode.c.h; path = ScheduleHeaderView.h; sourceTree = "<group>"; };
		EAF890160B66DC8400373CEF /* ScheduleHeaderView.m */ = {isa = PBXFileReference; fileEncoding = 4; lastKnownFileType = sourcecode.c.objc; path = ScheduleHeaderView.m; sourceTree = "<group>"; };
		EAF8919A0B66F2D200373CEF /* iTableColumnHeaderCell.h */ = {isa = PBXFileReference; fileEncoding = 30; lastKnownFileType = sourcecode.c.h; path = iTableColumnHeaderCell.h; sourceTree = SOURCE_ROOT; };
		EAF8919B0B66F2D200373CEF /* iTableColumnHeaderCell.m */ = {isa = PBXFileReference; fileEncoding = 30; lastKnownFileType = sourcecode.c.objc; path = iTableColumnHeaderCell.m; sourceTree = SOURCE_ROOT; };
		EAF8919D0B66F2F800373CEF /* metal_column_header.png */ = {isa = PBXFileReference; lastKnownFileType = image.png; path = metal_column_header.png; sourceTree = SOURCE_ROOT; };
		EAF8956A0B69023D00373CEF /* ScheduleStationColumnView.h */ = {isa = PBXFileReference; fileEncoding = 4; lastKnownFileType = sourcecode.c.h; path = ScheduleStationColumnView.h; sourceTree = "<group>"; };
		EAF8956B0B69023D00373CEF /* ScheduleStationColumnView.m */ = {isa = PBXFileReference; fileEncoding = 4; lastKnownFileType = sourcecode.c.objc; path = ScheduleStationColumnView.m; sourceTree = "<group>"; };
		EAF89D8C0B6A8CFD00373CEF /* ScheduleView.h */ = {isa = PBXFileReference; fileEncoding = 4; lastKnownFileType = sourcecode.c.h; path = ScheduleView.h; sourceTree = "<group>"; };
		EAF89D8D0B6A8CFD00373CEF /* ScheduleView.m */ = {isa = PBXFileReference; fileEncoding = 4; lastKnownFileType = sourcecode.c.objc; path = ScheduleView.m; sourceTree = "<group>"; };
/* End PBXFileReference section */

/* Begin PBXFrameworksBuildPhase section */
		8D11072E0486CEB800E47090 /* Frameworks */ = {
			isa = PBXFrameworksBuildPhase;
			buildActionMask = 2147483647;
			files = (
				8D11072F0486CEB800E47090 /* Cocoa.framework in Frameworks */,
			);
			runOnlyForDeploymentPostprocessing = 0;
		};
/* End PBXFrameworksBuildPhase section */

/* Begin PBXGroup section */
		080E96DDFE201D6D7F000001 /* Classes */ = {
			isa = PBXGroup;
			children = (
				EAF890120B66DC6400373CEF /* View Classes */,
				EAF890110B66DC2E00373CEF /* Data & XML Classes */,
				77C8280B06725ACE000B614F /* recsched_AppDelegate.h */,
				77C8280C06725ACE000B614F /* recsched_AppDelegate.m */,
				EA06742F0B58084D009B0E27 /* MainWindowController.h */,
				EA0674300B58084D009B0E27 /* MainWindowController.m */,
				EA5FAEA50B6D75CE00CCD5D5 /* Preferences.h */,
				EA5FAEA60B6D75CE00CCD5D5 /* Preferences.m */,
			);
			name = Classes;
			sourceTree = "<group>";
		};
		1058C7A0FEA54F0111CA2CBB /* Linked Frameworks */ = {
			isa = PBXGroup;
			children = (
				1058C7A1FEA54F0111CA2CBB /* Cocoa.framework */,
			);
			name = "Linked Frameworks";
			sourceTree = "<group>";
		};
		1058C7A2FEA54F0111CA2CBB /* Other Frameworks */ = {
			isa = PBXGroup;
			children = (
				77C82804067257F0000B614F /* CoreData.framework */,
				29B97325FDCFA39411CA2CEA /* Foundation.framework */,
				29B97324FDCFA39411CA2CEA /* AppKit.framework */,
			);
			name = "Other Frameworks";
			sourceTree = "<group>";
		};
		19C28FACFE9D520D11CA2CBB /* Products */ = {
			isa = PBXGroup;
			children = (
				8D1107320486CEB800E47090 /* recsched.app */,
			);
			name = Products;
			sourceTree = "<group>";
		};
		29B97314FDCFA39411CA2CEA /* recsched */ = {
			isa = PBXGroup;
			children = (
				7756732906782D8800D1FEB8 /* Models */,
				080E96DDFE201D6D7F000001 /* Classes */,
				29B97315FDCFA39411CA2CEA /* Other Sources */,
				29B97317FDCFA39411CA2CEA /* Resources */,
				29B97323FDCFA39411CA2CEA /* Frameworks */,
				19C28FACFE9D520D11CA2CBB /* Products */,
			);
			name = recsched;
			sourceTree = "<group>";
		};
		29B97315FDCFA39411CA2CEA /* Other Sources */ = {
			isa = PBXGroup;
			children = (
				32CA4F630368D1EE00C91783 /* recsched_Prefix.pch */,
				29B97316FDCFA39411CA2CEA /* main.m */,
			);
			name = "Other Sources";
			sourceTree = "<group>";
		};
		29B97317FDCFA39411CA2CEA /* Resources */ = {
			isa = PBXGroup;
			children = (
				EA5FB6D70B7028B000CCD5D5 /* UserDefaults.plist */,
				EA5FAEBD0B6D788500CCD5D5 /* Preferences.nib */,
				EAF8919D0B66F2F800373CEF /* metal_column_header.png */,
				8D1107310486CEB800E47090 /* Info.plist */,
				089C165CFE840E0CC02AAC07 /* InfoPlist.strings */,
				29B97318FDCFA39411CA2CEA /* MainMenu.nib */,
			);
			name = Resources;
			sourceTree = "<group>";
		};
		29B97323FDCFA39411CA2CEA /* Frameworks */ = {
			isa = PBXGroup;
			children = (
				1058C7A0FEA54F0111CA2CBB /* Linked Frameworks */,
				1058C7A2FEA54F0111CA2CBB /* Other Frameworks */,
			);
			name = Frameworks;
			sourceTree = "<group>";
		};
		7756732906782D8800D1FEB8 /* Models */ = {
			isa = PBXGroup;
			children = (
				770B37EC0679A11B001EADE2 /* recsched_DataModel.xcdatamodel */,
			);
			name = Models;
			sourceTree = "<group>";
		};
		EAF890110B66DC2E00373CEF /* Data & XML Classes */ = {
			isa = PBXGroup;
			children = (
				EAF886900B6293B200373CEF /* CoreData_Macros.h */,
				EA06743D0B580B4D009B0E27 /* tvDataDelivery.h */,
				EA06743E0B580B4D009B0E27 /* tvDataDelivery.m */,
				EA06743F0B580B4D009B0E27 /* WSGeneratedObj.h */,
				EA0674400B580B4D009B0E27 /* WSGeneratedObj.m */,
				EAF8826E0B5DC0BD00373CEF /* XTVDParser.h */,
				EAF8826F0B5DC0BD00373CEF /* XTVDParser.m */,
				EAF8850D0B6024A800373CEF /* Z2ITLineupMap.h */,
				EAF8850E0B6024A800373CEF /* Z2ITLineupMap.m */,
				EAF8830E0B5DCE4800373CEF /* Z2ITStation.h */,
				EAF8830F0B5DCE4800373CEF /* Z2ITStation.m */,
				EAF883DC0B5ECB5B00373CEF /* Z2ITLineup.h */,
				EAF883DD0B5ECB5B00373CEF /* Z2ITLineup.m */,
				EAF886390B61598700373CEF /* Z2ITProgram.h */,
				EAF8863A0B61598700373CEF /* Z2ITProgram.m */,
				EAF8867B0B61740300373CEF /* Z2ITSchedule.h */,
				EAF8867C0B61740300373CEF /* Z2ITSchedule.m */,
			);
			name = "Data & XML Classes";
			sourceTree = "<group>";
		};
		EAF890120B66DC6400373CEF /* View Classes */ = {
			isa = PBXGroup;
			children = (
				EA5FAFC10B6FB49400CCD5D5 /* FixedNSControl.h */,
				EA5FAFC20B6FB49400CCD5D5 /* FixedNSControl.m */,
				EAF8919A0B66F2D200373CEF /* iTableColumnHeaderCell.h */,
				EAF8919B0B66F2D200373CEF /* iTableColumnHeaderCell.m */,
				EAF890150B66DC8400373CEF /* ScheduleHeaderView.h */,
				EAF890160B66DC8400373CEF /* ScheduleHeaderView.m */,
				EAF8956A0B69023D00373CEF /* ScheduleStationColumnView.h */,
				EAF8956B0B69023D00373CEF /* ScheduleStationColumnView.m */,
				EAF89D8C0B6A8CFD00373CEF /* ScheduleView.h */,
				EAF89D8D0B6A8CFD00373CEF /* ScheduleView.m */,
				EA5FAFC80B6FB50D00CCD5D5 /* DiscreteDurationSlider.h */,
				EA5FAFC90B6FB50D00CCD5D5 /* DiscreteDurationSlider.m */,
				EA5FAFD60B6FB58900CCD5D5 /* DiscreteDurationSliderCell.h */,
				EA5FAFD70B6FB58900CCD5D5 /* DiscreteDurationSliderCell.m */,
			);
			name = "View Classes";
			sourceTree = "<group>";
		};
/* End PBXGroup section */

/* Begin PBXNativeTarget section */
		8D1107260486CEB800E47090 /* recsched */ = {
			isa = PBXNativeTarget;
			buildConfigurationList = 26FC0A840875C7B200E6366F /* Build configuration list for PBXNativeTarget "recsched" */;
			buildPhases = (
				8D1107290486CEB800E47090 /* Resources */,
				8D11072C0486CEB800E47090 /* Sources */,
				8D11072E0486CEB800E47090 /* Frameworks */,
			);
			buildRules = (
			);
			dependencies = (
			);
			name = recsched;
			productInstallPath = "$(HOME)/Applications";
			productName = recsched;
			productReference = 8D1107320486CEB800E47090 /* recsched.app */;
			productType = "com.apple.product-type.application";
		};
/* End PBXNativeTarget section */

/* Begin PBXProject section */
		29B97313FDCFA39411CA2CEA /* Project object */ = {
			isa = PBXProject;
			buildConfigurationList = 26FC0A880875C7B200E6366F /* Build configuration list for PBXProject "recsched" */;
			hasScannedForEncodings = 1;
			mainGroup = 29B97314FDCFA39411CA2CEA /* recsched */;
			projectDirPath = "";
			targets = (
				8D1107260486CEB800E47090 /* recsched */,
			);
		};
/* End PBXProject section */

/* Begin PBXResourcesBuildPhase section */
		8D1107290486CEB800E47090 /* Resources */ = {
			isa = PBXResourcesBuildPhase;
			buildActionMask = 2147483647;
			files = (
				8D11072A0486CEB800E47090 /* MainMenu.nib in Resources */,
				8D11072B0486CEB800E47090 /* InfoPlist.strings in Resources */,
				EAF8919E0B66F2F800373CEF /* metal_column_header.png in Resources */,
				EA5FAEBE0B6D788500CCD5D5 /* Preferences.nib in Resources */,
				EA5FB6D80B7028B000CCD5D5 /* UserDefaults.plist in Resources */,
			);
			runOnlyForDeploymentPostprocessing = 0;
		};
/* End PBXResourcesBuildPhase section */

/* Begin PBXSourcesBuildPhase section */
		8D11072C0486CEB800E47090 /* Sources */ = {
			isa = PBXSourcesBuildPhase;
			buildActionMask = 2147483647;
			files = (
				8D11072D0486CEB800E47090 /* main.m in Sources */,
				77C8280E06725ACE000B614F /* recsched_AppDelegate.m in Sources */,
				770B37ED0679A11B001EADE2 /* recsched_DataModel.xcdatamodel in Sources */,
				EA0674310B58084D009B0E27 /* MainWindowController.m in Sources */,
				EA0674410B580B4D009B0E27 /* tvDataDelivery.m in Sources */,
				EA0674420B580B4D009B0E27 /* WSGeneratedObj.m in Sources */,
				EAF882700B5DC0BD00373CEF /* XTVDParser.m in Sources */,
				EAF883100B5DCE4900373CEF /* Z2ITStation.m in Sources */,
				EAF883DE0B5ECB5B00373CEF /* Z2ITLineup.m in Sources */,
				EAF8850F0B6024A800373CEF /* Z2ITLineupMap.m in Sources */,
				EAF8863B0B61598700373CEF /* Z2ITProgram.m in Sources */,
				EAF8867D0B61740300373CEF /* Z2ITSchedule.m in Sources */,
				EAF890170B66DC8400373CEF /* ScheduleHeaderView.m in Sources */,
				EAF8919C0B66F2D300373CEF /* iTableColumnHeaderCell.m in Sources */,
				EAF8956C0B69023D00373CEF /* ScheduleStationColumnView.m in Sources */,
				EAF89D8E0B6A8CFD00373CEF /* ScheduleView.m in Sources */,
				EA5FAEA70B6D75CE00CCD5D5 /* Preferences.m in Sources */,
				EA5FAFC30B6FB49500CCD5D5 /* FixedNSControl.m in Sources */,
				EA5FAFCA0B6FB50D00CCD5D5 /* DiscreteDurationSlider.m in Sources */,
				EA5FAFD80B6FB58900CCD5D5 /* DiscreteDurationSliderCell.m in Sources */,
			);
			runOnlyForDeploymentPostprocessing = 0;
		};
/* End PBXSourcesBuildPhase section */

/* Begin PBXVariantGroup section */
		089C165CFE840E0CC02AAC07 /* InfoPlist.strings */ = {
			isa = PBXVariantGroup;
			children = (
				089C165DFE840E0CC02AAC07 /* English */,
			);
			name = InfoPlist.strings;
			sourceTree = "<group>";
		};
		29B97318FDCFA39411CA2CEA /* MainMenu.nib */ = {
			isa = PBXVariantGroup;
			children = (
				29B97319FDCFA39411CA2CEA /* English */,
			);
			name = MainMenu.nib;
			sourceTree = "<group>";
		};
/* End PBXVariantGroup section */

/* Begin XCBuildConfiguration section */
		26FC0A850875C7B200E6366F /* Debug */ = {
			isa = XCBuildConfiguration;
			buildSettings = {
				COPY_PHASE_STRIP = NO;
				GCC_DYNAMIC_NO_PIC = NO;
				GCC_ENABLE_FIX_AND_CONTINUE = YES;
				GCC_ENABLE_OBJC_EXCEPTIONS = YES;
				GCC_MODEL_TUNING = G5;
				GCC_OPTIMIZATION_LEVEL = 0;
				GCC_PRECOMPILE_PREFIX_HEADER = YES;
				GCC_PREFIX_HEADER = recsched_Prefix.pch;
				INFOPLIST_FILE = Info.plist;
				INSTALL_PATH = "$(HOME)/Applications";
				PRODUCT_NAME = recsched;
				WRAPPER_EXTENSION = app;
				ZERO_LINK = YES;
			};
			name = Debug;
		};
		26FC0A860875C7B200E6366F /* Release */ = {
			isa = XCBuildConfiguration;
			buildSettings = {
				ARCHS = (
					ppc,
					i386,
				);
				GCC_ENABLE_OBJC_EXCEPTIONS = YES;
				GCC_GENERATE_DEBUGGING_SYMBOLS = NO;
				GCC_MODEL_TUNING = G5;
				GCC_PRECOMPILE_PREFIX_HEADER = YES;
				GCC_PREFIX_HEADER = recsched_Prefix.pch;
				INFOPLIST_FILE = Info.plist;
				INSTALL_PATH = "$(HOME)/Applications";
				PRODUCT_NAME = recsched;
				WRAPPER_EXTENSION = app;
			};
			name = Release;
		};
		26FC0A890875C7B200E6366F /* Debug */ = {
			isa = XCBuildConfiguration;
			buildSettings = {
				GCC_WARN_ABOUT_RETURN_TYPE = YES;
				GCC_WARN_UNUSED_VARIABLE = YES;
				PREBINDING = NO;
				SDKROOT = /Developer/SDKs/MacOSX10.4u.sdk;
			};
			name = Debug;
		};
		26FC0A8A0875C7B200E6366F /* Release */ = {
			isa = XCBuildConfiguration;
			buildSettings = {
				GCC_WARN_ABOUT_RETURN_TYPE = YES;
				GCC_WARN_UNUSED_VARIABLE = YES;
				PREBINDING = NO;
				SDKROOT = /Developer/SDKs/MacOSX10.4u.sdk;
			};
			name = Release;
		};
/* End XCBuildConfiguration section */

/* Begin XCConfigurationList section */
		26FC0A840875C7B200E6366F /* Build configuration list for PBXNativeTarget "recsched" */ = {
			isa = XCConfigurationList;
			buildConfigurations = (
				26FC0A850875C7B200E6366F /* Debug */,
				26FC0A860875C7B200E6366F /* Release */,
			);
			defaultConfigurationIsVisible = 0;
			defaultConfigurationName = Release;
		};
		26FC0A880875C7B200E6366F /* Build configuration list for PBXProject "recsched" */ = {
			isa = XCConfigurationList;
			buildConfigurations = (
				26FC0A890875C7B200E6366F /* Debug */,
				26FC0A8A0875C7B200E6366F /* Release */,
			);
			defaultConfigurationIsVisible = 0;
			defaultConfigurationName = Release;
		};
/* End XCConfigurationList section */
	};
	rootObject = 29B97313FDCFA39411CA2CEA /* Project object */;
}
