// !$*UTF8*$!
{
	archiveVersion = 1;
	classes = {
	};
	objectVersion = 42;
	objects = {

/* Begin PBXAggregateTarget section */
		EA083F720BADD1F7003C27FA /* All recsched */ = {
			isa = PBXAggregateTarget;
			buildConfigurationList = EA083FC70BAF827B003C27FA /* Build configuration list for PBXAggregateTarget "All recsched" */;
			buildPhases = (
			);
			dependencies = (
				EA083F740BADD1FD003C27FA /* PBXTargetDependency */,
				EA083F760BADD1FD003C27FA /* PBXTargetDependency */,
			);
			name = "All recsched";
			productName = "All recsched";
		};
/* End PBXAggregateTarget section */

/* Begin PBXBuildFile section */
		770B37ED0679A11B001EADE2 /* recsched_DataModel.xcdatamodel in Sources */ = {isa = PBXBuildFile; fileRef = 770B37EC0679A11B001EADE2 /* recsched_DataModel.xcdatamodel */; };
		77C8280E06725ACE000B614F /* recsched_AppDelegate.m in Sources */ = {isa = PBXBuildFile; fileRef = 77C8280C06725ACE000B614F /* recsched_AppDelegate.m */; };
		8D11072A0486CEB800E47090 /* MainMenu.nib in Resources */ = {isa = PBXBuildFile; fileRef = 29B97318FDCFA39411CA2CEA /* MainMenu.nib */; };
		8D11072B0486CEB800E47090 /* InfoPlist.strings in Resources */ = {isa = PBXBuildFile; fileRef = 089C165CFE840E0CC02AAC07 /* InfoPlist.strings */; };
		8D11072D0486CEB800E47090 /* main.m in Sources */ = {isa = PBXBuildFile; fileRef = 29B97316FDCFA39411CA2CEA /* main.m */; settings = {ATTRIBUTES = (); }; };
		8D11072F0486CEB800E47090 /* Cocoa.framework in Frameworks */ = {isa = PBXBuildFile; fileRef = 1058C7A1FEA54F0111CA2CBB /* Cocoa.framework */; };
		EA0674310B58084D009B0E27 /* MainWindowController.m in Sources */ = {isa = PBXBuildFile; fileRef = EA0674300B58084D009B0E27 /* MainWindowController.m */; };
		EA0674410B580B4D009B0E27 /* tvDataDelivery.m in Sources */ = {isa = PBXBuildFile; fileRef = EA06743E0B580B4D009B0E27 /* tvDataDelivery.m */; };
		EA0674420B580B4D009B0E27 /* WSGeneratedObj.m in Sources */ = {isa = PBXBuildFile; fileRef = EA0674400B580B4D009B0E27 /* WSGeneratedObj.m */; };
		EA083DF60BA62A81003C27FA /* Z2ITLineup.m in Sources */ = {isa = PBXBuildFile; fileRef = EAF883DD0B5ECB5B00373CEF /* Z2ITLineup.m */; };
		EA083DF70BA62A84003C27FA /* Z2ITLineupMap.m in Sources */ = {isa = PBXBuildFile; fileRef = EAF8850E0B6024A800373CEF /* Z2ITLineupMap.m */; };
		EA083DF80BA62A85003C27FA /* Z2ITProgram.m in Sources */ = {isa = PBXBuildFile; fileRef = EAF8863A0B61598700373CEF /* Z2ITProgram.m */; };
		EA083DF90BA62A86003C27FA /* Z2ITSchedule.m in Sources */ = {isa = PBXBuildFile; fileRef = EAF8867C0B61740300373CEF /* Z2ITSchedule.m */; };
		EA083DFA0BA62A87003C27FA /* Z2ITStation.m in Sources */ = {isa = PBXBuildFile; fileRef = EAF8830F0B5DCE4800373CEF /* Z2ITStation.m */; };
		EA083DFB0BA62A8B003C27FA /* XTVDParser.m in Sources */ = {isa = PBXBuildFile; fileRef = EAF8826F0B5DC0BD00373CEF /* XTVDParser.m */; };
		EA083DFD0BA62AA8003C27FA /* recsched_DataModel.xcdatamodel in Sources */ = {isa = PBXBuildFile; fileRef = 770B37EC0679A11B001EADE2 /* recsched_DataModel.xcdatamodel */; };
		EA083E170BA62BAA003C27FA /* AppKit.framework in Frameworks */ = {isa = PBXBuildFile; fileRef = 29B97324FDCFA39411CA2CEA /* AppKit.framework */; };
		EA083E190BA62C57003C27FA /* recsched_bkgd.m in Sources */ = {isa = PBXBuildFile; fileRef = EAE6553C0B9D0A5B00CDB279 /* recsched_bkgd.m */; };
		EA083E220BA62F40003C27FA /* RecSchedServer.m in Sources */ = {isa = PBXBuildFile; fileRef = EAE655590B9D1A8300CDB279 /* RecSchedServer.m */; };
		EA083E480BA77D47003C27FA /* Z2ITScheduleExtras.m in Sources */ = {isa = PBXBuildFile; fileRef = EA083E470BA77D47003C27FA /* Z2ITScheduleExtras.m */; };
		EA08881E0B86B16D00809664 /* CC.tif in Resources */ = {isa = PBXBuildFile; fileRef = EA0888150B86B16C00809664 /* CC.tif */; };
		EA08881F0B86B16D00809664 /* HD.tif in Resources */ = {isa = PBXBuildFile; fileRef = EA0888160B86B16C00809664 /* HD.tif */; };
		EA0888200B86B16D00809664 /* TV-14.tif in Resources */ = {isa = PBXBuildFile; fileRef = EA0888170B86B16C00809664 /* TV-14.tif */; };
		EA0888210B86B16D00809664 /* TV-G.tif in Resources */ = {isa = PBXBuildFile; fileRef = EA0888180B86B16C00809664 /* TV-G.tif */; };
		EA0888220B86B16D00809664 /* TV-MA.tif in Resources */ = {isa = PBXBuildFile; fileRef = EA0888190B86B16C00809664 /* TV-MA.tif */; };
		EA0888230B86B16D00809664 /* TV-PG.tif in Resources */ = {isa = PBXBuildFile; fileRef = EA08881A0B86B16C00809664 /* TV-PG.tif */; };
		EA0888240B86B16D00809664 /* TV-Y.tif in Resources */ = {isa = PBXBuildFile; fileRef = EA08881B0B86B16C00809664 /* TV-Y.tif */; };
		EA0888250B86B16D00809664 /* TV-Y7.tif in Resources */ = {isa = PBXBuildFile; fileRef = EA08881C0B86B16C00809664 /* TV-Y7.tif */; };
		EA0888260B86B16D00809664 /* TV-Y7FV.tif in Resources */ = {isa = PBXBuildFile; fileRef = EA08881D0B86B16C00809664 /* TV-Y7FV.tif */; };
		EA20BFB30B9661F8009EDC44 /* ProgramSearchViewController.m in Sources */ = {isa = PBXBuildFile; fileRef = EA20BFB20B9661F8009EDC44 /* ProgramSearchViewController.m */; };
		EA29391E0C0CB2740053E2B8 /* HexNumberFormatter.m in Sources */ = {isa = PBXBuildFile; fileRef = EA29391D0C0CB2740053E2B8 /* HexNumberFormatter.m */; };
		EA2939800C0CC83F0053E2B8 /* PolishedWindow.m in Sources */ = {isa = PBXBuildFile; fileRef = EA29397F0C0CC83F0053E2B8 /* PolishedWindow.m */; };
		EA2939950C0CC8D70053E2B8 /* bottom_left.png in Resources */ = {isa = PBXBuildFile; fileRef = EA2939870C0CC8D70053E2B8 /* bottom_left.png */; };
		EA2939960C0CC8D70053E2B8 /* bottom_middle.png in Resources */ = {isa = PBXBuildFile; fileRef = EA2939880C0CC8D70053E2B8 /* bottom_middle.png */; };
		EA2939970C0CC8D70053E2B8 /* bottom_right.png in Resources */ = {isa = PBXBuildFile; fileRef = EA2939890C0CC8D70053E2B8 /* bottom_right.png */; };
		EA2939980C0CC8D70053E2B8 /* flat_bottom_left.png in Resources */ = {isa = PBXBuildFile; fileRef = EA29398A0C0CC8D70053E2B8 /* flat_bottom_left.png */; };
		EA2939990C0CC8D70053E2B8 /* flat_bottom_middle.png in Resources */ = {isa = PBXBuildFile; fileRef = EA29398B0C0CC8D70053E2B8 /* flat_bottom_middle.png */; };
		EA29399A0C0CC8D70053E2B8 /* flat_bottom_right.png in Resources */ = {isa = PBXBuildFile; fileRef = EA29398C0C0CC8D70053E2B8 /* flat_bottom_right.png */; };
		EA29399B0C0CC8D70053E2B8 /* flat_middle_left.png in Resources */ = {isa = PBXBuildFile; fileRef = EA29398D0C0CC8D70053E2B8 /* flat_middle_left.png */; };
		EA29399C0C0CC8D70053E2B8 /* flat_middle_right.png in Resources */ = {isa = PBXBuildFile; fileRef = EA29398E0C0CC8D70053E2B8 /* flat_middle_right.png */; };
		EA29399D0C0CC8D70053E2B8 /* flat_top_left.png in Resources */ = {isa = PBXBuildFile; fileRef = EA29398F0C0CC8D70053E2B8 /* flat_top_left.png */; };
		EA29399E0C0CC8D70053E2B8 /* flat_top_middle.png in Resources */ = {isa = PBXBuildFile; fileRef = EA2939900C0CC8D70053E2B8 /* flat_top_middle.png */; };
		EA29399F0C0CC8D70053E2B8 /* flat_top_right.png in Resources */ = {isa = PBXBuildFile; fileRef = EA2939910C0CC8D70053E2B8 /* flat_top_right.png */; };
		EA2939A00C0CC8D70053E2B8 /* top_left.png in Resources */ = {isa = PBXBuildFile; fileRef = EA2939920C0CC8D70053E2B8 /* top_left.png */; };
		EA2939A10C0CC8D70053E2B8 /* top_middle.png in Resources */ = {isa = PBXBuildFile; fileRef = EA2939930C0CC8D70053E2B8 /* top_middle.png */; };
		EA2939A20C0CC8D70053E2B8 /* top_right.png in Resources */ = {isa = PBXBuildFile; fileRef = EA2939940C0CC8D70053E2B8 /* top_right.png */; };
		EA2939C20C0CD63E0053E2B8 /* JKImageTextCell.m in Sources */ = {isa = PBXBuildFile; fileRef = EA2939BA0C0CD63E0053E2B8 /* JKImageTextCell.m */; };
		EA2939C30C0CD63E0053E2B8 /* JKSeparatorCell.m in Sources */ = {isa = PBXBuildFile; fileRef = EA2939BC0C0CD63E0053E2B8 /* JKSeparatorCell.m */; };
		EA2939C40C0CD63E0053E2B8 /* JKSourceTableView.m in Sources */ = {isa = PBXBuildFile; fileRef = EA2939BF0C0CD63E0053E2B8 /* JKSourceTableView.m */; };
		EA2939C50C0CD63E0053E2B8 /* JKVariableCellColumn.m in Sources */ = {isa = PBXBuildFile; fileRef = EA2939C10C0CD63E0053E2B8 /* JKVariableCellColumn.m */; };
		EA293ACF0C0D95F00053E2B8 /* PolishedBackgroundView.m in Sources */ = {isa = PBXBuildFile; fileRef = EA293ACE0C0D95F00053E2B8 /* PolishedBackgroundView.m */; };
		EA293B860C0E1A1E0053E2B8 /* libRBSplitView.a in Frameworks */ = {isa = PBXBuildFile; fileRef = EA293B760C0E18BC0053E2B8 /* libRBSplitView.a */; };
		EA294B2F0C162D1D0053E2B8 /* RecSchedNotifications.m in Sources */ = {isa = PBXBuildFile; fileRef = EA294B2E0C162D1D0053E2B8 /* RecSchedNotifications.m */; };
		EA2EE03F0C07D2300002420F /* hdhomerun_channelscan.c in Sources */ = {isa = PBXBuildFile; fileRef = EA2EE0290C07D2130002420F /* hdhomerun_channelscan.c */; };
		EA2EE0400C07D2320002420F /* hdhomerun_config.c in Sources */ = {isa = PBXBuildFile; fileRef = EA2EE02B0C07D2130002420F /* hdhomerun_config.c */; };
		EA2EE0410C07D2340002420F /* hdhomerun_control.c in Sources */ = {isa = PBXBuildFile; fileRef = EA2EE02C0C07D2130002420F /* hdhomerun_control.c */; };
		EA2EE0420C07D23D0002420F /* hdhomerun_video.c in Sources */ = {isa = PBXBuildFile; fileRef = EA2EE0370C07D2130002420F /* hdhomerun_video.c */; };
		EA2EE0430C07D23D0002420F /* hdhomerun_pkt.c in Sources */ = {isa = PBXBuildFile; fileRef = EA2EE0350C07D2130002420F /* hdhomerun_pkt.c */; };
		EA2EE0440C07D23F0002420F /* hdhomerun_discover.c in Sources */ = {isa = PBXBuildFile; fileRef = EA2EE0320C07D2130002420F /* hdhomerun_discover.c */; };
		EA2EE0450C07D2400002420F /* hdhomerun_device.c in Sources */ = {isa = PBXBuildFile; fileRef = EA2EE0300C07D2130002420F /* hdhomerun_device.c */; };
		EA2EE0460C07D2410002420F /* hdhomerun_debug.c in Sources */ = {isa = PBXBuildFile; fileRef = EA2EE02E0C07D2130002420F /* hdhomerun_debug.c */; };
		EA2EE0680C07D4890002420F /* liblibhdhomerun.a in Frameworks */ = {isa = PBXBuildFile; fileRef = EA2EE03E0C07D2250002420F /* liblibhdhomerun.a */; };
		EA2EE0780C07D57A0002420F /* HDHomeRunMO.m in Sources */ = {isa = PBXBuildFile; fileRef = EA2EE0770C07D57A0002420F /* HDHomeRunMO.m */; };
		EA2EE1060C07DCC70002420F /* HDHomeRunTuner.m in Sources */ = {isa = PBXBuildFile; fileRef = EA2EE1050C07DCC70002420F /* HDHomeRunTuner.m */; };
		EA5FAEA70B6D75CE00CCD5D5 /* Preferences.m in Sources */ = {isa = PBXBuildFile; fileRef = EA5FAEA60B6D75CE00CCD5D5 /* Preferences.m */; };
		EA5FAEBE0B6D788500CCD5D5 /* Preferences.nib in Resources */ = {isa = PBXBuildFile; fileRef = EA5FAEBD0B6D788500CCD5D5 /* Preferences.nib */; };
		EA5FAFC30B6FB49500CCD5D5 /* FixedNSControl.m in Sources */ = {isa = PBXBuildFile; fileRef = EA5FAFC20B6FB49400CCD5D5 /* FixedNSControl.m */; };
		EA5FAFCA0B6FB50D00CCD5D5 /* DiscreteDurationSlider.m in Sources */ = {isa = PBXBuildFile; fileRef = EA5FAFC90B6FB50D00CCD5D5 /* DiscreteDurationSlider.m */; };
		EA5FAFD80B6FB58900CCD5D5 /* DiscreteDurationSliderCell.m in Sources */ = {isa = PBXBuildFile; fileRef = EA5FAFD70B6FB58900CCD5D5 /* DiscreteDurationSliderCell.m */; };
		EA5FB6D80B7028B000CCD5D5 /* UserDefaults.plist in Resources */ = {isa = PBXBuildFile; fileRef = EA5FB6D70B7028B000CCD5D5 /* UserDefaults.plist */; };
		EA5FBEAF0B724DB400CCD5D5 /* ScheduleGridView.m in Sources */ = {isa = PBXBuildFile; fileRef = EA5FBEAE0B724DB400CCD5D5 /* ScheduleGridView.m */; };
		EA5FC2A50B73E20C00CCD5D5 /* ScheduleViewController.m in Sources */ = {isa = PBXBuildFile; fileRef = EA5FC2A40B73E20C00CCD5D5 /* ScheduleViewController.m */; };
		EA5FC2B10B73EB1300CCD5D5 /* back_arrow.tif in Resources */ = {isa = PBXBuildFile; fileRef = EA5FC2B00B73EB1300CCD5D5 /* back_arrow.tif */; };
		EA5FC2B30B73EB2F00CCD5D5 /* forward_arrow.tif in Resources */ = {isa = PBXBuildFile; fileRef = EA5FC2B20B73EB2F00CCD5D5 /* forward_arrow.tif */; };
		EAD4C5AC0B8CEBD10017FF69 /* headphone.tif in Resources */ = {isa = PBXBuildFile; fileRef = EAD4C5AB0B8CEBD10017FF69 /* headphone.tif */; };
		EAE655480B9D0AA100CDB279 /* recsched_bkgd.m in Sources */ = {isa = PBXBuildFile; fileRef = EAE6553C0B9D0A5B00CDB279 /* recsched_bkgd.m */; };
		EAE655500B9D0B3300CDB279 /* Foundation.framework in Frameworks */ = {isa = PBXBuildFile; fileRef = 29B97325FDCFA39411CA2CEA /* Foundation.framework */; };
		EAE6555A0B9D1A8300CDB279 /* RecSchedServer.m in Sources */ = {isa = PBXBuildFile; fileRef = EAE655590B9D1A8300CDB279 /* RecSchedServer.m */; };
		EAF882700B5DC0BD00373CEF /* XTVDParser.m in Sources */ = {isa = PBXBuildFile; fileRef = EAF8826F0B5DC0BD00373CEF /* XTVDParser.m */; };
		EAF883100B5DCE4900373CEF /* Z2ITStation.m in Sources */ = {isa = PBXBuildFile; fileRef = EAF8830F0B5DCE4800373CEF /* Z2ITStation.m */; };
		EAF883DE0B5ECB5B00373CEF /* Z2ITLineup.m in Sources */ = {isa = PBXBuildFile; fileRef = EAF883DD0B5ECB5B00373CEF /* Z2ITLineup.m */; };
		EAF8850F0B6024A800373CEF /* Z2ITLineupMap.m in Sources */ = {isa = PBXBuildFile; fileRef = EAF8850E0B6024A800373CEF /* Z2ITLineupMap.m */; };
		EAF8863B0B61598700373CEF /* Z2ITProgram.m in Sources */ = {isa = PBXBuildFile; fileRef = EAF8863A0B61598700373CEF /* Z2ITProgram.m */; };
		EAF8867D0B61740300373CEF /* Z2ITSchedule.m in Sources */ = {isa = PBXBuildFile; fileRef = EAF8867C0B61740300373CEF /* Z2ITSchedule.m */; };
		EAF890170B66DC8400373CEF /* ScheduleHeaderView.m in Sources */ = {isa = PBXBuildFile; fileRef = EAF890160B66DC8400373CEF /* ScheduleHeaderView.m */; };
		EAF8919C0B66F2D300373CEF /* iTableColumnHeaderCell.m in Sources */ = {isa = PBXBuildFile; fileRef = EAF8919B0B66F2D200373CEF /* iTableColumnHeaderCell.m */; };
		EAF8919E0B66F2F800373CEF /* metal_column_header.png in Resources */ = {isa = PBXBuildFile; fileRef = EAF8919D0B66F2F800373CEF /* metal_column_header.png */; };
		EAF8956C0B69023D00373CEF /* ScheduleStationColumnView.m in Sources */ = {isa = PBXBuildFile; fileRef = EAF8956B0B69023D00373CEF /* ScheduleStationColumnView.m */; };
		EAF89D8E0B6A8CFD00373CEF /* ScheduleView.m in Sources */ = {isa = PBXBuildFile; fileRef = EAF89D8D0B6A8CFD00373CEF /* ScheduleView.m */; };
/* End PBXBuildFile section */

/* Begin PBXContainerItemProxy section */
		EA083F730BADD1FD003C27FA /* PBXContainerItemProxy */ = {
			isa = PBXContainerItemProxy;
			containerPortal = 29B97313FDCFA39411CA2CEA /* Project object */;
			proxyType = 1;
			remoteGlobalIDString = 8D1107260486CEB800E47090;
			remoteInfo = recsched;
		};
		EA083F750BADD1FD003C27FA /* PBXContainerItemProxy */ = {
			isa = PBXContainerItemProxy;
			containerPortal = 29B97313FDCFA39411CA2CEA /* Project object */;
			proxyType = 1;
			remoteGlobalIDString = EA083DF20BA62A5F003C27FA;
			remoteInfo = recsched_bkgd;
		};
		EA293B710C0E18BC0053E2B8 /* PBXContainerItemProxy */ = {
			isa = PBXContainerItemProxy;
			containerPortal = EA293B5E0C0E18BC0053E2B8 /* RBSplitView.xcodeproj */;
			proxyType = 2;
			remoteGlobalIDString = 8D1AC9740486D14A00FE50C9 /* RBSplitView.palette */;
			remoteInfo = Palette;
		};
		EA293B730C0E18BC0053E2B8 /* PBXContainerItemProxy */ = {
			isa = PBXContainerItemProxy;
			containerPortal = EA293B5E0C0E18BC0053E2B8 /* RBSplitView.xcodeproj */;
			proxyType = 2;
			remoteGlobalIDString = D5E002A107328E1100594182 /* RBSplitView.framework */;
			remoteInfo = Framework;
		};
		EA293B750C0E18BC0053E2B8 /* PBXContainerItemProxy */ = {
			isa = PBXContainerItemProxy;
			containerPortal = EA293B5E0C0E18BC0053E2B8 /* RBSplitView.xcodeproj */;
			proxyType = 2;
			remoteGlobalIDString = D5E003B9073298FC00594182 /* libRBSplitView.a */;
			remoteInfo = Library;
		};
		EA293B770C0E18BC0053E2B8 /* PBXContainerItemProxy */ = {
			isa = PBXContainerItemProxy;
			containerPortal = EA293B5E0C0E18BC0053E2B8 /* RBSplitView.xcodeproj */;
			proxyType = 2;
			remoteGlobalIDString = D5EA8A09074CF5AB00AE807E /* SampleApp.app */;
			remoteInfo = SampleApp;
		};
		EA293B790C0E18CD0053E2B8 /* PBXContainerItemProxy */ = {
			isa = PBXContainerItemProxy;
			containerPortal = EA293B5E0C0E18BC0053E2B8 /* RBSplitView.xcodeproj */;
			proxyType = 1;
			remoteGlobalIDString = D5E003B8073298FC00594182 /* Library */;
			remoteInfo = Library;
		};
		EA2EE04E0C07D3130002420F /* PBXContainerItemProxy */ = {
			isa = PBXContainerItemProxy;
			containerPortal = 29B97313FDCFA39411CA2CEA /* Project object */;
			proxyType = 1;
			remoteGlobalIDString = EA2EE03D0C07D2250002420F;
			remoteInfo = libhdhomerun;
		};
/* End PBXContainerItemProxy section */

/* Begin PBXFileReference section */
		089C165DFE840E0CC02AAC07 /* English */ = {isa = PBXFileReference; fileEncoding = 10; lastKnownFileType = text.plist.strings; name = English; path = English.lproj/InfoPlist.strings; sourceTree = "<group>"; };
		1058C7A1FEA54F0111CA2CBB /* Cocoa.framework */ = {isa = PBXFileReference; lastKnownFileType = wrapper.framework; name = Cocoa.framework; path = /System/Library/Frameworks/Cocoa.framework; sourceTree = "<absolute>"; };
		29B97316FDCFA39411CA2CEA /* main.m */ = {isa = PBXFileReference; fileEncoding = 4; lastKnownFileType = sourcecode.c.objc; path = main.m; sourceTree = "<group>"; };
		29B97319FDCFA39411CA2CEA /* English */ = {isa = PBXFileReference; lastKnownFileType = wrapper.nib; name = English; path = English.lproj/MainMenu.nib; sourceTree = "<group>"; };
		29B97324FDCFA39411CA2CEA /* AppKit.framework */ = {isa = PBXFileReference; lastKnownFileType = wrapper.framework; name = AppKit.framework; path = /System/Library/Frameworks/AppKit.framework; sourceTree = "<absolute>"; };
		29B97325FDCFA39411CA2CEA /* Foundation.framework */ = {isa = PBXFileReference; lastKnownFileType = wrapper.framework; name = Foundation.framework; path = /System/Library/Frameworks/Foundation.framework; sourceTree = "<absolute>"; };
		32CA4F630368D1EE00C91783 /* recsched_Prefix.pch */ = {isa = PBXFileReference; fileEncoding = 4; lastKnownFileType = sourcecode.c.h; path = recsched_Prefix.pch; sourceTree = "<group>"; };
		770B37EC0679A11B001EADE2 /* recsched_DataModel.xcdatamodel */ = {isa = PBXFileReference; fileEncoding = 4; lastKnownFileType = wrapper.xcdatamodel; path = recsched_DataModel.xcdatamodel; sourceTree = "<group>"; };
		77C82804067257F0000B614F /* CoreData.framework */ = {isa = PBXFileReference; lastKnownFileType = wrapper.framework; name = CoreData.framework; path = /System/Library/Frameworks/CoreData.framework; sourceTree = "<absolute>"; };
		77C8280B06725ACE000B614F /* recsched_AppDelegate.h */ = {isa = PBXFileReference; fileEncoding = 4; lastKnownFileType = sourcecode.c.h; path = recsched_AppDelegate.h; sourceTree = "<group>"; };
		77C8280C06725ACE000B614F /* recsched_AppDelegate.m */ = {isa = PBXFileReference; fileEncoding = 4; lastKnownFileType = sourcecode.c.objc; path = recsched_AppDelegate.m; sourceTree = "<group>"; };
		8D1107310486CEB800E47090 /* Info.plist */ = {isa = PBXFileReference; fileEncoding = 4; lastKnownFileType = text.plist; path = Info.plist; sourceTree = "<group>"; };
		8D1107320486CEB800E47090 /* recsched.app */ = {isa = PBXFileReference; explicitFileType = wrapper.application; includeInIndex = 0; path = recsched.app; sourceTree = BUILT_PRODUCTS_DIR; };
		EA06742F0B58084D009B0E27 /* MainWindowController.h */ = {isa = PBXFileReference; fileEncoding = 4; lastKnownFileType = sourcecode.c.h; path = MainWindowController.h; sourceTree = "<group>"; };
		EA0674300B58084D009B0E27 /* MainWindowController.m */ = {isa = PBXFileReference; fileEncoding = 4; lastKnownFileType = sourcecode.c.objc; path = MainWindowController.m; sourceTree = "<group>"; };
		EA06743D0B580B4D009B0E27 /* tvDataDelivery.h */ = {isa = PBXFileReference; fileEncoding = 30; lastKnownFileType = sourcecode.c.h; path = tvDataDelivery.h; sourceTree = "<group>"; };
		EA06743E0B580B4D009B0E27 /* tvDataDelivery.m */ = {isa = PBXFileReference; fileEncoding = 30; lastKnownFileType = sourcecode.c.objc; path = tvDataDelivery.m; sourceTree = "<group>"; };
		EA06743F0B580B4D009B0E27 /* WSGeneratedObj.h */ = {isa = PBXFileReference; fileEncoding = 30; lastKnownFileType = sourcecode.c.h; path = WSGeneratedObj.h; sourceTree = "<group>"; };
		EA0674400B580B4D009B0E27 /* WSGeneratedObj.m */ = {isa = PBXFileReference; fileEncoding = 30; lastKnownFileType = sourcecode.c.objc; path = WSGeneratedObj.m; sourceTree = "<group>"; };
		EA083DF30BA62A5F003C27FA /* recsched_bkgd.app */ = {isa = PBXFileReference; explicitFileType = wrapper.application; includeInIndex = 0; path = recsched_bkgd.app; sourceTree = BUILT_PRODUCTS_DIR; };
		EA083DF50BA62A5F003C27FA /* recsched_bkgd-Info.plist */ = {isa = PBXFileReference; lastKnownFileType = text.xml; path = "recsched_bkgd-Info.plist"; sourceTree = "<group>"; };
		EA083E460BA77D47003C27FA /* Z2ITScheduleExtras.h */ = {isa = PBXFileReference; fileEncoding = 30; lastKnownFileType = sourcecode.c.h; path = Z2ITScheduleExtras.h; sourceTree = SOURCE_ROOT; };
		EA083E470BA77D47003C27FA /* Z2ITScheduleExtras.m */ = {isa = PBXFileReference; fileEncoding = 30; lastKnownFileType = sourcecode.c.objc; path = Z2ITScheduleExtras.m; sourceTree = SOURCE_ROOT; };
		EA0888150B86B16C00809664 /* CC.tif */ = {isa = PBXFileReference; lastKnownFileType = image.tiff; name = CC.tif; path = Images/CC.tif; sourceTree = "<group>"; };
		EA0888160B86B16C00809664 /* HD.tif */ = {isa = PBXFileReference; lastKnownFileType = image.tiff; name = HD.tif; path = Images/HD.tif; sourceTree = "<group>"; };
		EA0888170B86B16C00809664 /* TV-14.tif */ = {isa = PBXFileReference; lastKnownFileType = image.tiff; name = "TV-14.tif"; path = "Images/TV-14.tif"; sourceTree = "<group>"; };
		EA0888180B86B16C00809664 /* TV-G.tif */ = {isa = PBXFileReference; lastKnownFileType = image.tiff; name = "TV-G.tif"; path = "Images/TV-G.tif"; sourceTree = "<group>"; };
		EA0888190B86B16C00809664 /* TV-MA.tif */ = {isa = PBXFileReference; lastKnownFileType = image.tiff; name = "TV-MA.tif"; path = "Images/TV-MA.tif"; sourceTree = "<group>"; };
		EA08881A0B86B16C00809664 /* TV-PG.tif */ = {isa = PBXFileReference; lastKnownFileType = image.tiff; name = "TV-PG.tif"; path = "Images/TV-PG.tif"; sourceTree = "<group>"; };
		EA08881B0B86B16C00809664 /* TV-Y.tif */ = {isa = PBXFileReference; lastKnownFileType = image.tiff; name = "TV-Y.tif"; path = "Images/TV-Y.tif"; sourceTree = "<group>"; };
		EA08881C0B86B16C00809664 /* TV-Y7.tif */ = {isa = PBXFileReference; lastKnownFileType = image.tiff; name = "TV-Y7.tif"; path = "Images/TV-Y7.tif"; sourceTree = "<group>"; };
		EA08881D0B86B16C00809664 /* TV-Y7FV.tif */ = {isa = PBXFileReference; lastKnownFileType = image.tiff; name = "TV-Y7FV.tif"; path = "Images/TV-Y7FV.tif"; sourceTree = "<group>"; };
		EA20BFB10B9661F8009EDC44 /* ProgramSearchViewController.h */ = {isa = PBXFileReference; fileEncoding = 4; lastKnownFileType = sourcecode.c.h; path = ProgramSearchViewController.h; sourceTree = "<group>"; };
		EA20BFB20B9661F8009EDC44 /* ProgramSearchViewController.m */ = {isa = PBXFileReference; fileEncoding = 4; lastKnownFileType = sourcecode.c.objc; path = ProgramSearchViewController.m; sourceTree = "<group>"; };
		EA29391C0C0CB2740053E2B8 /* HexNumberFormatter.h */ = {isa = PBXFileReference; fileEncoding = 4; lastKnownFileType = sourcecode.c.h; path = HexNumberFormatter.h; sourceTree = "<group>"; };
		EA29391D0C0CB2740053E2B8 /* HexNumberFormatter.m */ = {isa = PBXFileReference; fileEncoding = 4; lastKnownFileType = sourcecode.c.objc; path = HexNumberFormatter.m; sourceTree = "<group>"; };
		EA29397E0C0CC83F0053E2B8 /* PolishedWindow.h */ = {isa = PBXFileReference; fileEncoding = 30; lastKnownFileType = sourcecode.c.h; path = PolishedWindow.h; sourceTree = SOURCE_ROOT; };
		EA29397F0C0CC83F0053E2B8 /* PolishedWindow.m */ = {isa = PBXFileReference; fileEncoding = 30; lastKnownFileType = sourcecode.c.objc; path = PolishedWindow.m; sourceTree = SOURCE_ROOT; };
		EA2939870C0CC8D70053E2B8 /* bottom_left.png */ = {isa = PBXFileReference; lastKnownFileType = image.png; name = bottom_left.png; path = Images/bottom_left.png; sourceTree = SOURCE_ROOT; };
		EA2939880C0CC8D70053E2B8 /* bottom_middle.png */ = {isa = PBXFileReference; lastKnownFileType = image.png; name = bottom_middle.png; path = Images/bottom_middle.png; sourceTree = SOURCE_ROOT; };
		EA2939890C0CC8D70053E2B8 /* bottom_right.png */ = {isa = PBXFileReference; lastKnownFileType = image.png; name = bottom_right.png; path = Images/bottom_right.png; sourceTree = SOURCE_ROOT; };
		EA29398A0C0CC8D70053E2B8 /* flat_bottom_left.png */ = {isa = PBXFileReference; lastKnownFileType = image.png; name = flat_bottom_left.png; path = Images/flat_bottom_left.png; sourceTree = SOURCE_ROOT; };
		EA29398B0C0CC8D70053E2B8 /* flat_bottom_middle.png */ = {isa = PBXFileReference; lastKnownFileType = image.png; name = flat_bottom_middle.png; path = Images/flat_bottom_middle.png; sourceTree = SOURCE_ROOT; };
		EA29398C0C0CC8D70053E2B8 /* flat_bottom_right.png */ = {isa = PBXFileReference; lastKnownFileType = image.png; name = flat_bottom_right.png; path = Images/flat_bottom_right.png; sourceTree = SOURCE_ROOT; };
		EA29398D0C0CC8D70053E2B8 /* flat_middle_left.png */ = {isa = PBXFileReference; lastKnownFileType = image.png; name = flat_middle_left.png; path = Images/flat_middle_left.png; sourceTree = SOURCE_ROOT; };
		EA29398E0C0CC8D70053E2B8 /* flat_middle_right.png */ = {isa = PBXFileReference; lastKnownFileType = image.png; name = flat_middle_right.png; path = Images/flat_middle_right.png; sourceTree = SOURCE_ROOT; };
		EA29398F0C0CC8D70053E2B8 /* flat_top_left.png */ = {isa = PBXFileReference; lastKnownFileType = image.png; name = flat_top_left.png; path = Images/flat_top_left.png; sourceTree = SOURCE_ROOT; };
		EA2939900C0CC8D70053E2B8 /* flat_top_middle.png */ = {isa = PBXFileReference; lastKnownFileType = image.png; name = flat_top_middle.png; path = Images/flat_top_middle.png; sourceTree = SOURCE_ROOT; };
		EA2939910C0CC8D70053E2B8 /* flat_top_right.png */ = {isa = PBXFileReference; lastKnownFileType = image.png; name = flat_top_right.png; path = Images/flat_top_right.png; sourceTree = SOURCE_ROOT; };
		EA2939920C0CC8D70053E2B8 /* top_left.png */ = {isa = PBXFileReference; lastKnownFileType = image.png; name = top_left.png; path = Images/top_left.png; sourceTree = SOURCE_ROOT; };
		EA2939930C0CC8D70053E2B8 /* top_middle.png */ = {isa = PBXFileReference; lastKnownFileType = image.png; name = top_middle.png; path = Images/top_middle.png; sourceTree = SOURCE_ROOT; };
		EA2939940C0CC8D70053E2B8 /* top_right.png */ = {isa = PBXFileReference; lastKnownFileType = image.png; name = top_right.png; path = Images/top_right.png; sourceTree = SOURCE_ROOT; };
		EA2939B90C0CD63E0053E2B8 /* JKImageTextCell.h */ = {isa = PBXFileReference; fileEncoding = 30; lastKnownFileType = sourcecode.c.h; path = JKImageTextCell.h; sourceTree = SOURCE_ROOT; };
		EA2939BA0C0CD63E0053E2B8 /* JKImageTextCell.m */ = {isa = PBXFileReference; fileEncoding = 30; lastKnownFileType = sourcecode.c.objc; path = JKImageTextCell.m; sourceTree = SOURCE_ROOT; };
		EA2939BB0C0CD63E0053E2B8 /* JKSeparatorCell.h */ = {isa = PBXFileReference; fileEncoding = 30; lastKnownFileType = sourcecode.c.h; path = JKSeparatorCell.h; sourceTree = SOURCE_ROOT; };
		EA2939BC0C0CD63E0053E2B8 /* JKSeparatorCell.m */ = {isa = PBXFileReference; fileEncoding = 30; lastKnownFileType = sourcecode.c.objc; path = JKSeparatorCell.m; sourceTree = SOURCE_ROOT; };
		EA2939BE0C0CD63E0053E2B8 /* JKSourceTableView.h */ = {isa = PBXFileReference; fileEncoding = 30; lastKnownFileType = sourcecode.c.h; path = JKSourceTableView.h; sourceTree = SOURCE_ROOT; };
		EA2939BF0C0CD63E0053E2B8 /* JKSourceTableView.m */ = {isa = PBXFileReference; fileEncoding = 30; lastKnownFileType = sourcecode.c.objc; path = JKSourceTableView.m; sourceTree = SOURCE_ROOT; };
		EA2939C00C0CD63E0053E2B8 /* JKVariableCellColumn.h */ = {isa = PBXFileReference; fileEncoding = 30; lastKnownFileType = sourcecode.c.h; path = JKVariableCellColumn.h; sourceTree = SOURCE_ROOT; };
		EA2939C10C0CD63E0053E2B8 /* JKVariableCellColumn.m */ = {isa = PBXFileReference; fileEncoding = 30; lastKnownFileType = sourcecode.c.objc; path = JKVariableCellColumn.m; sourceTree = SOURCE_ROOT; };
		EA293ACD0C0D95F00053E2B8 /* PolishedBackgroundView.h */ = {isa = PBXFileReference; fileEncoding = 4; lastKnownFileType = sourcecode.c.h; path = PolishedBackgroundView.h; sourceTree = "<group>"; };
		EA293ACE0C0D95F00053E2B8 /* PolishedBackgroundView.m */ = {isa = PBXFileReference; fileEncoding = 4; lastKnownFileType = sourcecode.c.objc; path = PolishedBackgroundView.m; sourceTree = "<group>"; };
		EA293B5E0C0E18BC0053E2B8 /* RBSplitView.xcodeproj */ = {isa = PBXFileReference; lastKnownFileType = "wrapper.pb-project"; name = RBSplitView.xcodeproj; path = RBSplitView/RBSplitView.xcodeproj; sourceTree = SOURCE_ROOT; };
		EA293E870C10A8040053E2B8 /* ChannelScanProgressDisplayProtocol.h */ = {isa = PBXFileReference; fileEncoding = 4; lastKnownFileType = sourcecode.c.h; path = ChannelScanProgressDisplayProtocol.h; sourceTree = "<group>"; };
		EA293F650C10BA950053E2B8 /* XMLParsingProgressDisplayProtocol.h */ = {isa = PBXFileReference; fileEncoding = 4; lastKnownFileType = sourcecode.c.h; path = XMLParsingProgressDisplayProtocol.h; sourceTree = "<group>"; };
		EA294B2B0C162CFC0053E2B8 /* RecSchedNotifications.h */ = {isa = PBXFileReference; fileEncoding = 4; lastKnownFileType = sourcecode.c.h; path = RecSchedNotifications.h; sourceTree = "<group>"; };
		EA294B2E0C162D1D0053E2B8 /* RecSchedNotifications.m */ = {isa = PBXFileReference; fileEncoding = 4; lastKnownFileType = sourcecode.c.objc; path = RecSchedNotifications.m; sourceTree = "<group>"; };
		EA2EE0290C07D2130002420F /* hdhomerun_channelscan.c */ = {isa = PBXFileReference; fileEncoding = 30; lastKnownFileType = sourcecode.c.c; name = hdhomerun_channelscan.c; path = ../libhdhomerun/hdhomerun_channelscan.c; sourceTree = SOURCE_ROOT; };
		EA2EE02A0C07D2130002420F /* hdhomerun_channelscan.h */ = {isa = PBXFileReference; fileEncoding = 30; lastKnownFileType = sourcecode.c.h; name = hdhomerun_channelscan.h; path = ../libhdhomerun/hdhomerun_channelscan.h; sourceTree = SOURCE_ROOT; };
		EA2EE02B0C07D2130002420F /* hdhomerun_config.c */ = {isa = PBXFileReference; fileEncoding = 30; lastKnownFileType = sourcecode.c.c; name = hdhomerun_config.c; path = ../libhdhomerun/hdhomerun_config.c; sourceTree = SOURCE_ROOT; };
		EA2EE02C0C07D2130002420F /* hdhomerun_control.c */ = {isa = PBXFileReference; fileEncoding = 30; lastKnownFileType = sourcecode.c.c; name = hdhomerun_control.c; path = ../libhdhomerun/hdhomerun_control.c; sourceTree = SOURCE_ROOT; };
		EA2EE02D0C07D2130002420F /* hdhomerun_control.h */ = {isa = PBXFileReference; fileEncoding = 30; lastKnownFileType = sourcecode.c.h; name = hdhomerun_control.h; path = ../libhdhomerun/hdhomerun_control.h; sourceTree = SOURCE_ROOT; };
		EA2EE02E0C07D2130002420F /* hdhomerun_debug.c */ = {isa = PBXFileReference; fileEncoding = 30; lastKnownFileType = sourcecode.c.c; name = hdhomerun_debug.c; path = ../libhdhomerun/hdhomerun_debug.c; sourceTree = SOURCE_ROOT; };
		EA2EE02F0C07D2130002420F /* hdhomerun_debug.h */ = {isa = PBXFileReference; fileEncoding = 30; lastKnownFileType = sourcecode.c.h; name = hdhomerun_debug.h; path = ../libhdhomerun/hdhomerun_debug.h; sourceTree = SOURCE_ROOT; };
		EA2EE0300C07D2130002420F /* hdhomerun_device.c */ = {isa = PBXFileReference; fileEncoding = 30; lastKnownFileType = sourcecode.c.c; name = hdhomerun_device.c; path = ../libhdhomerun/hdhomerun_device.c; sourceTree = SOURCE_ROOT; };
		EA2EE0310C07D2130002420F /* hdhomerun_device.h */ = {isa = PBXFileReference; fileEncoding = 30; lastKnownFileType = sourcecode.c.h; name = hdhomerun_device.h; path = ../libhdhomerun/hdhomerun_device.h; sourceTree = SOURCE_ROOT; };
		EA2EE0320C07D2130002420F /* hdhomerun_discover.c */ = {isa = PBXFileReference; fileEncoding = 30; lastKnownFileType = sourcecode.c.c; name = hdhomerun_discover.c; path = ../libhdhomerun/hdhomerun_discover.c; sourceTree = SOURCE_ROOT; };
		EA2EE0330C07D2130002420F /* hdhomerun_discover.h */ = {isa = PBXFileReference; fileEncoding = 30; lastKnownFileType = sourcecode.c.h; name = hdhomerun_discover.h; path = ../libhdhomerun/hdhomerun_discover.h; sourceTree = SOURCE_ROOT; };
		EA2EE0340C07D2130002420F /* hdhomerun_os.h */ = {isa = PBXFileReference; fileEncoding = 30; lastKnownFileType = sourcecode.c.h; name = hdhomerun_os.h; path = ../libhdhomerun/hdhomerun_os.h; sourceTree = SOURCE_ROOT; };
		EA2EE0350C07D2130002420F /* hdhomerun_pkt.c */ = {isa = PBXFileReference; fileEncoding = 30; lastKnownFileType = sourcecode.c.c; name = hdhomerun_pkt.c; path = ../libhdhomerun/hdhomerun_pkt.c; sourceTree = SOURCE_ROOT; };
		EA2EE0360C07D2130002420F /* hdhomerun_pkt.h */ = {isa = PBXFileReference; fileEncoding = 30; lastKnownFileType = sourcecode.c.h; name = hdhomerun_pkt.h; path = ../libhdhomerun/hdhomerun_pkt.h; sourceTree = SOURCE_ROOT; };
		EA2EE0370C07D2130002420F /* hdhomerun_video.c */ = {isa = PBXFileReference; fileEncoding = 30; lastKnownFileType = sourcecode.c.c; name = hdhomerun_video.c; path = ../libhdhomerun/hdhomerun_video.c; sourceTree = SOURCE_ROOT; };
		EA2EE0380C07D2130002420F /* hdhomerun_video.h */ = {isa = PBXFileReference; fileEncoding = 30; lastKnownFileType = sourcecode.c.h; name = hdhomerun_video.h; path = ../libhdhomerun/hdhomerun_video.h; sourceTree = SOURCE_ROOT; };
		EA2EE0390C07D2130002420F /* hdhomerun.h */ = {isa = PBXFileReference; fileEncoding = 30; lastKnownFileType = sourcecode.c.h; name = hdhomerun.h; path = ../libhdhomerun/hdhomerun.h; sourceTree = SOURCE_ROOT; };
		EA2EE03E0C07D2250002420F /* liblibhdhomerun.a */ = {isa = PBXFileReference; explicitFileType = archive.ar; includeInIndex = 0; path = liblibhdhomerun.a; sourceTree = BUILT_PRODUCTS_DIR; };
		EA2EE0760C07D57A0002420F /* HDHomeRunMO.h */ = {isa = PBXFileReference; fileEncoding = 4; lastKnownFileType = sourcecode.c.h; path = HDHomeRunMO.h; sourceTree = "<group>"; };
		EA2EE0770C07D57A0002420F /* HDHomeRunMO.m */ = {isa = PBXFileReference; fileEncoding = 4; lastKnownFileType = sourcecode.c.objc; path = HDHomeRunMO.m; sourceTree = "<group>"; };
		EA2EE1040C07DCC70002420F /* HDHomeRunTuner.h */ = {isa = PBXFileReference; fileEncoding = 4; lastKnownFileType = sourcecode.c.h; path = HDHomeRunTuner.h; sourceTree = "<group>"; };
		EA2EE1050C07DCC70002420F /* HDHomeRunTuner.m */ = {isa = PBXFileReference; fileEncoding = 4; lastKnownFileType = sourcecode.c.objc; path = HDHomeRunTuner.m; sourceTree = "<group>"; };
		EA5FAEA50B6D75CE00CCD5D5 /* Preferences.h */ = {isa = PBXFileReference; fileEncoding = 4; lastKnownFileType = sourcecode.c.h; path = Preferences.h; sourceTree = "<group>"; };
		EA5FAEA60B6D75CE00CCD5D5 /* Preferences.m */ = {isa = PBXFileReference; fileEncoding = 4; lastKnownFileType = sourcecode.c.objc; path = Preferences.m; sourceTree = "<group>"; };
		EA5FAEBD0B6D788500CCD5D5 /* Preferences.nib */ = {isa = PBXFileReference; lastKnownFileType = wrapper.nib; path = Preferences.nib; sourceTree = "<group>"; };
		EA5FAFC10B6FB49400CCD5D5 /* FixedNSControl.h */ = {isa = PBXFileReference; fileEncoding = 30; lastKnownFileType = sourcecode.c.h; path = FixedNSControl.h; sourceTree = SOURCE_ROOT; };
		EA5FAFC20B6FB49400CCD5D5 /* FixedNSControl.m */ = {isa = PBXFileReference; fileEncoding = 30; lastKnownFileType = sourcecode.c.objc; path = FixedNSControl.m; sourceTree = SOURCE_ROOT; };
		EA5FAFC80B6FB50D00CCD5D5 /* DiscreteDurationSlider.h */ = {isa = PBXFileReference; fileEncoding = 4; lastKnownFileType = sourcecode.c.h; path = DiscreteDurationSlider.h; sourceTree = "<group>"; };
		EA5FAFC90B6FB50D00CCD5D5 /* DiscreteDurationSlider.m */ = {isa = PBXFileReference; fileEncoding = 4; lastKnownFileType = sourcecode.c.objc; path = DiscreteDurationSlider.m; sourceTree = "<group>"; };
		EA5FAFD60B6FB58900CCD5D5 /* DiscreteDurationSliderCell.h */ = {isa = PBXFileReference; fileEncoding = 4; lastKnownFileType = sourcecode.c.h; path = DiscreteDurationSliderCell.h; sourceTree = "<group>"; };
		EA5FAFD70B6FB58900CCD5D5 /* DiscreteDurationSliderCell.m */ = {isa = PBXFileReference; fileEncoding = 4; lastKnownFileType = sourcecode.c.objc; path = DiscreteDurationSliderCell.m; sourceTree = "<group>"; };
		EA5FB6D70B7028B000CCD5D5 /* UserDefaults.plist */ = {isa = PBXFileReference; fileEncoding = 30; lastKnownFileType = text.xml; path = UserDefaults.plist; sourceTree = SOURCE_ROOT; };
		EA5FBEAD0B724DB300CCD5D5 /* ScheduleGridView.h */ = {isa = PBXFileReference; fileEncoding = 4; lastKnownFileType = sourcecode.c.h; path = ScheduleGridView.h; sourceTree = "<group>"; };
		EA5FBEAE0B724DB400CCD5D5 /* ScheduleGridView.m */ = {isa = PBXFileReference; fileEncoding = 4; lastKnownFileType = sourcecode.c.objc; path = ScheduleGridView.m; sourceTree = "<group>"; };
		EA5FC2A30B73E20C00CCD5D5 /* ScheduleViewController.h */ = {isa = PBXFileReference; fileEncoding = 4; lastKnownFileType = sourcecode.c.h; path = ScheduleViewController.h; sourceTree = "<group>"; };
		EA5FC2A40B73E20C00CCD5D5 /* ScheduleViewController.m */ = {isa = PBXFileReference; fileEncoding = 4; lastKnownFileType = sourcecode.c.objc; path = ScheduleViewController.m; sourceTree = "<group>"; };
		EA5FC2B00B73EB1300CCD5D5 /* back_arrow.tif */ = {isa = PBXFileReference; lastKnownFileType = image.tiff; name = back_arrow.tif; path = Images/back_arrow.tif; sourceTree = "<group>"; };
		EA5FC2B20B73EB2F00CCD5D5 /* forward_arrow.tif */ = {isa = PBXFileReference; lastKnownFileType = image.tiff; name = forward_arrow.tif; path = Images/forward_arrow.tif; sourceTree = "<group>"; };
		EAD4C5AB0B8CEBD10017FF69 /* headphone.tif */ = {isa = PBXFileReference; lastKnownFileType = image.tiff; name = headphone.tif; path = Images/headphone.tif; sourceTree = "<group>"; };
		EAE655260B9D08CD00CDB279 /* rechsched_bkgd_cl */ = {isa = PBXFileReference; explicitFileType = "compiled.mach-o.executable"; includeInIndex = 0; path = rechsched_bkgd_cl; sourceTree = BUILT_PRODUCTS_DIR; };
		EAE6553C0B9D0A5B00CDB279 /* recsched_bkgd.m */ = {isa = PBXFileReference; fileEncoding = 4; lastKnownFileType = sourcecode.c.objc; path = recsched_bkgd.m; sourceTree = "<group>"; };
		EAE6553F0B9D0A7600CDB279 /* recsched_bkgd_prefix.pch */ = {isa = PBXFileReference; fileEncoding = 4; lastKnownFileType = sourcecode.c.h; path = recsched_bkgd_prefix.pch; sourceTree = "<group>"; };
		EAE655580B9D1A8300CDB279 /* RecSchedServer.h */ = {isa = PBXFileReference; fileEncoding = 4; lastKnownFileType = sourcecode.c.h; path = RecSchedServer.h; sourceTree = "<group>"; };
		EAE655590B9D1A8300CDB279 /* RecSchedServer.m */ = {isa = PBXFileReference; fileEncoding = 4; lastKnownFileType = sourcecode.c.objc; path = RecSchedServer.m; sourceTree = "<group>"; };
		EAE655730B9E691000CDB279 /* RecSchedProtocol.h */ = {isa = PBXFileReference; fileEncoding = 4; lastKnownFileType = sourcecode.c.h; path = RecSchedProtocol.h; sourceTree = "<group>"; };
		EAF8826E0B5DC0BD00373CEF /* XTVDParser.h */ = {isa = PBXFileReference; fileEncoding = 4; lastKnownFileType = sourcecode.c.h; path = XTVDParser.h; sourceTree = "<group>"; };
		EAF8826F0B5DC0BD00373CEF /* XTVDParser.m */ = {isa = PBXFileReference; fileEncoding = 4; lastKnownFileType = sourcecode.c.objc; path = XTVDParser.m; sourceTree = "<group>"; };
		EAF8830E0B5DCE4800373CEF /* Z2ITStation.h */ = {isa = PBXFileReference; fileEncoding = 4; lastKnownFileType = sourcecode.c.h; path = Z2ITStation.h; sourceTree = "<group>"; };
		EAF8830F0B5DCE4800373CEF /* Z2ITStation.m */ = {isa = PBXFileReference; fileEncoding = 4; lastKnownFileType = sourcecode.c.objc; path = Z2ITStation.m; sourceTree = "<group>"; };
		EAF883DC0B5ECB5B00373CEF /* Z2ITLineup.h */ = {isa = PBXFileReference; fileEncoding = 4; lastKnownFileType = sourcecode.c.h; path = Z2ITLineup.h; sourceTree = "<group>"; };
		EAF883DD0B5ECB5B00373CEF /* Z2ITLineup.m */ = {isa = PBXFileReference; fileEncoding = 4; lastKnownFileType = sourcecode.c.objc; path = Z2ITLineup.m; sourceTree = "<group>"; };
		EAF8850D0B6024A800373CEF /* Z2ITLineupMap.h */ = {isa = PBXFileReference; fileEncoding = 4; lastKnownFileType = sourcecode.c.h; path = Z2ITLineupMap.h; sourceTree = "<group>"; };
		EAF8850E0B6024A800373CEF /* Z2ITLineupMap.m */ = {isa = PBXFileReference; fileEncoding = 4; lastKnownFileType = sourcecode.c.objc; path = Z2ITLineupMap.m; sourceTree = "<group>"; };
		EAF886390B61598700373CEF /* Z2ITProgram.h */ = {isa = PBXFileReference; fileEncoding = 4; lastKnownFileType = sourcecode.c.h; path = Z2ITProgram.h; sourceTree = "<group>"; };
		EAF8863A0B61598700373CEF /* Z2ITProgram.m */ = {isa = PBXFileReference; fileEncoding = 4; lastKnownFileType = sourcecode.c.objc; path = Z2ITProgram.m; sourceTree = "<group>"; };
		EAF8867B0B61740300373CEF /* Z2ITSchedule.h */ = {isa = PBXFileReference; fileEncoding = 4; lastKnownFileType = sourcecode.c.h; path = Z2ITSchedule.h; sourceTree = "<group>"; };
		EAF8867C0B61740300373CEF /* Z2ITSchedule.m */ = {isa = PBXFileReference; fileEncoding = 4; lastKnownFileType = sourcecode.c.objc; path = Z2ITSchedule.m; sourceTree = "<group>"; };
		EAF886900B6293B200373CEF /* CoreData_Macros.h */ = {isa = PBXFileReference; fileEncoding = 4; lastKnownFileType = sourcecode.c.h; path = CoreData_Macros.h; sourceTree = "<group>"; };
		EAF890150B66DC8400373CEF /* ScheduleHeaderView.h */ = {isa = PBXFileReference; fileEncoding = 4; lastKnownFileType = sourcecode.c.h; path = ScheduleHeaderView.h; sourceTree = "<group>"; };
		EAF890160B66DC8400373CEF /* ScheduleHeaderView.m */ = {isa = PBXFileReference; fileEncoding = 4; lastKnownFileType = sourcecode.c.objc; path = ScheduleHeaderView.m; sourceTree = "<group>"; };
		EAF8919A0B66F2D200373CEF /* iTableColumnHeaderCell.h */ = {isa = PBXFileReference; fileEncoding = 30; lastKnownFileType = sourcecode.c.h; path = iTableColumnHeaderCell.h; sourceTree = SOURCE_ROOT; };
		EAF8919B0B66F2D200373CEF /* iTableColumnHeaderCell.m */ = {isa = PBXFileReference; fileEncoding = 30; lastKnownFileType = sourcecode.c.objc; path = iTableColumnHeaderCell.m; sourceTree = SOURCE_ROOT; };
		EAF8919D0B66F2F800373CEF /* metal_column_header.png */ = {isa = PBXFileReference; lastKnownFileType = image.png; name = metal_column_header.png; path = Images/metal_column_header.png; sourceTree = "<group>"; };
		EAF8956A0B69023D00373CEF /* ScheduleStationColumnView.h */ = {isa = PBXFileReference; fileEncoding = 4; lastKnownFileType = sourcecode.c.h; path = ScheduleStationColumnView.h; sourceTree = "<group>"; };
		EAF8956B0B69023D00373CEF /* ScheduleStationColumnView.m */ = {isa = PBXFileReference; fileEncoding = 4; lastKnownFileType = sourcecode.c.objc; path = ScheduleStationColumnView.m; sourceTree = "<group>"; };
		EAF89D8C0B6A8CFD00373CEF /* ScheduleView.h */ = {isa = PBXFileReference; fileEncoding = 4; lastKnownFileType = sourcecode.c.h; path = ScheduleView.h; sourceTree = "<group>"; };
		EAF89D8D0B6A8CFD00373CEF /* ScheduleView.m */ = {isa = PBXFileReference; fileEncoding = 4; lastKnownFileType = sourcecode.c.objc; path = ScheduleView.m; sourceTree = "<group>"; };
/* End PBXFileReference section */

/* Begin PBXFrameworksBuildPhase section */
		8D11072E0486CEB800E47090 /* Frameworks */ = {
			isa = PBXFrameworksBuildPhase;
			buildActionMask = 2147483647;
			files = (
				8D11072F0486CEB800E47090 /* Cocoa.framework in Frameworks */,
				EA2EE0680C07D4890002420F /* liblibhdhomerun.a in Frameworks */,
				EA293B860C0E1A1E0053E2B8 /* libRBSplitView.a in Frameworks */,
			);
			runOnlyForDeploymentPostprocessing = 0;
		};
		EA083DF10BA62A5F003C27FA /* Frameworks */ = {
			isa = PBXFrameworksBuildPhase;
			buildActionMask = 2147483647;
			files = (
				EA083E170BA62BAA003C27FA /* AppKit.framework in Frameworks */,
			);
			runOnlyForDeploymentPostprocessing = 0;
		};
		EA2EE03C0C07D2250002420F /* Frameworks */ = {
			isa = PBXFrameworksBuildPhase;
			buildActionMask = 2147483647;
			files = (
			);
			runOnlyForDeploymentPostprocessing = 0;
		};
		EAE655240B9D08CD00CDB279 /* Frameworks */ = {
			isa = PBXFrameworksBuildPhase;
			buildActionMask = 2147483647;
			files = (
				EAE655500B9D0B3300CDB279 /* Foundation.framework in Frameworks */,
			);
			runOnlyForDeploymentPostprocessing = 0;
		};
/* End PBXFrameworksBuildPhase section */

/* Begin PBXGroup section */
		080E96DDFE201D6D7F000001 /* Classes */ = {
			isa = PBXGroup;
			children = (
				EAF890120B66DC6400373CEF /* View & UI Classes */,
				EAF890110B66DC2E00373CEF /* Data & XML Classes */,
				77C8280B06725ACE000B614F /* recsched_AppDelegate.h */,
				77C8280C06725ACE000B614F /* recsched_AppDelegate.m */,
				EA06742F0B58084D009B0E27 /* MainWindowController.h */,
				EA0674300B58084D009B0E27 /* MainWindowController.m */,
				EA5FAEA50B6D75CE00CCD5D5 /* Preferences.h */,
				EA5FAEA60B6D75CE00CCD5D5 /* Preferences.m */,
				EA20BFB10B9661F8009EDC44 /* ProgramSearchViewController.h */,
				EA20BFB20B9661F8009EDC44 /* ProgramSearchViewController.m */,
			);
			name = Classes;
			sourceTree = "<group>";
		};
		1058C7A0FEA54F0111CA2CBB /* Linked Frameworks */ = {
			isa = PBXGroup;
			children = (
				1058C7A1FEA54F0111CA2CBB /* Cocoa.framework */,
			);
			name = "Linked Frameworks";
			sourceTree = "<group>";
		};
		1058C7A2FEA54F0111CA2CBB /* Other Frameworks */ = {
			isa = PBXGroup;
			children = (
				77C82804067257F0000B614F /* CoreData.framework */,
				29B97325FDCFA39411CA2CEA /* Foundation.framework */,
				29B97324FDCFA39411CA2CEA /* AppKit.framework */,
			);
			name = "Other Frameworks";
			sourceTree = "<group>";
		};
		19C28FACFE9D520D11CA2CBB /* Products */ = {
			isa = PBXGroup;
			children = (
				8D1107320486CEB800E47090 /* recsched.app */,
				EAE655260B9D08CD00CDB279 /* rechsched_bkgd_cl */,
				EA083DF30BA62A5F003C27FA /* recsched_bkgd.app */,
				EA2EE03E0C07D2250002420F /* liblibhdhomerun.a */,
			);
			name = Products;
			sourceTree = "<group>";
		};
		29B97314FDCFA39411CA2CEA /* recsched */ = {
			isa = PBXGroup;
			children = (
				EA293B5E0C0E18BC0053E2B8 /* RBSplitView.xcodeproj */,
				EA2EE0280C07D1EA0002420F /* libhdhomerun */,
				EAE655370B9D0A3100CDB279 /* Background App */,
				7756732906782D8800D1FEB8 /* Models */,
				080E96DDFE201D6D7F000001 /* Classes */,
				29B97315FDCFA39411CA2CEA /* Other Sources */,
				29B97317FDCFA39411CA2CEA /* Resources */,
				29B97323FDCFA39411CA2CEA /* Frameworks */,
				19C28FACFE9D520D11CA2CBB /* Products */,
			);
			name = recsched;
			sourceTree = "<group>";
		};
		29B97315FDCFA39411CA2CEA /* Other Sources */ = {
			isa = PBXGroup;
			children = (
				32CA4F630368D1EE00C91783 /* recsched_Prefix.pch */,
				29B97316FDCFA39411CA2CEA /* main.m */,
				EAE655730B9E691000CDB279 /* RecSchedProtocol.h */,
				EA294B2B0C162CFC0053E2B8 /* RecSchedNotifications.h */,
				EA294B2E0C162D1D0053E2B8 /* RecSchedNotifications.m */,
			);
			name = "Other Sources";
			sourceTree = "<group>";
		};
		29B97317FDCFA39411CA2CEA /* Resources */ = {
			isa = PBXGroup;
			children = (
				EA2939860C0CC89E0053E2B8 /* Images */,
				EA5FB6D70B7028B000CCD5D5 /* UserDefaults.plist */,
				EA5FAEBD0B6D788500CCD5D5 /* Preferences.nib */,
				EAF8919D0B66F2F800373CEF /* metal_column_header.png */,
				8D1107310486CEB800E47090 /* Info.plist */,
				089C165CFE840E0CC02AAC07 /* InfoPlist.strings */,
				29B97318FDCFA39411CA2CEA /* MainMenu.nib */,
			);
			name = Resources;
			sourceTree = "<group>";
		};
		29B97323FDCFA39411CA2CEA /* Frameworks */ = {
			isa = PBXGroup;
			children = (
				1058C7A0FEA54F0111CA2CBB /* Linked Frameworks */,
				1058C7A2FEA54F0111CA2CBB /* Other Frameworks */,
			);
			name = Frameworks;
			sourceTree = "<group>";
		};
		7756732906782D8800D1FEB8 /* Models */ = {
			isa = PBXGroup;
			children = (
				770B37EC0679A11B001EADE2 /* recsched_DataModel.xcdatamodel */,
			);
			name = Models;
			sourceTree = "<group>";
		};
		EA2939860C0CC89E0053E2B8 /* Images */ = {
			isa = PBXGroup;
			children = (
				EA2939870C0CC8D70053E2B8 /* bottom_left.png */,
				EA2939880C0CC8D70053E2B8 /* bottom_middle.png */,
				EA2939890C0CC8D70053E2B8 /* bottom_right.png */,
				EA29398A0C0CC8D70053E2B8 /* flat_bottom_left.png */,
				EA29398B0C0CC8D70053E2B8 /* flat_bottom_middle.png */,
				EA29398C0C0CC8D70053E2B8 /* flat_bottom_right.png */,
				EA29398D0C0CC8D70053E2B8 /* flat_middle_left.png */,
				EA29398E0C0CC8D70053E2B8 /* flat_middle_right.png */,
				EA29398F0C0CC8D70053E2B8 /* flat_top_left.png */,
				EA2939900C0CC8D70053E2B8 /* flat_top_middle.png */,
				EA2939910C0CC8D70053E2B8 /* flat_top_right.png */,
				EA2939920C0CC8D70053E2B8 /* top_left.png */,
				EA2939930C0CC8D70053E2B8 /* top_middle.png */,
				EA2939940C0CC8D70053E2B8 /* top_right.png */,
				EAD4C5AB0B8CEBD10017FF69 /* headphone.tif */,
				EA0888150B86B16C00809664 /* CC.tif */,
				EA0888160B86B16C00809664 /* HD.tif */,
				EA0888170B86B16C00809664 /* TV-14.tif */,
				EA0888180B86B16C00809664 /* TV-G.tif */,
				EA0888190B86B16C00809664 /* TV-MA.tif */,
				EA08881A0B86B16C00809664 /* TV-PG.tif */,
				EA08881B0B86B16C00809664 /* TV-Y.tif */,
				EA08881C0B86B16C00809664 /* TV-Y7.tif */,
				EA08881D0B86B16C00809664 /* TV-Y7FV.tif */,
				EA5FC2B00B73EB1300CCD5D5 /* back_arrow.tif */,
				EA5FC2B20B73EB2F00CCD5D5 /* forward_arrow.tif */,
			);
			name = Images;
			sourceTree = "<group>";
		};
		EA293B6A0C0E18BC0053E2B8 /* Products */ = {
			isa = PBXGroup;
			children = (
				EA293B720C0E18BC0053E2B8 /* RBSplitView.palette */,
				EA293B740C0E18BC0053E2B8 /* RBSplitView.framework */,
				EA293B760C0E18BC0053E2B8 /* libRBSplitView.a */,
				EA293B780C0E18BC0053E2B8 /* SampleApp.app */,
			);
			name = Products;
			sourceTree = "<group>";
		};
		EA2EE0280C07D1EA0002420F /* libhdhomerun */ = {
			isa = PBXGroup;
			children = (
				EA2EE0290C07D2130002420F /* hdhomerun_channelscan.c */,
				EA2EE02A0C07D2130002420F /* hdhomerun_channelscan.h */,
				EA2EE02B0C07D2130002420F /* hdhomerun_config.c */,
				EA2EE02C0C07D2130002420F /* hdhomerun_control.c */,
				EA2EE02D0C07D2130002420F /* hdhomerun_control.h */,
				EA2EE02E0C07D2130002420F /* hdhomerun_debug.c */,
				EA2EE02F0C07D2130002420F /* hdhomerun_debug.h */,
				EA2EE0300C07D2130002420F /* hdhomerun_device.c */,
				EA2EE0310C07D2130002420F /* hdhomerun_device.h */,
				EA2EE0320C07D2130002420F /* hdhomerun_discover.c */,
				EA2EE0330C07D2130002420F /* hdhomerun_discover.h */,
				EA2EE0340C07D2130002420F /* hdhomerun_os.h */,
				EA2EE0350C07D2130002420F /* hdhomerun_pkt.c */,
				EA2EE0360C07D2130002420F /* hdhomerun_pkt.h */,
				EA2EE0370C07D2130002420F /* hdhomerun_video.c */,
				EA2EE0380C07D2130002420F /* hdhomerun_video.h */,
				EA2EE0390C07D2130002420F /* hdhomerun.h */,
			);
			name = libhdhomerun;
			sourceTree = "<group>";
		};
		EAE655370B9D0A3100CDB279 /* Background App */ = {
			isa = PBXGroup;
			children = (
				EAE6553C0B9D0A5B00CDB279 /* recsched_bkgd.m */,
				EAE6553F0B9D0A7600CDB279 /* recsched_bkgd_prefix.pch */,
				EAE655580B9D1A8300CDB279 /* RecSchedServer.h */,
				EAE655590B9D1A8300CDB279 /* RecSchedServer.m */,
				EA083DF50BA62A5F003C27FA /* recsched_bkgd-Info.plist */,
			);
			name = "Background App";
			sourceTree = "<group>";
		};
		EAF890110B66DC2E00373CEF /* Data & XML Classes */ = {
			isa = PBXGroup;
			children = (
				EA2EE0760C07D57A0002420F /* HDHomeRunMO.h */,
				EA2EE0770C07D57A0002420F /* HDHomeRunMO.m */,
				EA2EE1040C07DCC70002420F /* HDHomeRunTuner.h */,
				EA2EE1050C07DCC70002420F /* HDHomeRunTuner.m */,
				EA083E460BA77D47003C27FA /* Z2ITScheduleExtras.h */,
				EA083E470BA77D47003C27FA /* Z2ITScheduleExtras.m */,
				EAF886900B6293B200373CEF /* CoreData_Macros.h */,
				EA06743D0B580B4D009B0E27 /* tvDataDelivery.h */,
				EA06743E0B580B4D009B0E27 /* tvDataDelivery.m */,
				EA06743F0B580B4D009B0E27 /* WSGeneratedObj.h */,
				EA0674400B580B4D009B0E27 /* WSGeneratedObj.m */,
				EAF8826E0B5DC0BD00373CEF /* XTVDParser.h */,
				EAF8826F0B5DC0BD00373CEF /* XTVDParser.m */,
				EAF8850D0B6024A800373CEF /* Z2ITLineupMap.h */,
				EAF8850E0B6024A800373CEF /* Z2ITLineupMap.m */,
				EAF8830E0B5DCE4800373CEF /* Z2ITStation.h */,
				EAF8830F0B5DCE4800373CEF /* Z2ITStation.m */,
				EAF883DC0B5ECB5B00373CEF /* Z2ITLineup.h */,
				EAF883DD0B5ECB5B00373CEF /* Z2ITLineup.m */,
				EAF886390B61598700373CEF /* Z2ITProgram.h */,
				EAF8863A0B61598700373CEF /* Z2ITProgram.m */,
				EAF8867B0B61740300373CEF /* Z2ITSchedule.h */,
				EAF8867C0B61740300373CEF /* Z2ITSchedule.m */,
			);
			name = "Data & XML Classes";
			sourceTree = "<group>";
		};
		EAF890120B66DC6400373CEF /* View & UI Classes */ = {
			isa = PBXGroup;
			children = (
				EA293F650C10BA950053E2B8 /* XMLParsingProgressDisplayProtocol.h */,
				EA2939B90C0CD63E0053E2B8 /* JKImageTextCell.h */,
				EA2939BA0C0CD63E0053E2B8 /* JKImageTextCell.m */,
				EA2939BB0C0CD63E0053E2B8 /* JKSeparatorCell.h */,
				EA2939BC0C0CD63E0053E2B8 /* JKSeparatorCell.m */,
				EA2939BE0C0CD63E0053E2B8 /* JKSourceTableView.h */,
				EA2939BF0C0CD63E0053E2B8 /* JKSourceTableView.m */,
				EA2939C00C0CD63E0053E2B8 /* JKVariableCellColumn.h */,
				EA2939C10C0CD63E0053E2B8 /* JKVariableCellColumn.m */,
				EA29397E0C0CC83F0053E2B8 /* PolishedWindow.h */,
				EA29397F0C0CC83F0053E2B8 /* PolishedWindow.m */,
				EA5FAFC10B6FB49400CCD5D5 /* FixedNSControl.h */,
				EA5FAFC20B6FB49400CCD5D5 /* FixedNSControl.m */,
				EAF8919A0B66F2D200373CEF /* iTableColumnHeaderCell.h */,
				EAF8919B0B66F2D200373CEF /* iTableColumnHeaderCell.m */,
				EAF890150B66DC8400373CEF /* ScheduleHeaderView.h */,
				EAF890160B66DC8400373CEF /* ScheduleHeaderView.m */,
				EAF8956A0B69023D00373CEF /* ScheduleStationColumnView.h */,
				EAF8956B0B69023D00373CEF /* ScheduleStationColumnView.m */,
				EAF89D8C0B6A8CFD00373CEF /* ScheduleView.h */,
				EAF89D8D0B6A8CFD00373CEF /* ScheduleView.m */,
				EA5FAFC80B6FB50D00CCD5D5 /* DiscreteDurationSlider.h */,
				EA5FAFC90B6FB50D00CCD5D5 /* DiscreteDurationSlider.m */,
				EA5FAFD60B6FB58900CCD5D5 /* DiscreteDurationSliderCell.h */,
				EA5FAFD70B6FB58900CCD5D5 /* DiscreteDurationSliderCell.m */,
				EA5FBEAD0B724DB300CCD5D5 /* ScheduleGridView.h */,
				EA5FBEAE0B724DB400CCD5D5 /* ScheduleGridView.m */,
				EA5FC2A30B73E20C00CCD5D5 /* ScheduleViewController.h */,
				EA5FC2A40B73E20C00CCD5D5 /* ScheduleViewController.m */,
				EA29391C0C0CB2740053E2B8 /* HexNumberFormatter.h */,
				EA29391D0C0CB2740053E2B8 /* HexNumberFormatter.m */,
				EA293ACD0C0D95F00053E2B8 /* PolishedBackgroundView.h */,
				EA293ACE0C0D95F00053E2B8 /* PolishedBackgroundView.m */,
				EA293E870C10A8040053E2B8 /* ChannelScanProgressDisplayProtocol.h */,
			);
			name = "View & UI Classes";
			sourceTree = "<group>";
		};
/* End PBXGroup section */

/* Begin PBXHeadersBuildPhase section */
		EA2EE03A0C07D2250002420F /* Headers */ = {
			isa = PBXHeadersBuildPhase;
			buildActionMask = 2147483647;
			files = (
			);
			runOnlyForDeploymentPostprocessing = 0;
		};
/* End PBXHeadersBuildPhase section */

/* Begin PBXNativeTarget section */
		8D1107260486CEB800E47090 /* recsched */ = {
			isa = PBXNativeTarget;
			buildConfigurationList = 26FC0A840875C7B200E6366F /* Build configuration list for PBXNativeTarget "recsched" */;
			buildPhases = (
				8D1107290486CEB800E47090 /* Resources */,
				8D11072C0486CEB800E47090 /* Sources */,
				8D11072E0486CEB800E47090 /* Frameworks */,
			);
			buildRules = (
			);
			dependencies = (
				EA2EE04F0C07D3130002420F /* PBXTargetDependency */,
				EA293B7A0C0E18CD0053E2B8 /* PBXTargetDependency */,
			);
			name = recsched;
			productInstallPath = "$(HOME)/Applications";
			productName = recsched;
			productReference = 8D1107320486CEB800E47090 /* recsched.app */;
			productType = "com.apple.product-type.application";
		};
		EA083DF20BA62A5F003C27FA /* recsched_bkgd */ = {
			isa = PBXNativeTarget;
			buildConfigurationList = EA083FC40BAF827B003C27FA /* Build configuration list for PBXNativeTarget "recsched_bkgd" */;
			buildPhases = (
				EA083DEF0BA62A5F003C27FA /* Resources */,
				EA083DF00BA62A5F003C27FA /* Sources */,
				EA083DF10BA62A5F003C27FA /* Frameworks */,
			);
			buildRules = (
			);
			dependencies = (
			);
			name = recsched_bkgd;
			productName = recsched_bkgd;
			productReference = EA083DF30BA62A5F003C27FA /* recsched_bkgd.app */;
			productType = "com.apple.product-type.application";
		};
		EA2EE03D0C07D2250002420F /* libhdhomerun */ = {
			isa = PBXNativeTarget;
			buildConfigurationList = EA2EE04A0C07D26E0002420F /* Build configuration list for PBXNativeTarget "libhdhomerun" */;
			buildPhases = (
				EA2EE03A0C07D2250002420F /* Headers */,
				EA2EE03B0C07D2250002420F /* Sources */,
				EA2EE03C0C07D2250002420F /* Frameworks */,
			);
			buildRules = (
			);
			dependencies = (
			);
			name = libhdhomerun;
			productName = libhdhomerun;
			productReference = EA2EE03E0C07D2250002420F /* liblibhdhomerun.a */;
			productType = "com.apple.product-type.library.static";
		};
		EAE655250B9D08CD00CDB279 /* rechsched_bkgd_cl */ = {
			isa = PBXNativeTarget;
			buildConfigurationList = EAE6552A0B9D08EC00CDB279 /* Build configuration list for PBXNativeTarget "rechsched_bkgd_cl" */;
			buildPhases = (
				EAE655230B9D08CD00CDB279 /* Sources */,
				EAE655240B9D08CD00CDB279 /* Frameworks */,
			);
			buildRules = (
			);
			dependencies = (
			);
			name = rechsched_bkgd_cl;
			productName = rechsched_bkgd;
			productReference = EAE655260B9D08CD00CDB279 /* rechsched_bkgd_cl */;
			productType = "com.apple.product-type.tool";
		};
/* End PBXNativeTarget section */

/* Begin PBXProject section */
		29B97313FDCFA39411CA2CEA /* Project object */ = {
			isa = PBXProject;
			buildConfigurationList = 26FC0A880875C7B200E6366F /* Build configuration list for PBXProject "recsched" */;
			hasScannedForEncodings = 1;
			mainGroup = 29B97314FDCFA39411CA2CEA /* recsched */;
			projectDirPath = "";
			projectReferences = (
				{
					ProductGroup = EA293B6A0C0E18BC0053E2B8 /* Products */;
					ProjectRef = EA293B5E0C0E18BC0053E2B8 /* RBSplitView.xcodeproj */;
				},
			);
			projectRoot = "";
			targets = (
				8D1107260486CEB800E47090 /* recsched */,
				EAE655250B9D08CD00CDB279 /* rechsched_bkgd_cl */,
				EA083DF20BA62A5F003C27FA /* recsched_bkgd */,
				EA083F720BADD1F7003C27FA /* All recsched */,
				EA2EE03D0C07D2250002420F /* libhdhomerun */,
			);
		};
/* End PBXProject section */

/* Begin PBXReferenceProxy section */
		EA293B720C0E18BC0053E2B8 /* RBSplitView.palette */ = {
			isa = PBXReferenceProxy;
			fileType = wrapper.cfbundle;
			path = RBSplitView.palette;
			remoteRef = EA293B710C0E18BC0053E2B8 /* PBXContainerItemProxy */;
			sourceTree = BUILT_PRODUCTS_DIR;
		};
		EA293B740C0E18BC0053E2B8 /* RBSplitView.framework */ = {
			isa = PBXReferenceProxy;
			fileType = wrapper.framework;
			path = RBSplitView.framework;
			remoteRef = EA293B730C0E18BC0053E2B8 /* PBXContainerItemProxy */;
			sourceTree = BUILT_PRODUCTS_DIR;
		};
		EA293B760C0E18BC0053E2B8 /* libRBSplitView.a */ = {
			isa = PBXReferenceProxy;
			fileType = archive.ar;
			path = libRBSplitView.a;
			remoteRef = EA293B750C0E18BC0053E2B8 /* PBXContainerItemProxy */;
			sourceTree = BUILT_PRODUCTS_DIR;
		};
		EA293B780C0E18BC0053E2B8 /* SampleApp.app */ = {
			isa = PBXReferenceProxy;
			fileType = wrapper.application;
			path = SampleApp.app;
			remoteRef = EA293B770C0E18BC0053E2B8 /* PBXContainerItemProxy */;
			sourceTree = BUILT_PRODUCTS_DIR;
		};
/* End PBXReferenceProxy section */

/* Begin PBXResourcesBuildPhase section */
		8D1107290486CEB800E47090 /* Resources */ = {
			isa = PBXResourcesBuildPhase;
			buildActionMask = 2147483647;
			files = (
				8D11072A0486CEB800E47090 /* MainMenu.nib in Resources */,
				8D11072B0486CEB800E47090 /* InfoPlist.strings in Resources */,
				EAF8919E0B66F2F800373CEF /* metal_column_header.png in Resources */,
				EA5FAEBE0B6D788500CCD5D5 /* Preferences.nib in Resources */,
				EA5FB6D80B7028B000CCD5D5 /* UserDefaults.plist in Resources */,
				EA5FC2B10B73EB1300CCD5D5 /* back_arrow.tif in Resources */,
				EA5FC2B30B73EB2F00CCD5D5 /* forward_arrow.tif in Resources */,
				EA08881E0B86B16D00809664 /* CC.tif in Resources */,
				EA08881F0B86B16D00809664 /* HD.tif in Resources */,
				EA0888200B86B16D00809664 /* TV-14.tif in Resources */,
				EA0888210B86B16D00809664 /* TV-G.tif in Resources */,
				EA0888220B86B16D00809664 /* TV-MA.tif in Resources */,
				EA0888230B86B16D00809664 /* TV-PG.tif in Resources */,
				EA0888240B86B16D00809664 /* TV-Y.tif in Resources */,
				EA0888250B86B16D00809664 /* TV-Y7.tif in Resources */,
				EA0888260B86B16D00809664 /* TV-Y7FV.tif in Resources */,
				EAD4C5AC0B8CEBD10017FF69 /* headphone.tif in Resources */,
				EA2939950C0CC8D70053E2B8 /* bottom_left.png in Resources */,
				EA2939960C0CC8D70053E2B8 /* bottom_middle.png in Resources */,
				EA2939970C0CC8D70053E2B8 /* bottom_right.png in Resources */,
				EA2939980C0CC8D70053E2B8 /* flat_bottom_left.png in Resources */,
				EA2939990C0CC8D70053E2B8 /* flat_bottom_middle.png in Resources */,
				EA29399A0C0CC8D70053E2B8 /* flat_bottom_right.png in Resources */,
				EA29399B0C0CC8D70053E2B8 /* flat_middle_left.png in Resources */,
				EA29399C0C0CC8D70053E2B8 /* flat_middle_right.png in Resources */,
				EA29399D0C0CC8D70053E2B8 /* flat_top_left.png in Resources */,
				EA29399E0C0CC8D70053E2B8 /* flat_top_middle.png in Resources */,
				EA29399F0C0CC8D70053E2B8 /* flat_top_right.png in Resources */,
				EA2939A00C0CC8D70053E2B8 /* top_left.png in Resources */,
				EA2939A10C0CC8D70053E2B8 /* top_middle.png in Resources */,
				EA2939A20C0CC8D70053E2B8 /* top_right.png in Resources */,
			);
			runOnlyForDeploymentPostprocessing = 0;
		};
		EA083DEF0BA62A5F003C27FA /* Resources */ = {
			isa = PBXResourcesBuildPhase;
			buildActionMask = 2147483647;
			files = (
			);
			runOnlyForDeploymentPostprocessing = 0;
		};
/* End PBXResourcesBuildPhase section */

/* Begin PBXSourcesBuildPhase section */
		8D11072C0486CEB800E47090 /* Sources */ = {
			isa = PBXSourcesBuildPhase;
			buildActionMask = 2147483647;
			files = (
				8D11072D0486CEB800E47090 /* main.m in Sources */,
				77C8280E06725ACE000B614F /* recsched_AppDelegate.m in Sources */,
				770B37ED0679A11B001EADE2 /* recsched_DataModel.xcdatamodel in Sources */,
				EA0674310B58084D009B0E27 /* MainWindowController.m in Sources */,
				EA0674410B580B4D009B0E27 /* tvDataDelivery.m in Sources */,
				EA0674420B580B4D009B0E27 /* WSGeneratedObj.m in Sources */,
				EAF882700B5DC0BD00373CEF /* XTVDParser.m in Sources */,
				EAF883100B5DCE4900373CEF /* Z2ITStation.m in Sources */,
				EAF883DE0B5ECB5B00373CEF /* Z2ITLineup.m in Sources */,
				EAF8850F0B6024A800373CEF /* Z2ITLineupMap.m in Sources */,
				EAF8863B0B61598700373CEF /* Z2ITProgram.m in Sources */,
				EAF8867D0B61740300373CEF /* Z2ITSchedule.m in Sources */,
				EAF890170B66DC8400373CEF /* ScheduleHeaderView.m in Sources */,
				EAF8919C0B66F2D300373CEF /* iTableColumnHeaderCell.m in Sources */,
				EAF8956C0B69023D00373CEF /* ScheduleStationColumnView.m in Sources */,
				EAF89D8E0B6A8CFD00373CEF /* ScheduleView.m in Sources */,
				EA5FAEA70B6D75CE00CCD5D5 /* Preferences.m in Sources */,
				EA5FAFC30B6FB49500CCD5D5 /* FixedNSControl.m in Sources */,
				EA5FAFCA0B6FB50D00CCD5D5 /* DiscreteDurationSlider.m in Sources */,
				EA5FAFD80B6FB58900CCD5D5 /* DiscreteDurationSliderCell.m in Sources */,
				EA5FBEAF0B724DB400CCD5D5 /* ScheduleGridView.m in Sources */,
				EA5FC2A50B73E20C00CCD5D5 /* ScheduleViewController.m in Sources */,
				EA20BFB30B9661F8009EDC44 /* ProgramSearchViewController.m in Sources */,
				EA083E480BA77D47003C27FA /* Z2ITScheduleExtras.m in Sources */,
				EA2EE0780C07D57A0002420F /* HDHomeRunMO.m in Sources */,
				EA2EE1060C07DCC70002420F /* HDHomeRunTuner.m in Sources */,
				EA29391E0C0CB2740053E2B8 /* HexNumberFormatter.m in Sources */,
				EA2939800C0CC83F0053E2B8 /* PolishedWindow.m in Sources */,
				EA2939C20C0CD63E0053E2B8 /* JKImageTextCell.m in Sources */,
				EA2939C30C0CD63E0053E2B8 /* JKSeparatorCell.m in Sources */,
				EA2939C40C0CD63E0053E2B8 /* JKSourceTableView.m in Sources */,
				EA2939C50C0CD63E0053E2B8 /* JKVariableCellColumn.m in Sources */,
				EA293ACF0C0D95F00053E2B8 /* PolishedBackgroundView.m in Sources */,
				EA294B2F0C162D1D0053E2B8 /* RecSchedNotifications.m in Sources */,
			);
			runOnlyForDeploymentPostprocessing = 0;
		};
		EA083DF00BA62A5F003C27FA /* Sources */ = {
			isa = PBXSourcesBuildPhase;
			buildActionMask = 2147483647;
			files = (
				EA083DF60BA62A81003C27FA /* Z2ITLineup.m in Sources */,
				EA083DF70BA62A84003C27FA /* Z2ITLineupMap.m in Sources */,
				EA083DF80BA62A85003C27FA /* Z2ITProgram.m in Sources */,
				EA083DF90BA62A86003C27FA /* Z2ITSchedule.m in Sources */,
				EA083DFA0BA62A87003C27FA /* Z2ITStation.m in Sources */,
				EA083DFB0BA62A8B003C27FA /* XTVDParser.m in Sources */,
				EA083DFD0BA62AA8003C27FA /* recsched_DataModel.xcdatamodel in Sources */,
				EA083E190BA62C57003C27FA /* recsched_bkgd.m in Sources */,
				EA083E220BA62F40003C27FA /* RecSchedServer.m in Sources */,
			);
			runOnlyForDeploymentPostprocessing = 0;
		};
		EA2EE03B0C07D2250002420F /* Sources */ = {
			isa = PBXSourcesBuildPhase;
			buildActionMask = 2147483647;
			files = (
				EA2EE03F0C07D2300002420F /* hdhomerun_channelscan.c in Sources */,
				EA2EE0400C07D2320002420F /* hdhomerun_config.c in Sources */,
				EA2EE0410C07D2340002420F /* hdhomerun_control.c in Sources */,
				EA2EE0420C07D23D0002420F /* hdhomerun_video.c in Sources */,
				EA2EE0430C07D23D0002420F /* hdhomerun_pkt.c in Sources */,
				EA2EE0440C07D23F0002420F /* hdhomerun_discover.c in Sources */,
				EA2EE0450C07D2400002420F /* hdhomerun_device.c in Sources */,
				EA2EE0460C07D2410002420F /* hdhomerun_debug.c in Sources */,
			);
			runOnlyForDeploymentPostprocessing = 0;
		};
		EAE655230B9D08CD00CDB279 /* Sources */ = {
			isa = PBXSourcesBuildPhase;
			buildActionMask = 2147483647;
			files = (
				EAE655480B9D0AA100CDB279 /* recsched_bkgd.m in Sources */,
				EAE6555A0B9D1A8300CDB279 /* RecSchedServer.m in Sources */,
			);
			runOnlyForDeploymentPostprocessing = 0;
		};
/* End PBXSourcesBuildPhase section */

/* Begin PBXTargetDependency section */
		EA083F740BADD1FD003C27FA /* PBXTargetDependency */ = {
			isa = PBXTargetDependency;
			target = 8D1107260486CEB800E47090 /* recsched */;
			targetProxy = EA083F730BADD1FD003C27FA /* PBXContainerItemProxy */;
		};
		EA083F760BADD1FD003C27FA /* PBXTargetDependency */ = {
			isa = PBXTargetDependency;
			target = EA083DF20BA62A5F003C27FA /* recsched_bkgd */;
			targetProxy = EA083F750BADD1FD003C27FA /* PBXContainerItemProxy */;
		};
		EA293B7A0C0E18CD0053E2B8 /* PBXTargetDependency */ = {
			isa = PBXTargetDependency;
			name = Library;
			targetProxy = EA293B790C0E18CD0053E2B8 /* PBXContainerItemProxy */;
		};
		EA2EE04F0C07D3130002420F /* PBXTargetDependency */ = {
			isa = PBXTargetDependency;
			target = EA2EE03D0C07D2250002420F /* libhdhomerun */;
			targetProxy = EA2EE04E0C07D3130002420F /* PBXContainerItemProxy */;
		};
/* End PBXTargetDependency section */

/* Begin PBXVariantGroup section */
		089C165CFE840E0CC02AAC07 /* InfoPlist.strings */ = {
			isa = PBXVariantGroup;
			children = (
				089C165DFE840E0CC02AAC07 /* English */,
			);
			name = InfoPlist.strings;
			sourceTree = "<group>";
		};
		29B97318FDCFA39411CA2CEA /* MainMenu.nib */ = {
			isa = PBXVariantGroup;
			children = (
				29B97319FDCFA39411CA2CEA /* English */,
			);
			name = MainMenu.nib;
			sourceTree = "<group>";
		};
/* End PBXVariantGroup section */

/* Begin XCBuildConfiguration section */
		26FC0A850875C7B200E6366F /* Debug */ = {
			isa = XCBuildConfiguration;
			buildSettings = {
				COPY_PHASE_STRIP = NO;
				GCC_DYNAMIC_NO_PIC = NO;
				GCC_ENABLE_FIX_AND_CONTINUE = YES;
				GCC_ENABLE_OBJC_EXCEPTIONS = YES;
				GCC_MODEL_TUNING = G5;
				GCC_OPTIMIZATION_LEVEL = 0;
				GCC_PRECOMPILE_PREFIX_HEADER = YES;
				GCC_PREFIX_HEADER = recsched_Prefix.pch;
				HEADER_SEARCH_PATHS = (
					RBSplitView/Source,
					../libhdhomerun,
				);
				INFOPLIST_FILE = Info.plist;
				INSTALL_PATH = "$(HOME)/Applications";
				LIBRARY_SEARCH_PATHS = (
					"$(inherited)",
					"$(LIBRARY_SEARCH_PATHS_QUOTED_1)",
				);
				LIBRARY_SEARCH_PATHS_QUOTED_1 = "\"$(SRCROOT)/build/Debug\"";
				PRODUCT_NAME = recsched;
				WRAPPER_EXTENSION = app;
				ZERO_LINK = YES;
			};
			name = Debug;
		};
		26FC0A860875C7B200E6366F /* Release */ = {
			isa = XCBuildConfiguration;
			buildSettings = {
				ARCHS = (
					ppc,
					i386,
				);
				GCC_ENABLE_OBJC_EXCEPTIONS = YES;
				GCC_GENERATE_DEBUGGING_SYMBOLS = NO;
				GCC_MODEL_TUNING = G5;
				GCC_PRECOMPILE_PREFIX_HEADER = YES;
				GCC_PREFIX_HEADER = recsched_Prefix.pch;
				HEADER_SEARCH_PATHS = (
					RBSplitView/Source,
					../libhdhomerun,
				);
				INFOPLIST_FILE = Info.plist;
				INSTALL_PATH = "$(HOME)/Applications";
				LIBRARY_SEARCH_PATHS = (
					"$(inherited)",
					"$(LIBRARY_SEARCH_PATHS_QUOTED_1)",
				);
				LIBRARY_SEARCH_PATHS_QUOTED_1 = "\"$(SRCROOT)/build/Debug\"";
				PRODUCT_NAME = recsched;
				WRAPPER_EXTENSION = app;
			};
			name = Release;
		};
		26FC0A890875C7B200E6366F /* Debug */ = {
			isa = XCBuildConfiguration;
			buildSettings = {
				GCC_WARN_ABOUT_RETURN_TYPE = YES;
				GCC_WARN_UNUSED_VARIABLE = YES;
				PREBINDING = NO;
				SDKROOT = /Developer/SDKs/MacOSX10.4u.sdk;
			};
			name = Debug;
		};
		26FC0A8A0875C7B200E6366F /* Release */ = {
			isa = XCBuildConfiguration;
			buildSettings = {
				GCC_WARN_ABOUT_RETURN_TYPE = YES;
				GCC_WARN_UNUSED_VARIABLE = YES;
				PREBINDING = NO;
				SDKROOT = /Developer/SDKs/MacOSX10.4u.sdk;
			};
			name = Release;
		};
		EA083FC50BAF827B003C27FA /* Debug */ = {
			isa = XCBuildConfiguration;
			buildSettings = {
				COPY_PHASE_STRIP = NO;
				GCC_DYNAMIC_NO_PIC = NO;
				GCC_ENABLE_FIX_AND_CONTINUE = YES;
				GCC_GENERATE_DEBUGGING_SYMBOLS = YES;
				GCC_MODEL_TUNING = G5;
				GCC_OPTIMIZATION_LEVEL = 0;
				GCC_PRECOMPILE_PREFIX_HEADER = YES;
				GCC_PREFIX_HEADER = "$(SYSTEM_LIBRARY_DIR)/Frameworks/AppKit.framework/Headers/AppKit.h";
				INFOPLIST_FILE = "recsched_bkgd-Info.plist";
				INSTALL_PATH = "$(HOME)/Applications";
				OTHER_LDFLAGS = (
					"-framework",
					Foundation,
					"-framework",
					AppKit,
				);
				PREBINDING = NO;
				PRODUCT_NAME = recsched_bkgd;
				WRAPPER_EXTENSION = app;
				ZERO_LINK = YES;
			};
			name = Debug;
		};
		EA083FC60BAF827B003C27FA /* Release */ = {
			isa = XCBuildConfiguration;
			buildSettings = {
				COPY_PHASE_STRIP = YES;
				GCC_ENABLE_FIX_AND_CONTINUE = NO;
				GCC_GENERATE_DEBUGGING_SYMBOLS = NO;
				GCC_MODEL_TUNING = G5;
				GCC_PRECOMPILE_PREFIX_HEADER = YES;
				GCC_PREFIX_HEADER = "$(SYSTEM_LIBRARY_DIR)/Frameworks/AppKit.framework/Headers/AppKit.h";
				INFOPLIST_FILE = "recsched_bkgd-Info.plist";
				INSTALL_PATH = "$(HOME)/Applications";
				OTHER_LDFLAGS = (
					"-framework",
					Foundation,
					"-framework",
					AppKit,
				);
				PREBINDING = NO;
				PRODUCT_NAME = recsched_bkgd;
				WRAPPER_EXTENSION = app;
				ZERO_LINK = NO;
			};
			name = Release;
		};
		EA083FC80BAF827B003C27FA /* Debug */ = {
			isa = XCBuildConfiguration;
			buildSettings = {
				COPY_PHASE_STRIP = NO;
				GCC_DYNAMIC_NO_PIC = NO;
				GCC_GENERATE_DEBUGGING_SYMBOLS = YES;
				GCC_OPTIMIZATION_LEVEL = 0;
				PRODUCT_NAME = "All recsched";
			};
			name = Debug;
		};
		EA083FC90BAF827B003C27FA /* Release */ = {
			isa = XCBuildConfiguration;
			buildSettings = {
				COPY_PHASE_STRIP = YES;
				GCC_ENABLE_FIX_AND_CONTINUE = NO;
				GCC_GENERATE_DEBUGGING_SYMBOLS = NO;
				PRODUCT_NAME = "All recsched";
				ZERO_LINK = NO;
			};
			name = Release;
		};
		EA2EE04B0C07D26E0002420F /* Debug */ = {
			isa = XCBuildConfiguration;
			buildSettings = {
				COPY_PHASE_STRIP = NO;
				GCC_DYNAMIC_NO_PIC = NO;
				GCC_ENABLE_FIX_AND_CONTINUE = YES;
				GCC_GENERATE_DEBUGGING_SYMBOLS = YES;
				GCC_MODEL_TUNING = G5;
				GCC_OPTIMIZATION_LEVEL = 0;
				INSTALL_PATH = /usr/local/lib;
				PREBINDING = NO;
				PRODUCT_NAME = libhdhomerun;
				ZERO_LINK = YES;
			};
			name = Debug;
		};
		EA2EE04C0C07D26E0002420F /* Release */ = {
			isa = XCBuildConfiguration;
			buildSettings = {
				COPY_PHASE_STRIP = YES;
				GCC_ENABLE_FIX_AND_CONTINUE = NO;
				GCC_GENERATE_DEBUGGING_SYMBOLS = NO;
				GCC_MODEL_TUNING = G5;
				INSTALL_PATH = /usr/local/lib;
				PREBINDING = NO;
				PRODUCT_NAME = libhdhomerun;
				ZERO_LINK = NO;
			};
			name = Release;
		};
		EAE6552B0B9D08EC00CDB279 /* Debug */ = {
			isa = XCBuildConfiguration;
			buildSettings = {
				COPY_PHASE_STRIP = NO;
				GCC_DYNAMIC_NO_PIC = NO;
				GCC_ENABLE_FIX_AND_CONTINUE = YES;
				GCC_MODEL_TUNING = G5;
				GCC_OPTIMIZATION_LEVEL = 0;
				GCC_PRECOMPILE_PREFIX_HEADER = YES;
				GCC_PREFIX_HEADER = recsched_bkgd_prefix.pch;
				INSTALL_PATH = /usr/local/bin;
				OTHER_LDFLAGS = (
					"-framework",
					Foundation,
					"-framework",
					AppKit,
				);
				PREBINDING = NO;
				PRODUCT_NAME = rechsched_bkgd_cl;
				ZERO_LINK = YES;
			};
			name = Debug;
		};
		EAE6552C0B9D08EC00CDB279 /* Release */ = {
			isa = XCBuildConfiguration;
			buildSettings = {
				COPY_PHASE_STRIP = YES;
				DEBUG_INFORMATION_FORMAT = "dwarf-with-dsym";
				GCC_ENABLE_FIX_AND_CONTINUE = NO;
				GCC_MODEL_TUNING = G5;
				GCC_PRECOMPILE_PREFIX_HEADER = YES;
				GCC_PREFIX_HEADER = recsched_bkgd_prefix.pch;
				INSTALL_PATH = /usr/local/bin;
				OTHER_LDFLAGS = (
					"-framework",
					Foundation,
					"-framework",
					AppKit,
				);
				PREBINDING = NO;
				PRODUCT_NAME = rechsched_bkgd;
				ZERO_LINK = NO;
			};
			name = Release;
		};
/* End XCBuildConfiguration section */

/* Begin XCConfigurationList section */
		26FC0A840875C7B200E6366F /* Build configuration list for PBXNativeTarget "recsched" */ = {
			isa = XCConfigurationList;
			buildConfigurations = (
				26FC0A850875C7B200E6366F /* Debug */,
				26FC0A860875C7B200E6366F /* Release */,
			);
			defaultConfigurationIsVisible = 0;
			defaultConfigurationName = Release;
		};
		26FC0A880875C7B200E6366F /* Build configuration list for PBXProject "recsched" */ = {
			isa = XCConfigurationList;
			buildConfigurations = (
				26FC0A890875C7B200E6366F /* Debug */,
				26FC0A8A0875C7B200E6366F /* Release */,
			);
			defaultConfigurationIsVisible = 0;
			defaultConfigurationName = Release;
		};
		EA083FC40BAF827B003C27FA /* Build configuration list for PBXNativeTarget "recsched_bkgd" */ = {
			isa = XCConfigurationList;
			buildConfigurations = (
				EA083FC50BAF827B003C27FA /* Debug */,
				EA083FC60BAF827B003C27FA /* Release */,
			);
			defaultConfigurationIsVisible = 0;
			defaultConfigurationName = Release;
		};
		EA083FC70BAF827B003C27FA /* Build configuration list for PBXAggregateTarget "All recsched" */ = {
			isa = XCConfigurationList;
			buildConfigurations = (
				EA083FC80BAF827B003C27FA /* Debug */,
				EA083FC90BAF827B003C27FA /* Release */,
			);
			defaultConfigurationIsVisible = 0;
			defaultConfigurationName = Release;
		};
		EA2EE04A0C07D26E0002420F /* Build configuration list for PBXNativeTarget "libhdhomerun" */ = {
			isa = XCConfigurationList;
			buildConfigurations = (
				EA2EE04B0C07D26E0002420F /* Debug */,
				EA2EE04C0C07D26E0002420F /* Release */,
			);
			defaultConfigurationIsVisible = 0;
			defaultConfigurationName = Release;
		};
		EAE6552A0B9D08EC00CDB279 /* Build configuration list for PBXNativeTarget "rechsched_bkgd_cl" */ = {
			isa = XCConfigurationList;
			buildConfigurations = (
				EAE6552B0B9D08EC00CDB279 /* Debug */,
				EAE6552C0B9D08EC00CDB279 /* Release */,
			);
			defaultConfigurationIsVisible = 0;
			defaultConfigurationName = Release;
		};
/* End XCConfigurationList section */
	};
	rootObject = 29B97313FDCFA39411CA2CEA /* Project object */;
}
