// !$*UTF8*$!
{
	archiveVersion = 1;
	classes = {
	};
	objectVersion = 44;
	objects = {

/* Begin PBXAggregateTarget section */
		EA083F720BADD1F7003C27FA /* All recsched */ = {
			isa = PBXAggregateTarget;
			buildConfigurationList = EA083FC70BAF827B003C27FA /* Build configuration list for PBXAggregateTarget "All recsched" */;
			buildPhases = (
			);
			dependencies = (
				EA083F740BADD1FD003C27FA /* PBXTargetDependency */,
				EAEC094B0C27410700C40D5A /* PBXTargetDependency */,
			);
			name = "All recsched";
			productName = "All recsched";
		};
/* End PBXAggregateTarget section */

/* Begin PBXBuildFile section */
		77C8280E06725ACE000B614F /* recsched_AppDelegate.m in Sources */ = {isa = PBXBuildFile; fileRef = 77C8280C06725ACE000B614F /* recsched_AppDelegate.m */; };
		8D11072A0486CEB800E47090 /* MainMenu.nib in Resources */ = {isa = PBXBuildFile; fileRef = 29B97318FDCFA39411CA2CEA /* MainMenu.nib */; };
		8D11072B0486CEB800E47090 /* InfoPlist.strings in Resources */ = {isa = PBXBuildFile; fileRef = 089C165CFE840E0CC02AAC07 /* InfoPlist.strings */; };
		8D11072D0486CEB800E47090 /* main.m in Sources */ = {isa = PBXBuildFile; fileRef = 29B97316FDCFA39411CA2CEA /* main.m */; settings = {ATTRIBUTES = (); }; };
		8D11072F0486CEB800E47090 /* Cocoa.framework in Frameworks */ = {isa = PBXBuildFile; fileRef = 1058C7A1FEA54F0111CA2CBB /* Cocoa.framework */; };
		EA0674310B58084D009B0E27 /* MainWindowController.m in Sources */ = {isa = PBXBuildFile; fileRef = EA0674300B58084D009B0E27 /* MainWindowController.m */; };
		EA0674410B580B4D009B0E27 /* tvDataDelivery.m in Sources */ = {isa = PBXBuildFile; fileRef = EA06743E0B580B4D009B0E27 /* tvDataDelivery.m */; };
		EA0674420B580B4D009B0E27 /* WSGeneratedObj.m in Sources */ = {isa = PBXBuildFile; fileRef = EA0674400B580B4D009B0E27 /* WSGeneratedObj.m */; };
		EA083E480BA77D47003C27FA /* Z2ITScheduleExtras.m in Sources */ = {isa = PBXBuildFile; fileRef = EA083E470BA77D47003C27FA /* Z2ITScheduleExtras.m */; };
		EA08881E0B86B16D00809664 /* CC.tif in Resources */ = {isa = PBXBuildFile; fileRef = EA0888150B86B16C00809664 /* CC.tif */; };
		EA08881F0B86B16D00809664 /* HD.tif in Resources */ = {isa = PBXBuildFile; fileRef = EA0888160B86B16C00809664 /* HD.tif */; };
		EA20ADB70C23307800A9BDBD /* CoreData.framework in Frameworks */ = {isa = PBXBuildFile; fileRef = 77C82804067257F0000B614F /* CoreData.framework */; };
		EA20ADBA0C2330AC00A9BDBD /* Security.framework in Frameworks */ = {isa = PBXBuildFile; fileRef = EA20ADB90C2330AC00A9BDBD /* Security.framework */; };
		EA20AE2E0C23612800A9BDBD /* SyncServices.framework in Frameworks */ = {isa = PBXBuildFile; fileRef = EA20AE2D0C23612800A9BDBD /* SyncServices.framework */; };
		EA20BFB30B9661F8009EDC44 /* ProgramSearchViewController.m in Sources */ = {isa = PBXBuildFile; fileRef = EA20BFB20B9661F8009EDC44 /* ProgramSearchViewController.m */; };
		EA289D160C720FCE00D2EE7B /* HDHomeRunTuner.m in Sources */ = {isa = PBXBuildFile; fileRef = EA2EE1050C07DCC70002420F /* HDHomeRunTuner.m */; };
		EA289D170C720FCF00D2EE7B /* HDHomeRunMO.m in Sources */ = {isa = PBXBuildFile; fileRef = EA2EE0770C07D57A0002420F /* HDHomeRunMO.m */; };
		EA289D250C720FF900D2EE7B /* libhdhomerun.a in Frameworks */ = {isa = PBXBuildFile; fileRef = EA2EE03E0C07D2250002420F /* libhdhomerun.a */; };
		EA29391E0C0CB2740053E2B8 /* HexNumberFormatter.m in Sources */ = {isa = PBXBuildFile; fileRef = EA29391D0C0CB2740053E2B8 /* HexNumberFormatter.m */; };
		EA293ACF0C0D95F00053E2B8 /* PolishedBackgroundView.m in Sources */ = {isa = PBXBuildFile; fileRef = EA293ACE0C0D95F00053E2B8 /* PolishedBackgroundView.m */; };
		EA2EE03F0C07D2300002420F /* hdhomerun_channelscan.c in Sources */ = {isa = PBXBuildFile; fileRef = EA2EE0290C07D2130002420F /* hdhomerun_channelscan.c */; };
		EA2EE0400C07D2320002420F /* hdhomerun_config.c in Sources */ = {isa = PBXBuildFile; fileRef = EA2EE02B0C07D2130002420F /* hdhomerun_config.c */; };
		EA2EE0410C07D2340002420F /* hdhomerun_control.c in Sources */ = {isa = PBXBuildFile; fileRef = EA2EE02C0C07D2130002420F /* hdhomerun_control.c */; };
		EA2EE0420C07D23D0002420F /* hdhomerun_video.c in Sources */ = {isa = PBXBuildFile; fileRef = EA2EE0370C07D2130002420F /* hdhomerun_video.c */; };
		EA2EE0430C07D23D0002420F /* hdhomerun_pkt.c in Sources */ = {isa = PBXBuildFile; fileRef = EA2EE0350C07D2130002420F /* hdhomerun_pkt.c */; };
		EA2EE0440C07D23F0002420F /* hdhomerun_discover.c in Sources */ = {isa = PBXBuildFile; fileRef = EA2EE0320C07D2130002420F /* hdhomerun_discover.c */; };
		EA2EE0450C07D2400002420F /* hdhomerun_device.c in Sources */ = {isa = PBXBuildFile; fileRef = EA2EE0300C07D2130002420F /* hdhomerun_device.c */; };
		EA2EE0460C07D2410002420F /* hdhomerun_debug.c in Sources */ = {isa = PBXBuildFile; fileRef = EA2EE02E0C07D2130002420F /* hdhomerun_debug.c */; };
		EA2EE0680C07D4890002420F /* libhdhomerun.a in Frameworks */ = {isa = PBXBuildFile; fileRef = EA2EE03E0C07D2250002420F /* libhdhomerun.a */; };
		EA2EE0780C07D57A0002420F /* HDHomeRunMO.m in Sources */ = {isa = PBXBuildFile; fileRef = EA2EE0770C07D57A0002420F /* HDHomeRunMO.m */; };
		EA2EE1060C07DCC70002420F /* HDHomeRunTuner.m in Sources */ = {isa = PBXBuildFile; fileRef = EA2EE1050C07DCC70002420F /* HDHomeRunTuner.m */; };
		EA308FB70C66A7470005E89B /* RSColorDictionary.m in Sources */ = {isa = PBXBuildFile; fileRef = EA308FB60C66A7470005E89B /* RSColorDictionary.m */; };
		EA308FE00C67C78A0005E89B /* RSColorDictionary.m in Sources */ = {isa = PBXBuildFile; fileRef = EA308FB60C66A7470005E89B /* RSColorDictionary.m */; };
		EA3090C40C6AB59F0005E89B /* RSWishlistController.m in Sources */ = {isa = PBXBuildFile; fileRef = EA3090C30C6AB59E0005E89B /* RSWishlistController.m */; };
		EA3B40500C8C79470042C793 /* ScheduleDetailsPopupView.m in Sources */ = {isa = PBXBuildFile; fileRef = EA3B404F0C8C79470042C793 /* ScheduleDetailsPopupView.m */; };
		EA3B40570C8C7AEE0042C793 /* closebox.png in Resources */ = {isa = PBXBuildFile; fileRef = EA3B40550C8C7AEE0042C793 /* closebox.png */; };
		EA3B40580C8C7AEE0042C793 /* closebox_pressed.png in Resources */ = {isa = PBXBuildFile; fileRef = EA3B40560C8C7AEE0042C793 /* closebox_pressed.png */; };
		EA4909E60CADD0EB00A1DE02 /* Activity.xib in Resources */ = {isa = PBXBuildFile; fileRef = EA4909E50CADD0EB00A1DE02 /* Activity.xib */; };
		EA490BB50CAEDB8100A1DE02 /* Activity_Stop.tif in Resources */ = {isa = PBXBuildFile; fileRef = EA490BB30CAEDB8100A1DE02 /* Activity_Stop.tif */; };
		EA490BB60CAEDB8100A1DE02 /* Activity_StopPressed.tif in Resources */ = {isa = PBXBuildFile; fileRef = EA490BB40CAEDB8100A1DE02 /* Activity_StopPressed.tif */; };
		EA490BD90CAEE61E00A1DE02 /* RSActivityListView.m in Sources */ = {isa = PBXBuildFile; fileRef = EA490BD80CAEE61E00A1DE02 /* RSActivityListView.m */; };
		EA490DBA0CAF376E00A1DE02 /* ActivityAggregateView.xib in Resources */ = {isa = PBXBuildFile; fileRef = EA490DB80CAF376E00A1DE02 /* ActivityAggregateView.xib */; };
		EA4BA1180C84A23600FBAF95 /* RSCommonAppDelegate.m in Sources */ = {isa = PBXBuildFile; fileRef = EA4BA1170C84A23600FBAF95 /* RSCommonAppDelegate.m */; };
		EA4BA1190C84A23600FBAF95 /* RSCommonAppDelegate.m in Sources */ = {isa = PBXBuildFile; fileRef = EA4BA1170C84A23600FBAF95 /* RSCommonAppDelegate.m */; };
		EA5FAEA70B6D75CE00CCD5D5 /* Preferences.m in Sources */ = {isa = PBXBuildFile; fileRef = EA5FAEA60B6D75CE00CCD5D5 /* Preferences.m */; };
		EA5FAEBE0B6D788500CCD5D5 /* Preferences.nib in Resources */ = {isa = PBXBuildFile; fileRef = EA5FAEBD0B6D788500CCD5D5 /* Preferences.nib */; };
		EA5FAFC30B6FB49500CCD5D5 /* FixedNSControl.m in Sources */ = {isa = PBXBuildFile; fileRef = EA5FAFC20B6FB49400CCD5D5 /* FixedNSControl.m */; };
		EA5FAFCA0B6FB50D00CCD5D5 /* DiscreteDurationSlider.m in Sources */ = {isa = PBXBuildFile; fileRef = EA5FAFC90B6FB50D00CCD5D5 /* DiscreteDurationSlider.m */; };
		EA5FAFD80B6FB58900CCD5D5 /* DiscreteDurationSliderCell.m in Sources */ = {isa = PBXBuildFile; fileRef = EA5FAFD70B6FB58900CCD5D5 /* DiscreteDurationSliderCell.m */; };
		EA5FB6D80B7028B000CCD5D5 /* UserDefaults.plist in Resources */ = {isa = PBXBuildFile; fileRef = EA5FB6D70B7028B000CCD5D5 /* UserDefaults.plist */; };
		EA5FBEAF0B724DB400CCD5D5 /* ScheduleGridView.m in Sources */ = {isa = PBXBuildFile; fileRef = EA5FBEAE0B724DB400CCD5D5 /* ScheduleGridView.m */; };
		EA5FC2A50B73E20C00CCD5D5 /* ScheduleViewController.m in Sources */ = {isa = PBXBuildFile; fileRef = EA5FC2A40B73E20C00CCD5D5 /* ScheduleViewController.m */; };
		EA5FC2B10B73EB1300CCD5D5 /* back_arrow.tif in Resources */ = {isa = PBXBuildFile; fileRef = EA5FC2B00B73EB1300CCD5D5 /* back_arrow.tif */; };
		EA5FC2B30B73EB2F00CCD5D5 /* forward_arrow.tif in Resources */ = {isa = PBXBuildFile; fileRef = EA5FC2B20B73EB2F00CCD5D5 /* forward_arrow.tif */; };
		EA686CEA0CA95F5600185188 /* RSActivityViewController.m in Sources */ = {isa = PBXBuildFile; fileRef = EA686CE90CA95F5600185188 /* RSActivityViewController.m */; };
		EA6AB6A40CBD7ABC003C3CB6 /* libhb.a in Frameworks */ = {isa = PBXBuildFile; fileRef = EA6AB6A30CBD7ABB003C3CB6 /* libhb.a */; };
		EA6AB6FF0CBD928E003C3CB6 /* liba52.a in Frameworks */ = {isa = PBXBuildFile; fileRef = EA6AB6EC0CBD928E003C3CB6 /* liba52.a */; };
		EA6AB7000CBD928E003C3CB6 /* libavcodec.a in Frameworks */ = {isa = PBXBuildFile; fileRef = EA6AB6ED0CBD928E003C3CB6 /* libavcodec.a */; };
		EA6AB7010CBD928E003C3CB6 /* libavformat.a in Frameworks */ = {isa = PBXBuildFile; fileRef = EA6AB6EE0CBD928E003C3CB6 /* libavformat.a */; };
		EA6AB7020CBD928E003C3CB6 /* libavutil.a in Frameworks */ = {isa = PBXBuildFile; fileRef = EA6AB6EF0CBD928E003C3CB6 /* libavutil.a */; };
		EA6AB7030CBD928E003C3CB6 /* libdca.a in Frameworks */ = {isa = PBXBuildFile; fileRef = EA6AB6F00CBD928E003C3CB6 /* libdca.a */; };
		EA6AB7040CBD928E003C3CB6 /* libdvdcss.a in Frameworks */ = {isa = PBXBuildFile; fileRef = EA6AB6F10CBD928E003C3CB6 /* libdvdcss.a */; };
		EA6AB7050CBD928E003C3CB6 /* libdvdread.a in Frameworks */ = {isa = PBXBuildFile; fileRef = EA6AB6F20CBD928E003C3CB6 /* libdvdread.a */; };
		EA6AB7060CBD928E003C3CB6 /* libfaac.a in Frameworks */ = {isa = PBXBuildFile; fileRef = EA6AB6F30CBD928E003C3CB6 /* libfaac.a */; };
		EA6AB7070CBD928E003C3CB6 /* libmkv.a in Frameworks */ = {isa = PBXBuildFile; fileRef = EA6AB6F40CBD928E003C3CB6 /* libmkv.a */; };
		EA6AB7080CBD928E003C3CB6 /* libmp3lame.a in Frameworks */ = {isa = PBXBuildFile; fileRef = EA6AB6F50CBD928E003C3CB6 /* libmp3lame.a */; };
		EA6AB7090CBD928E003C3CB6 /* libmp4v2.a in Frameworks */ = {isa = PBXBuildFile; fileRef = EA6AB6F60CBD928E003C3CB6 /* libmp4v2.a */; };
		EA6AB70A0CBD928E003C3CB6 /* libmpeg2.a in Frameworks */ = {isa = PBXBuildFile; fileRef = EA6AB6F70CBD928E003C3CB6 /* libmpeg2.a */; };
		EA6AB70B0CBD928E003C3CB6 /* libogg.a in Frameworks */ = {isa = PBXBuildFile; fileRef = EA6AB6F80CBD928E003C3CB6 /* libogg.a */; };
		EA6AB70C0CBD928E003C3CB6 /* libsamplerate.a in Frameworks */ = {isa = PBXBuildFile; fileRef = EA6AB6F90CBD928E003C3CB6 /* libsamplerate.a */; };
		EA6AB70D0CBD928E003C3CB6 /* libswscale.a in Frameworks */ = {isa = PBXBuildFile; fileRef = EA6AB6FA0CBD928E003C3CB6 /* libswscale.a */; };
		EA6AB70E0CBD928E003C3CB6 /* libvorbis.a in Frameworks */ = {isa = PBXBuildFile; fileRef = EA6AB6FB0CBD928E003C3CB6 /* libvorbis.a */; };
		EA6AB70F0CBD928E003C3CB6 /* libvorbisenc.a in Frameworks */ = {isa = PBXBuildFile; fileRef = EA6AB6FC0CBD928E003C3CB6 /* libvorbisenc.a */; };
		EA6AB7100CBD928E003C3CB6 /* libx264.a in Frameworks */ = {isa = PBXBuildFile; fileRef = EA6AB6FD0CBD928E003C3CB6 /* libx264.a */; };
		EA6AB7110CBD928E003C3CB6 /* libxvidcore.a in Frameworks */ = {isa = PBXBuildFile; fileRef = EA6AB6FE0CBD928E003C3CB6 /* libxvidcore.a */; };
		EA6AB71A0CBD93AB003C3CB6 /* EmptyCPlusPlus.mm in Sources */ = {isa = PBXBuildFile; fileRef = EA6AB7190CBD93AB003C3CB6 /* EmptyCPlusPlus.mm */; };
		EA6AB7220CBDA2E2003C3CB6 /* RSTranscodeController.m in Sources */ = {isa = PBXBuildFile; fileRef = EA6AB7210CBDA2E2003C3CB6 /* RSTranscodeController.m */; };
		EA7002880CC4288500DA9542 /* ScriptingBridge.framework in Frameworks */ = {isa = PBXBuildFile; fileRef = EA7002870CC4288500DA9542 /* ScriptingBridge.framework */; };
		EA70E7130CC012C100C3B295 /* RSTranscoding.m in Sources */ = {isa = PBXBuildFile; fileRef = EA70E7120CC012C100C3B295 /* RSTranscoding.m */; };
		EA70E7140CC012C100C3B295 /* RSTranscoding.m in Sources */ = {isa = PBXBuildFile; fileRef = EA70E7120CC012C100C3B295 /* RSTranscoding.m */; };
		EA70E7210CC0164600C3B295 /* recsched.xcmappingmodel in Sources */ = {isa = PBXBuildFile; fileRef = EA70E7200CC0164600C3B295 /* recsched.xcmappingmodel */; };
		EA70E7220CC0164600C3B295 /* recsched.xcmappingmodel in Sources */ = {isa = PBXBuildFile; fileRef = EA70E7200CC0164600C3B295 /* recsched.xcmappingmodel */; };
		EA70E8970CC06ED500C3B295 /* RSTranscodingImp.m in Sources */ = {isa = PBXBuildFile; fileRef = EA70E8960CC06ED500C3B295 /* RSTranscodingImp.m */; };
		EA8E1BF60CC84F8800DD109F /* UserDefaults.plist in Resources */ = {isa = PBXBuildFile; fileRef = EA5FB6D70B7028B000CCD5D5 /* UserDefaults.plist */; };
		EA8E1C210CC92ED700DD109F /* PreferenceKeys.m in Sources */ = {isa = PBXBuildFile; fileRef = EA8E1C200CC92ED700DD109F /* PreferenceKeys.m */; };
		EA8E1C240CC92F6500DD109F /* PreferenceKeys.m in Sources */ = {isa = PBXBuildFile; fileRef = EA8E1C200CC92ED700DD109F /* PreferenceKeys.m */; };
		EA8E1C580CC9408800DD109F /* HardDrive.tiff in Resources */ = {isa = PBXBuildFile; fileRef = EA8E1C570CC9408800DD109F /* HardDrive.tiff */; };
		EA93F3990C922E53004788CF /* iOnTV.icns in Resources */ = {isa = PBXBuildFile; fileRef = EA93F3980C922E53004788CF /* iOnTV.icns */; };
		EA93F8190C9C4A6E004788CF /* RSRecording.m in Sources */ = {isa = PBXBuildFile; fileRef = EA93F8180C9C4A6E004788CF /* RSRecording.m */; };
		EA93F81A0C9C4A6E004788CF /* RSRecording.m in Sources */ = {isa = PBXBuildFile; fileRef = EA93F8180C9C4A6E004788CF /* RSRecording.m */; };
		EA977F5D0C8992CF0043B79E /* RSOutlineView.m in Sources */ = {isa = PBXBuildFile; fileRef = EA977F5C0C8992CF0043B79E /* RSOutlineView.m */; };
		EAD4C5AC0B8CEBD10017FF69 /* headphone.tif in Resources */ = {isa = PBXBuildFile; fileRef = EAD4C5AB0B8CEBD10017FF69 /* headphone.tif */; };
		EADCD9710C3EC4CF0005A5B4 /* AKSourceTableClasses.m in Sources */ = {isa = PBXBuildFile; fileRef = EADCD9700C3EC4CF0005A5B4 /* AKSourceTableClasses.m */; };
		EAE3FB290C727D80005E9CA8 /* recsched_DataModel.xcdatamodeld in Sources */ = {isa = PBXBuildFile; fileRef = EAE3FB280C727D80005E9CA8 /* recsched_DataModel.xcdatamodeld */; };
		EAE3FB2A0C727D80005E9CA8 /* recsched_DataModel.xcdatamodeld in Sources */ = {isa = PBXBuildFile; fileRef = EAE3FB280C727D80005E9CA8 /* recsched_DataModel.xcdatamodeld */; };
		EAEC09370C272E8800C40D5A /* recsched_bkgd_main.m in Sources */ = {isa = PBXBuildFile; fileRef = EAEC09360C272E8800C40D5A /* recsched_bkgd_main.m */; };
		EAEC09580C27422800C40D5A /* recsched_bkgd_AppDelegate.m in Sources */ = {isa = PBXBuildFile; fileRef = EAEC09570C27422800C40D5A /* recsched_bkgd_AppDelegate.m */; };
		EAEC09630C27452600C40D5A /* CoreData.framework in Frameworks */ = {isa = PBXBuildFile; fileRef = 77C82804067257F0000B614F /* CoreData.framework */; };
		EAEC09640C27452C00C40D5A /* SyncServices.framework in Frameworks */ = {isa = PBXBuildFile; fileRef = EA20AE2D0C23612800A9BDBD /* SyncServices.framework */; };
		EAEC09650C27453200C40D5A /* Cocoa.framework in Frameworks */ = {isa = PBXBuildFile; fileRef = 1058C7A1FEA54F0111CA2CBB /* Cocoa.framework */; };
		EAEC09D00C275AA400C40D5A /* RecSchedServer.m in Sources */ = {isa = PBXBuildFile; fileRef = EAE655590B9D1A8300CDB279 /* RecSchedServer.m */; };
		EAEC09D40C275B6400C40D5A /* tvDataDelivery.m in Sources */ = {isa = PBXBuildFile; fileRef = EA06743E0B580B4D009B0E27 /* tvDataDelivery.m */; };
		EAEC09D50C275B6E00C40D5A /* Z2ITProgram.m in Sources */ = {isa = PBXBuildFile; fileRef = EAF8863A0B61598700373CEF /* Z2ITProgram.m */; };
		EAEC09D70C275BB500C40D5A /* WSGeneratedObj.m in Sources */ = {isa = PBXBuildFile; fileRef = EA0674400B580B4D009B0E27 /* WSGeneratedObj.m */; };
		EAEC09D80C275BC500C40D5A /* Security.framework in Frameworks */ = {isa = PBXBuildFile; fileRef = EA20ADB90C2330AC00A9BDBD /* Security.framework */; };
		EAEC09DA0C275BE700C40D5A /* RecordingThread.m in Sources */ = {isa = PBXBuildFile; fileRef = EA20AF010C25CCA200A9BDBD /* RecordingThread.m */; };
		EAEC09DC0C275C2100C40D5A /* Z2ITStation.m in Sources */ = {isa = PBXBuildFile; fileRef = EAF8830F0B5DCE4800373CEF /* Z2ITStation.m */; };
		EAEC0A250C283C6F00C40D5A /* XTVDParser.m in Sources */ = {isa = PBXBuildFile; fileRef = EAF8826F0B5DC0BD00373CEF /* XTVDParser.m */; };
		EAEC0A270C283C7F00C40D5A /* Z2ITLineup.m in Sources */ = {isa = PBXBuildFile; fileRef = EAF883DD0B5ECB5B00373CEF /* Z2ITLineup.m */; };
		EAEC0A280C283C8100C40D5A /* Z2ITLineupMap.m in Sources */ = {isa = PBXBuildFile; fileRef = EAF8850E0B6024A800373CEF /* Z2ITLineupMap.m */; };
		EAEC0A290C283C8200C40D5A /* Z2ITSchedule.m in Sources */ = {isa = PBXBuildFile; fileRef = EAF8867C0B61740300373CEF /* Z2ITSchedule.m */; };
		EAF4EA220C5EB0AB003EC697 /* AKColorCell.m in Sources */ = {isa = PBXBuildFile; fileRef = EAF4EA0E0C5CC687003EC697 /* AKColorCell.m */; };
		EAF4EACF0C5F90B1003EC697 /* AKColorExtensions.m in Sources */ = {isa = PBXBuildFile; fileRef = EAF4EACE0C5F90B1003EC697 /* AKColorExtensions.m */; };
		EAF882700B5DC0BD00373CEF /* XTVDParser.m in Sources */ = {isa = PBXBuildFile; fileRef = EAF8826F0B5DC0BD00373CEF /* XTVDParser.m */; };
		EAF883100B5DCE4900373CEF /* Z2ITStation.m in Sources */ = {isa = PBXBuildFile; fileRef = EAF8830F0B5DCE4800373CEF /* Z2ITStation.m */; };
		EAF883DE0B5ECB5B00373CEF /* Z2ITLineup.m in Sources */ = {isa = PBXBuildFile; fileRef = EAF883DD0B5ECB5B00373CEF /* Z2ITLineup.m */; };
		EAF8850F0B6024A800373CEF /* Z2ITLineupMap.m in Sources */ = {isa = PBXBuildFile; fileRef = EAF8850E0B6024A800373CEF /* Z2ITLineupMap.m */; };
		EAF8863B0B61598700373CEF /* Z2ITProgram.m in Sources */ = {isa = PBXBuildFile; fileRef = EAF8863A0B61598700373CEF /* Z2ITProgram.m */; };
		EAF8867D0B61740300373CEF /* Z2ITSchedule.m in Sources */ = {isa = PBXBuildFile; fileRef = EAF8867C0B61740300373CEF /* Z2ITSchedule.m */; };
		EAF890170B66DC8400373CEF /* ScheduleHeaderView.m in Sources */ = {isa = PBXBuildFile; fileRef = EAF890160B66DC8400373CEF /* ScheduleHeaderView.m */; };
		EAF8919C0B66F2D300373CEF /* iTableColumnHeaderCell.m in Sources */ = {isa = PBXBuildFile; fileRef = EAF8919B0B66F2D200373CEF /* iTableColumnHeaderCell.m */; };
		EAF8956C0B69023D00373CEF /* ScheduleStationColumnView.m in Sources */ = {isa = PBXBuildFile; fileRef = EAF8956B0B69023D00373CEF /* ScheduleStationColumnView.m */; };
		EAF89D8E0B6A8CFD00373CEF /* ScheduleView.m in Sources */ = {isa = PBXBuildFile; fileRef = EAF89D8D0B6A8CFD00373CEF /* ScheduleView.m */; };
		EAF923A70CCEA08400CEBD73 /* TV-14.png in Resources */ = {isa = PBXBuildFile; fileRef = EAF923A00CCEA08400CEBD73 /* TV-14.png */; };
		EAF923A80CCEA08400CEBD73 /* TV-G.png in Resources */ = {isa = PBXBuildFile; fileRef = EAF923A10CCEA08400CEBD73 /* TV-G.png */; };
		EAF923A90CCEA08400CEBD73 /* TV-MA.png in Resources */ = {isa = PBXBuildFile; fileRef = EAF923A20CCEA08400CEBD73 /* TV-MA.png */; };
		EAF923AA0CCEA08400CEBD73 /* TV-PG.png in Resources */ = {isa = PBXBuildFile; fileRef = EAF923A30CCEA08400CEBD73 /* TV-PG.png */; };
		EAF923AB0CCEA08400CEBD73 /* TV-Y.png in Resources */ = {isa = PBXBuildFile; fileRef = EAF923A40CCEA08400CEBD73 /* TV-Y.png */; };
		EAF923AC0CCEA08400CEBD73 /* TV-Y7.png in Resources */ = {isa = PBXBuildFile; fileRef = EAF923A50CCEA08400CEBD73 /* TV-Y7.png */; };
		EAF923AD0CCEA08400CEBD73 /* TV-Y7FV.png in Resources */ = {isa = PBXBuildFile; fileRef = EAF923A60CCEA08400CEBD73 /* TV-Y7FV.png */; };
/* End PBXBuildFile section */

/* Begin PBXContainerItemProxy section */
		EA083F730BADD1FD003C27FA /* PBXContainerItemProxy */ = {
			isa = PBXContainerItemProxy;
			containerPortal = 29B97313FDCFA39411CA2CEA /* Project object */;
			proxyType = 1;
			remoteGlobalIDString = 8D1107260486CEB800E47090;
			remoteInfo = recsched;
		};
		EA289D260C72100600D2EE7B /* PBXContainerItemProxy */ = {
			isa = PBXContainerItemProxy;
			containerPortal = 29B97313FDCFA39411CA2CEA /* Project object */;
			proxyType = 1;
			remoteGlobalIDString = EA2EE03D0C07D2250002420F;
			remoteInfo = libhdhomerun;
		};
		EA2EE04E0C07D3130002420F /* PBXContainerItemProxy */ = {
			isa = PBXContainerItemProxy;
			containerPortal = 29B97313FDCFA39411CA2CEA /* Project object */;
			proxyType = 1;
			remoteGlobalIDString = EA2EE03D0C07D2250002420F;
			remoteInfo = libhdhomerun;
		};
		EAEC094A0C27410700C40D5A /* PBXContainerItemProxy */ = {
			isa = PBXContainerItemProxy;
			containerPortal = 29B97313FDCFA39411CA2CEA /* Project object */;
			proxyType = 1;
			remoteGlobalIDString = EAEC092C0C272E1200C40D5A;
			remoteInfo = recsched_bkgd;
		};
/* End PBXContainerItemProxy section */

/* Begin PBXFileReference section */
		089C165DFE840E0CC02AAC07 /* English */ = {isa = PBXFileReference; fileEncoding = 10; lastKnownFileType = text.plist.strings; name = English; path = English.lproj/InfoPlist.strings; sourceTree = "<group>"; };
		1058C7A1FEA54F0111CA2CBB /* Cocoa.framework */ = {isa = PBXFileReference; lastKnownFileType = wrapper.framework; name = Cocoa.framework; path = /System/Library/Frameworks/Cocoa.framework; sourceTree = "<absolute>"; };
		29B97316FDCFA39411CA2CEA /* main.m */ = {isa = PBXFileReference; fileEncoding = 4; lastKnownFileType = sourcecode.c.objc; path = main.m; sourceTree = "<group>"; };
		29B97319FDCFA39411CA2CEA /* English */ = {isa = PBXFileReference; lastKnownFileType = wrapper.nib; name = English; path = English.lproj/MainMenu.nib; sourceTree = "<group>"; };
		29B97324FDCFA39411CA2CEA /* AppKit.framework */ = {isa = PBXFileReference; lastKnownFileType = wrapper.framework; name = AppKit.framework; path = /System/Library/Frameworks/AppKit.framework; sourceTree = "<absolute>"; };
		29B97325FDCFA39411CA2CEA /* Foundation.framework */ = {isa = PBXFileReference; lastKnownFileType = wrapper.framework; name = Foundation.framework; path = /System/Library/Frameworks/Foundation.framework; sourceTree = "<absolute>"; };
		32CA4F630368D1EE00C91783 /* recsched_Prefix.pch */ = {isa = PBXFileReference; fileEncoding = 4; lastKnownFileType = sourcecode.c.h; path = recsched_Prefix.pch; sourceTree = "<group>"; };
		770B37EC0679A11B001EADE2 /* recsched_DataModel.xcdatamodel */ = {isa = PBXFileReference; fileEncoding = 4; lastKnownFileType = wrapper.xcdatamodel; path = recsched_DataModel.xcdatamodel; sourceTree = "<group>"; };
		77C82804067257F0000B614F /* CoreData.framework */ = {isa = PBXFileReference; lastKnownFileType = wrapper.framework; name = CoreData.framework; path = /System/Library/Frameworks/CoreData.framework; sourceTree = "<absolute>"; };
		77C8280B06725ACE000B614F /* recsched_AppDelegate.h */ = {isa = PBXFileReference; fileEncoding = 4; lastKnownFileType = sourcecode.c.h; path = recsched_AppDelegate.h; sourceTree = "<group>"; };
		77C8280C06725ACE000B614F /* recsched_AppDelegate.m */ = {isa = PBXFileReference; fileEncoding = 4; lastKnownFileType = sourcecode.c.objc; path = recsched_AppDelegate.m; sourceTree = "<group>"; };
		8D1107310486CEB800E47090 /* Info.plist */ = {isa = PBXFileReference; fileEncoding = 4; lastKnownFileType = text.plist; path = Info.plist; sourceTree = "<group>"; };
		8D1107320486CEB800E47090 /* iOnTV.app */ = {isa = PBXFileReference; explicitFileType = wrapper.application; includeInIndex = 0; path = iOnTV.app; sourceTree = BUILT_PRODUCTS_DIR; };
		EA06742F0B58084D009B0E27 /* MainWindowController.h */ = {isa = PBXFileReference; fileEncoding = 4; lastKnownFileType = sourcecode.c.h; path = MainWindowController.h; sourceTree = "<group>"; };
		EA0674300B58084D009B0E27 /* MainWindowController.m */ = {isa = PBXFileReference; fileEncoding = 4; lastKnownFileType = sourcecode.c.objc; path = MainWindowController.m; sourceTree = "<group>"; };
		EA06743D0B580B4D009B0E27 /* tvDataDelivery.h */ = {isa = PBXFileReference; fileEncoding = 30; lastKnownFileType = sourcecode.c.h; path = tvDataDelivery.h; sourceTree = "<group>"; };
		EA06743E0B580B4D009B0E27 /* tvDataDelivery.m */ = {isa = PBXFileReference; fileEncoding = 30; lastKnownFileType = sourcecode.c.objc; path = tvDataDelivery.m; sourceTree = "<group>"; };
		EA06743F0B580B4D009B0E27 /* WSGeneratedObj.h */ = {isa = PBXFileReference; fileEncoding = 30; lastKnownFileType = sourcecode.c.h; path = WSGeneratedObj.h; sourceTree = "<group>"; };
		EA0674400B580B4D009B0E27 /* WSGeneratedObj.m */ = {isa = PBXFileReference; fileEncoding = 30; lastKnownFileType = sourcecode.c.objc; path = WSGeneratedObj.m; sourceTree = "<group>"; };
		EA083DF50BA62A5F003C27FA /* recsched_bkgd-Info.plist */ = {isa = PBXFileReference; lastKnownFileType = text.xml; path = "recsched_bkgd-Info.plist"; sourceTree = "<group>"; };
		EA083E460BA77D47003C27FA /* Z2ITScheduleExtras.h */ = {isa = PBXFileReference; fileEncoding = 30; lastKnownFileType = sourcecode.c.h; path = Z2ITScheduleExtras.h; sourceTree = SOURCE_ROOT; };
		EA083E470BA77D47003C27FA /* Z2ITScheduleExtras.m */ = {isa = PBXFileReference; fileEncoding = 30; lastKnownFileType = sourcecode.c.objc; path = Z2ITScheduleExtras.m; sourceTree = SOURCE_ROOT; };
		EA0888150B86B16C00809664 /* CC.tif */ = {isa = PBXFileReference; lastKnownFileType = image.tiff; name = CC.tif; path = Images/CC.tif; sourceTree = "<group>"; };
		EA0888160B86B16C00809664 /* HD.tif */ = {isa = PBXFileReference; lastKnownFileType = image.tiff; name = HD.tif; path = Images/HD.tif; sourceTree = "<group>"; };
		EA20ADB90C2330AC00A9BDBD /* Security.framework */ = {isa = PBXFileReference; lastKnownFileType = wrapper.framework; name = Security.framework; path = /System/Library/Frameworks/Security.framework; sourceTree = "<absolute>"; };
		EA20AE010C23589700A9BDBD /* recsched.syncschema */ = {isa = PBXFileReference; lastKnownFileType = folder; path = recsched.syncschema; sourceTree = SOURCE_ROOT; };
		EA20AE280C23608C00A9BDBD /* ClientDescription_Server.plist */ = {isa = PBXFileReference; fileEncoding = 30; lastKnownFileType = text.plist.xml; path = ClientDescription_Server.plist; sourceTree = "<group>"; };
		EA20AE2D0C23612800A9BDBD /* SyncServices.framework */ = {isa = PBXFileReference; lastKnownFileType = wrapper.framework; name = SyncServices.framework; path = /System/Library/Frameworks/SyncServices.framework; sourceTree = "<absolute>"; };
		EA20AF000C25CCA200A9BDBD /* RecordingThread.h */ = {isa = PBXFileReference; fileEncoding = 30; lastKnownFileType = sourcecode.c.h; path = RecordingThread.h; sourceTree = SOURCE_ROOT; };
		EA20AF010C25CCA200A9BDBD /* RecordingThread.m */ = {isa = PBXFileReference; fileEncoding = 30; lastKnownFileType = sourcecode.c.objc; path = RecordingThread.m; sourceTree = SOURCE_ROOT; };
		EA20BFB10B9661F8009EDC44 /* ProgramSearchViewController.h */ = {isa = PBXFileReference; fileEncoding = 4; lastKnownFileType = sourcecode.c.h; path = ProgramSearchViewController.h; sourceTree = "<group>"; };
		EA20BFB20B9661F8009EDC44 /* ProgramSearchViewController.m */ = {isa = PBXFileReference; fileEncoding = 4; lastKnownFileType = sourcecode.c.objc; path = ProgramSearchViewController.m; sourceTree = "<group>"; };
		EA29391C0C0CB2740053E2B8 /* HexNumberFormatter.h */ = {isa = PBXFileReference; fileEncoding = 4; lastKnownFileType = sourcecode.c.h; path = HexNumberFormatter.h; sourceTree = "<group>"; };
		EA29391D0C0CB2740053E2B8 /* HexNumberFormatter.m */ = {isa = PBXFileReference; fileEncoding = 4; lastKnownFileType = sourcecode.c.objc; path = HexNumberFormatter.m; sourceTree = "<group>"; };
		EA293ACD0C0D95F00053E2B8 /* PolishedBackgroundView.h */ = {isa = PBXFileReference; fileEncoding = 4; lastKnownFileType = sourcecode.c.h; path = PolishedBackgroundView.h; sourceTree = "<group>"; };
		EA293ACE0C0D95F00053E2B8 /* PolishedBackgroundView.m */ = {isa = PBXFileReference; fileEncoding = 4; lastKnownFileType = sourcecode.c.objc; path = PolishedBackgroundView.m; sourceTree = "<group>"; };
		EA293E870C10A8040053E2B8 /* ChannelScanProgressDisplayProtocol.h */ = {isa = PBXFileReference; fileEncoding = 4; lastKnownFileType = sourcecode.c.h; path = ChannelScanProgressDisplayProtocol.h; sourceTree = "<group>"; };
		EA293F650C10BA950053E2B8 /* XMLParsingProgressDisplayProtocol.h */ = {isa = PBXFileReference; fileEncoding = 4; lastKnownFileType = sourcecode.c.h; path = XMLParsingProgressDisplayProtocol.h; sourceTree = "<group>"; };
		EA2EE0290C07D2130002420F /* hdhomerun_channelscan.c */ = {isa = PBXFileReference; fileEncoding = 30; lastKnownFileType = sourcecode.c.c; name = hdhomerun_channelscan.c; path = ../libhdhomerun/hdhomerun_channelscan.c; sourceTree = SOURCE_ROOT; };
		EA2EE02A0C07D2130002420F /* hdhomerun_channelscan.h */ = {isa = PBXFileReference; fileEncoding = 30; lastKnownFileType = sourcecode.c.h; name = hdhomerun_channelscan.h; path = ../libhdhomerun/hdhomerun_channelscan.h; sourceTree = SOURCE_ROOT; };
		EA2EE02B0C07D2130002420F /* hdhomerun_config.c */ = {isa = PBXFileReference; fileEncoding = 30; lastKnownFileType = sourcecode.c.c; name = hdhomerun_config.c; path = ../libhdhomerun/hdhomerun_config.c; sourceTree = SOURCE_ROOT; };
		EA2EE02C0C07D2130002420F /* hdhomerun_control.c */ = {isa = PBXFileReference; fileEncoding = 30; lastKnownFileType = sourcecode.c.c; name = hdhomerun_control.c; path = ../libhdhomerun/hdhomerun_control.c; sourceTree = SOURCE_ROOT; };
		EA2EE02D0C07D2130002420F /* hdhomerun_control.h */ = {isa = PBXFileReference; fileEncoding = 30; lastKnownFileType = sourcecode.c.h; name = hdhomerun_control.h; path = ../libhdhomerun/hdhomerun_control.h; sourceTree = SOURCE_ROOT; };
		EA2EE02E0C07D2130002420F /* hdhomerun_debug.c */ = {isa = PBXFileReference; fileEncoding = 30; lastKnownFileType = sourcecode.c.c; name = hdhomerun_debug.c; path = ../libhdhomerun/hdhomerun_debug.c; sourceTree = SOURCE_ROOT; };
		EA2EE02F0C07D2130002420F /* hdhomerun_debug.h */ = {isa = PBXFileReference; fileEncoding = 30; lastKnownFileType = sourcecode.c.h; name = hdhomerun_debug.h; path = ../libhdhomerun/hdhomerun_debug.h; sourceTree = SOURCE_ROOT; };
		EA2EE0300C07D2130002420F /* hdhomerun_device.c */ = {isa = PBXFileReference; fileEncoding = 30; lastKnownFileType = sourcecode.c.c; name = hdhomerun_device.c; path = ../libhdhomerun/hdhomerun_device.c; sourceTree = SOURCE_ROOT; };
		EA2EE0310C07D2130002420F /* hdhomerun_device.h */ = {isa = PBXFileReference; fileEncoding = 30; lastKnownFileType = sourcecode.c.h; name = hdhomerun_device.h; path = ../libhdhomerun/hdhomerun_device.h; sourceTree = SOURCE_ROOT; };
		EA2EE0320C07D2130002420F /* hdhomerun_discover.c */ = {isa = PBXFileReference; fileEncoding = 30; lastKnownFileType = sourcecode.c.c; name = hdhomerun_discover.c; path = ../libhdhomerun/hdhomerun_discover.c; sourceTree = SOURCE_ROOT; };
		EA2EE0330C07D2130002420F /* hdhomerun_discover.h */ = {isa = PBXFileReference; fileEncoding = 30; lastKnownFileType = sourcecode.c.h; name = hdhomerun_discover.h; path = ../libhdhomerun/hdhomerun_discover.h; sourceTree = SOURCE_ROOT; };
		EA2EE0340C07D2130002420F /* hdhomerun_os.h */ = {isa = PBXFileReference; fileEncoding = 30; lastKnownFileType = sourcecode.c.h; name = hdhomerun_os.h; path = ../libhdhomerun/hdhomerun_os.h; sourceTree = SOURCE_ROOT; };
		EA2EE0350C07D2130002420F /* hdhomerun_pkt.c */ = {isa = PBXFileReference; fileEncoding = 30; lastKnownFileType = sourcecode.c.c; name = hdhomerun_pkt.c; path = ../libhdhomerun/hdhomerun_pkt.c; sourceTree = SOURCE_ROOT; };
		EA2EE0360C07D2130002420F /* hdhomerun_pkt.h */ = {isa = PBXFileReference; fileEncoding = 30; lastKnownFileType = sourcecode.c.h; name = hdhomerun_pkt.h; path = ../libhdhomerun/hdhomerun_pkt.h; sourceTree = SOURCE_ROOT; };
		EA2EE0370C07D2130002420F /* hdhomerun_video.c */ = {isa = PBXFileReference; fileEncoding = 30; lastKnownFileType = sourcecode.c.c; name = hdhomerun_video.c; path = ../libhdhomerun/hdhomerun_video.c; sourceTree = SOURCE_ROOT; };
		EA2EE0380C07D2130002420F /* hdhomerun_video.h */ = {isa = PBXFileReference; fileEncoding = 30; lastKnownFileType = sourcecode.c.h; name = hdhomerun_video.h; path = ../libhdhomerun/hdhomerun_video.h; sourceTree = SOURCE_ROOT; };
		EA2EE0390C07D2130002420F /* hdhomerun.h */ = {isa = PBXFileReference; fileEncoding = 30; lastKnownFileType = sourcecode.c.h; name = hdhomerun.h; path = ../libhdhomerun/hdhomerun.h; sourceTree = SOURCE_ROOT; };
		EA2EE03E0C07D2250002420F /* libhdhomerun.a */ = {isa = PBXFileReference; explicitFileType = archive.ar; includeInIndex = 0; path = libhdhomerun.a; sourceTree = BUILT_PRODUCTS_DIR; };
		EA2EE0760C07D57A0002420F /* HDHomeRunMO.h */ = {isa = PBXFileReference; fileEncoding = 4; lastKnownFileType = sourcecode.c.h; path = HDHomeRunMO.h; sourceTree = "<group>"; };
		EA2EE0770C07D57A0002420F /* HDHomeRunMO.m */ = {isa = PBXFileReference; fileEncoding = 4; lastKnownFileType = sourcecode.c.objc; path = HDHomeRunMO.m; sourceTree = "<group>"; };
		EA2EE1040C07DCC70002420F /* HDHomeRunTuner.h */ = {isa = PBXFileReference; fileEncoding = 4; lastKnownFileType = sourcecode.c.h; path = HDHomeRunTuner.h; sourceTree = "<group>"; };
		EA2EE1050C07DCC70002420F /* HDHomeRunTuner.m */ = {isa = PBXFileReference; fileEncoding = 4; lastKnownFileType = sourcecode.c.objc; path = HDHomeRunTuner.m; sourceTree = "<group>"; };
		EA308FB50C66A7470005E89B /* RSColorDictionary.h */ = {isa = PBXFileReference; fileEncoding = 4; lastKnownFileType = sourcecode.c.h; path = RSColorDictionary.h; sourceTree = "<group>"; };
		EA308FB60C66A7470005E89B /* RSColorDictionary.m */ = {isa = PBXFileReference; fileEncoding = 4; lastKnownFileType = sourcecode.c.objc; path = RSColorDictionary.m; sourceTree = "<group>"; };
		EA3090C20C6AB59E0005E89B /* RSWishlistController.h */ = {isa = PBXFileReference; fileEncoding = 4; lastKnownFileType = sourcecode.c.h; path = RSWishlistController.h; sourceTree = "<group>"; };
		EA3090C30C6AB59E0005E89B /* RSWishlistController.m */ = {isa = PBXFileReference; fileEncoding = 4; lastKnownFileType = sourcecode.c.objc; path = RSWishlistController.m; sourceTree = "<group>"; };
		EA3B404E0C8C79470042C793 /* ScheduleDetailsPopupView.h */ = {isa = PBXFileReference; fileEncoding = 4; lastKnownFileType = sourcecode.c.h; path = ScheduleDetailsPopupView.h; sourceTree = "<group>"; };
		EA3B404F0C8C79470042C793 /* ScheduleDetailsPopupView.m */ = {isa = PBXFileReference; fileEncoding = 4; lastKnownFileType = sourcecode.c.objc; path = ScheduleDetailsPopupView.m; sourceTree = "<group>"; };
		EA3B40550C8C7AEE0042C793 /* closebox.png */ = {isa = PBXFileReference; lastKnownFileType = image.png; name = closebox.png; path = Images/closebox.png; sourceTree = "<group>"; };
		EA3B40560C8C7AEE0042C793 /* closebox_pressed.png */ = {isa = PBXFileReference; lastKnownFileType = image.png; name = closebox_pressed.png; path = Images/closebox_pressed.png; sourceTree = "<group>"; };
		EA4909E30CADD0E600A1DE02 /* English */ = {isa = PBXFileReference; lastKnownFileType = file.xib; name = English; path = English.lproj/Activity.xib; sourceTree = "<group>"; };
		EA490BB30CAEDB8100A1DE02 /* Activity_Stop.tif */ = {isa = PBXFileReference; lastKnownFileType = image.tiff; name = Activity_Stop.tif; path = Images/Activity_Stop.tif; sourceTree = "<group>"; };
		EA490BB40CAEDB8100A1DE02 /* Activity_StopPressed.tif */ = {isa = PBXFileReference; lastKnownFileType = image.tiff; name = Activity_StopPressed.tif; path = Images/Activity_StopPressed.tif; sourceTree = "<group>"; };
		EA490BD70CAEE61E00A1DE02 /* RSActivityListView.h */ = {isa = PBXFileReference; fileEncoding = 4; lastKnownFileType = sourcecode.c.h; path = RSActivityListView.h; sourceTree = "<group>"; };
		EA490BD80CAEE61E00A1DE02 /* RSActivityListView.m */ = {isa = PBXFileReference; fileEncoding = 4; lastKnownFileType = sourcecode.c.objc; path = RSActivityListView.m; sourceTree = "<group>"; };
		EA490DB90CAF376E00A1DE02 /* English */ = {isa = PBXFileReference; lastKnownFileType = file.xib; name = English; path = English.lproj/ActivityAggregateView.xib; sourceTree = "<group>"; };
		EA4B9FBB0C822AD300FBAF95 /* recsched_DataModel 2.xcdatamodel */ = {isa = PBXFileReference; lastKnownFileType = wrapper.xcdatamodel; path = "recsched_DataModel 2.xcdatamodel"; sourceTree = "<group>"; };
		EA4BA1160C84A23500FBAF95 /* RSCommonAppDelegate.h */ = {isa = PBXFileReference; fileEncoding = 4; lastKnownFileType = sourcecode.c.h; path = RSCommonAppDelegate.h; sourceTree = "<group>"; };
		EA4BA1170C84A23600FBAF95 /* RSCommonAppDelegate.m */ = {isa = PBXFileReference; fileEncoding = 4; lastKnownFileType = sourcecode.c.objc; path = RSCommonAppDelegate.m; sourceTree = "<group>"; };
		EA5FAEA50B6D75CE00CCD5D5 /* Preferences.h */ = {isa = PBXFileReference; fileEncoding = 4; lastKnownFileType = sourcecode.c.h; path = Preferences.h; sourceTree = "<group>"; };
		EA5FAEA60B6D75CE00CCD5D5 /* Preferences.m */ = {isa = PBXFileReference; fileEncoding = 4; lastKnownFileType = sourcecode.c.objc; path = Preferences.m; sourceTree = "<group>"; };
		EA5FAEBD0B6D788500CCD5D5 /* Preferences.nib */ = {isa = PBXFileReference; lastKnownFileType = wrapper.nib; path = Preferences.nib; sourceTree = "<group>"; };
		EA5FAFC10B6FB49400CCD5D5 /* FixedNSControl.h */ = {isa = PBXFileReference; fileEncoding = 30; lastKnownFileType = sourcecode.c.h; path = FixedNSControl.h; sourceTree = SOURCE_ROOT; };
		EA5FAFC20B6FB49400CCD5D5 /* FixedNSControl.m */ = {isa = PBXFileReference; fileEncoding = 30; lastKnownFileType = sourcecode.c.objc; path = FixedNSControl.m; sourceTree = SOURCE_ROOT; };
		EA5FAFC80B6FB50D00CCD5D5 /* DiscreteDurationSlider.h */ = {isa = PBXFileReference; fileEncoding = 4; lastKnownFileType = sourcecode.c.h; path = DiscreteDurationSlider.h; sourceTree = "<group>"; };
		EA5FAFC90B6FB50D00CCD5D5 /* DiscreteDurationSlider.m */ = {isa = PBXFileReference; fileEncoding = 4; lastKnownFileType = sourcecode.c.objc; path = DiscreteDurationSlider.m; sourceTree = "<group>"; };
		EA5FAFD60B6FB58900CCD5D5 /* DiscreteDurationSliderCell.h */ = {isa = PBXFileReference; fileEncoding = 4; lastKnownFileType = sourcecode.c.h; path = DiscreteDurationSliderCell.h; sourceTree = "<group>"; };
		EA5FAFD70B6FB58900CCD5D5 /* DiscreteDurationSliderCell.m */ = {isa = PBXFileReference; fileEncoding = 4; lastKnownFileType = sourcecode.c.objc; path = DiscreteDurationSliderCell.m; sourceTree = "<group>"; };
		EA5FB6D70B7028B000CCD5D5 /* UserDefaults.plist */ = {isa = PBXFileReference; fileEncoding = 30; lastKnownFileType = text.xml; path = UserDefaults.plist; sourceTree = SOURCE_ROOT; };
		EA5FBEAD0B724DB300CCD5D5 /* ScheduleGridView.h */ = {isa = PBXFileReference; fileEncoding = 4; lastKnownFileType = sourcecode.c.h; path = ScheduleGridView.h; sourceTree = "<group>"; };
		EA5FBEAE0B724DB400CCD5D5 /* ScheduleGridView.m */ = {isa = PBXFileReference; fileEncoding = 4; lastKnownFileType = sourcecode.c.objc; path = ScheduleGridView.m; sourceTree = "<group>"; };
		EA5FC2A30B73E20C00CCD5D5 /* ScheduleViewController.h */ = {isa = PBXFileReference; fileEncoding = 4; lastKnownFileType = sourcecode.c.h; path = ScheduleViewController.h; sourceTree = "<group>"; };
		EA5FC2A40B73E20C00CCD5D5 /* ScheduleViewController.m */ = {isa = PBXFileReference; fileEncoding = 4; lastKnownFileType = sourcecode.c.objc; path = ScheduleViewController.m; sourceTree = "<group>"; };
		EA5FC2B00B73EB1300CCD5D5 /* back_arrow.tif */ = {isa = PBXFileReference; lastKnownFileType = image.tiff; name = back_arrow.tif; path = Images/back_arrow.tif; sourceTree = "<group>"; };
		EA5FC2B20B73EB2F00CCD5D5 /* forward_arrow.tif */ = {isa = PBXFileReference; lastKnownFileType = image.tiff; name = forward_arrow.tif; path = Images/forward_arrow.tif; sourceTree = "<group>"; };
		EA686CE80CA95F5600185188 /* RSActivityViewController.h */ = {isa = PBXFileReference; fileEncoding = 4; lastKnownFileType = sourcecode.c.h; path = RSActivityViewController.h; sourceTree = "<group>"; };
		EA686CE90CA95F5600185188 /* RSActivityViewController.m */ = {isa = PBXFileReference; fileEncoding = 4; lastKnownFileType = sourcecode.c.objc; path = RSActivityViewController.m; sourceTree = "<group>"; };
		EA686D760CA96FD200185188 /* RSActivityDisplayProtocol.h */ = {isa = PBXFileReference; fileEncoding = 4; lastKnownFileType = sourcecode.c.h; path = RSActivityDisplayProtocol.h; sourceTree = "<group>"; };
		EA686D7D0CA9985400185188 /* RSStoreUpdateProtocol.h */ = {isa = PBXFileReference; fileEncoding = 4; lastKnownFileType = sourcecode.c.h; path = RSStoreUpdateProtocol.h; sourceTree = "<group>"; };
		EA6AB6A30CBD7ABB003C3CB6 /* libhb.a */ = {isa = PBXFileReference; lastKnownFileType = archive.ar; name = libhb.a; path = ../HandBrake/libhb/libhb.a; sourceTree = SOURCE_ROOT; };
		EA6AB6EC0CBD928E003C3CB6 /* liba52.a */ = {isa = PBXFileReference; lastKnownFileType = archive.ar; name = liba52.a; path = ../HandBrake/contrib/lib/liba52.a; sourceTree = SOURCE_ROOT; };
		EA6AB6ED0CBD928E003C3CB6 /* libavcodec.a */ = {isa = PBXFileReference; lastKnownFileType = archive.ar; name = libavcodec.a; path = ../HandBrake/contrib/lib/libavcodec.a; sourceTree = SOURCE_ROOT; };
		EA6AB6EE0CBD928E003C3CB6 /* libavformat.a */ = {isa = PBXFileReference; lastKnownFileType = archive.ar; name = libavformat.a; path = ../HandBrake/contrib/lib/libavformat.a; sourceTree = SOURCE_ROOT; };
		EA6AB6EF0CBD928E003C3CB6 /* libavutil.a */ = {isa = PBXFileReference; lastKnownFileType = archive.ar; name = libavutil.a; path = ../HandBrake/contrib/lib/libavutil.a; sourceTree = SOURCE_ROOT; };
		EA6AB6F00CBD928E003C3CB6 /* libdca.a */ = {isa = PBXFileReference; lastKnownFileType = archive.ar; name = libdca.a; path = ../HandBrake/contrib/lib/libdca.a; sourceTree = SOURCE_ROOT; };
		EA6AB6F10CBD928E003C3CB6 /* libdvdcss.a */ = {isa = PBXFileReference; lastKnownFileType = archive.ar; name = libdvdcss.a; path = ../HandBrake/contrib/lib/libdvdcss.a; sourceTree = SOURCE_ROOT; };
		EA6AB6F20CBD928E003C3CB6 /* libdvdread.a */ = {isa = PBXFileReference; lastKnownFileType = archive.ar; name = libdvdread.a; path = ../HandBrake/contrib/lib/libdvdread.a; sourceTree = SOURCE_ROOT; };
		EA6AB6F30CBD928E003C3CB6 /* libfaac.a */ = {isa = PBXFileReference; lastKnownFileType = archive.ar; name = libfaac.a; path = ../HandBrake/contrib/lib/libfaac.a; sourceTree = SOURCE_ROOT; };
		EA6AB6F40CBD928E003C3CB6 /* libmkv.a */ = {isa = PBXFileReference; lastKnownFileType = archive.ar; name = libmkv.a; path = ../HandBrake/contrib/lib/libmkv.a; sourceTree = SOURCE_ROOT; };
		EA6AB6F50CBD928E003C3CB6 /* libmp3lame.a */ = {isa = PBXFileReference; lastKnownFileType = archive.ar; name = libmp3lame.a; path = ../HandBrake/contrib/lib/libmp3lame.a; sourceTree = SOURCE_ROOT; };
		EA6AB6F60CBD928E003C3CB6 /* libmp4v2.a */ = {isa = PBXFileReference; lastKnownFileType = archive.ar; name = libmp4v2.a; path = ../HandBrake/contrib/lib/libmp4v2.a; sourceTree = SOURCE_ROOT; };
		EA6AB6F70CBD928E003C3CB6 /* libmpeg2.a */ = {isa = PBXFileReference; lastKnownFileType = archive.ar; name = libmpeg2.a; path = ../HandBrake/contrib/lib/libmpeg2.a; sourceTree = SOURCE_ROOT; };
		EA6AB6F80CBD928E003C3CB6 /* libogg.a */ = {isa = PBXFileReference; lastKnownFileType = archive.ar; name = libogg.a; path = ../HandBrake/contrib/lib/libogg.a; sourceTree = SOURCE_ROOT; };
		EA6AB6F90CBD928E003C3CB6 /* libsamplerate.a */ = {isa = PBXFileReference; lastKnownFileType = archive.ar; name = libsamplerate.a; path = ../HandBrake/contrib/lib/libsamplerate.a; sourceTree = SOURCE_ROOT; };
		EA6AB6FA0CBD928E003C3CB6 /* libswscale.a */ = {isa = PBXFileReference; lastKnownFileType = archive.ar; name = libswscale.a; path = ../HandBrake/contrib/lib/libswscale.a; sourceTree = SOURCE_ROOT; };
		EA6AB6FB0CBD928E003C3CB6 /* libvorbis.a */ = {isa = PBXFileReference; lastKnownFileType = archive.ar; name = libvorbis.a; path = ../HandBrake/contrib/lib/libvorbis.a; sourceTree = SOURCE_ROOT; };
		EA6AB6FC0CBD928E003C3CB6 /* libvorbisenc.a */ = {isa = PBXFileReference; lastKnownFileType = archive.ar; name = libvorbisenc.a; path = ../HandBrake/contrib/lib/libvorbisenc.a; sourceTree = SOURCE_ROOT; };
		EA6AB6FD0CBD928E003C3CB6 /* libx264.a */ = {isa = PBXFileReference; lastKnownFileType = archive.ar; name = libx264.a; path = ../HandBrake/contrib/lib/libx264.a; sourceTree = SOURCE_ROOT; };
		EA6AB6FE0CBD928E003C3CB6 /* libxvidcore.a */ = {isa = PBXFileReference; lastKnownFileType = archive.ar; name = libxvidcore.a; path = ../HandBrake/contrib/lib/libxvidcore.a; sourceTree = SOURCE_ROOT; };
		EA6AB7190CBD93AB003C3CB6 /* EmptyCPlusPlus.mm */ = {isa = PBXFileReference; fileEncoding = 4; lastKnownFileType = sourcecode.cpp.objcpp; path = EmptyCPlusPlus.mm; sourceTree = "<group>"; };
		EA6AB7200CBDA2E2003C3CB6 /* RSTranscodeController.h */ = {isa = PBXFileReference; fileEncoding = 4; lastKnownFileType = sourcecode.c.h; path = RSTranscodeController.h; sourceTree = "<group>"; };
		EA6AB7210CBDA2E2003C3CB6 /* RSTranscodeController.m */ = {isa = PBXFileReference; fileEncoding = 4; lastKnownFileType = sourcecode.c.objc; path = RSTranscodeController.m; sourceTree = "<group>"; };
		EA7002860CC4285D00DA9542 /* iTunes_ScriptingBridge.h */ = {isa = PBXFileReference; fileEncoding = 4; lastKnownFileType = sourcecode.c.h; path = iTunes_ScriptingBridge.h; sourceTree = "<group>"; };
		EA7002870CC4288500DA9542 /* ScriptingBridge.framework */ = {isa = PBXFileReference; lastKnownFileType = wrapper.framework; name = ScriptingBridge.framework; path = /System/Library/Frameworks/ScriptingBridge.framework; sourceTree = "<absolute>"; };
		EA70E70F0CC0112200C3B295 /* recsched_DataModel 4.xcdatamodel */ = {isa = PBXFileReference; lastKnownFileType = wrapper.xcdatamodel; path = "recsched_DataModel 4.xcdatamodel"; sourceTree = "<group>"; };
		EA70E7110CC012C100C3B295 /* RSTranscoding.h */ = {isa = PBXFileReference; fileEncoding = 4; lastKnownFileType = sourcecode.c.h; path = RSTranscoding.h; sourceTree = "<group>"; };
		EA70E7120CC012C100C3B295 /* RSTranscoding.m */ = {isa = PBXFileReference; fileEncoding = 4; lastKnownFileType = sourcecode.c.objc; path = RSTranscoding.m; sourceTree = "<group>"; };
		EA70E7200CC0164600C3B295 /* recsched.xcmappingmodel */ = {isa = PBXFileReference; fileEncoding = 4; lastKnownFileType = wrapper.xcmappingmodel; path = recsched.xcmappingmodel; sourceTree = "<group>"; };
		EA70E8950CC06ED500C3B295 /* RSTranscodingImp.h */ = {isa = PBXFileReference; fileEncoding = 4; lastKnownFileType = sourcecode.c.h; path = RSTranscodingImp.h; sourceTree = "<group>"; };
		EA70E8960CC06ED500C3B295 /* RSTranscodingImp.m */ = {isa = PBXFileReference; fileEncoding = 4; lastKnownFileType = sourcecode.c.objc; path = RSTranscodingImp.m; sourceTree = "<group>"; };
		EA72A7A90C260D79009C63E5 /* ClientDescription.plist */ = {isa = PBXFileReference; fileEncoding = 30; lastKnownFileType = text.plist.xml; path = ClientDescription.plist; sourceTree = "<group>"; };
		EA8E1C200CC92ED700DD109F /* PreferenceKeys.m */ = {isa = PBXFileReference; fileEncoding = 4; lastKnownFileType = sourcecode.c.objc; path = PreferenceKeys.m; sourceTree = "<group>"; };
		EA8E1C220CC92F0600DD109F /* PreferenceKeys.h */ = {isa = PBXFileReference; fileEncoding = 4; lastKnownFileType = sourcecode.c.h; path = PreferenceKeys.h; sourceTree = "<group>"; };
		EA8E1C570CC9408800DD109F /* HardDrive.tiff */ = {isa = PBXFileReference; lastKnownFileType = image.tiff; name = HardDrive.tiff; path = Images/HardDrive.tiff; sourceTree = "<group>"; };
		EA93F3980C922E53004788CF /* iOnTV.icns */ = {isa = PBXFileReference; lastKnownFileType = image.icns; name = iOnTV.icns; path = Images/iOnTV.icns; sourceTree = SOURCE_ROOT; };
		EA93F7E90C9C4728004788CF /* recsched_DataModel 3.xcdatamodel */ = {isa = PBXFileReference; lastKnownFileType = wrapper.xcdatamodel; path = "recsched_DataModel 3.xcdatamodel"; sourceTree = "<group>"; };
		EA93F8170C9C4A6E004788CF /* RSRecording.h */ = {isa = PBXFileReference; fileEncoding = 4; lastKnownFileType = sourcecode.c.h; path = RSRecording.h; sourceTree = "<group>"; };
		EA93F8180C9C4A6E004788CF /* RSRecording.m */ = {isa = PBXFileReference; fileEncoding = 4; lastKnownFileType = sourcecode.c.objc; path = RSRecording.m; sourceTree = "<group>"; };
		EA977F5B0C8992CF0043B79E /* RSOutlineView.h */ = {isa = PBXFileReference; fileEncoding = 4; lastKnownFileType = sourcecode.c.h; path = RSOutlineView.h; sourceTree = "<group>"; };
		EA977F5C0C8992CF0043B79E /* RSOutlineView.m */ = {isa = PBXFileReference; fileEncoding = 4; lastKnownFileType = sourcecode.c.objc; path = RSOutlineView.m; sourceTree = "<group>"; };
		EAD4C5AB0B8CEBD10017FF69 /* headphone.tif */ = {isa = PBXFileReference; lastKnownFileType = image.tiff; name = headphone.tif; path = Images/headphone.tif; sourceTree = "<group>"; };
		EADCD96F0C3EC4CF0005A5B4 /* AKSourceTableClasses.h */ = {isa = PBXFileReference; fileEncoding = 4; lastKnownFileType = sourcecode.c.h; path = AKSourceTableClasses.h; sourceTree = "<group>"; };
		EADCD9700C3EC4CF0005A5B4 /* AKSourceTableClasses.m */ = {isa = PBXFileReference; fileEncoding = 4; lastKnownFileType = sourcecode.c.objc; path = AKSourceTableClasses.m; sourceTree = "<group>"; };
		EAE6553F0B9D0A7600CDB279 /* recsched_bkgd_prefix.pch */ = {isa = PBXFileReference; fileEncoding = 4; lastKnownFileType = sourcecode.c.h; path = recsched_bkgd_prefix.pch; sourceTree = "<group>"; };
		EAE655580B9D1A8300CDB279 /* RecSchedServer.h */ = {isa = PBXFileReference; fileEncoding = 4; lastKnownFileType = sourcecode.c.h; path = RecSchedServer.h; sourceTree = "<group>"; };
		EAE655590B9D1A8300CDB279 /* RecSchedServer.m */ = {isa = PBXFileReference; fileEncoding = 4; lastKnownFileType = sourcecode.c.objc; path = RecSchedServer.m; sourceTree = "<group>"; };
		EAE655730B9E691000CDB279 /* RecSchedProtocol.h */ = {isa = PBXFileReference; fileEncoding = 4; lastKnownFileType = sourcecode.c.h; path = RecSchedProtocol.h; sourceTree = "<group>"; };
		EAEC092D0C272E1300C40D5A /* recsched_bkgd.app */ = {isa = PBXFileReference; explicitFileType = wrapper.application; includeInIndex = 0; path = recsched_bkgd.app; sourceTree = BUILT_PRODUCTS_DIR; };
		EAEC09360C272E8800C40D5A /* recsched_bkgd_main.m */ = {isa = PBXFileReference; fileEncoding = 4; lastKnownFileType = sourcecode.c.objc; path = recsched_bkgd_main.m; sourceTree = "<group>"; };
		EAEC09560C27422800C40D5A /* recsched_bkgd_AppDelegate.h */ = {isa = PBXFileReference; fileEncoding = 4; lastKnownFileType = sourcecode.c.h; path = recsched_bkgd_AppDelegate.h; sourceTree = "<group>"; };
		EAEC09570C27422800C40D5A /* recsched_bkgd_AppDelegate.m */ = {isa = PBXFileReference; fileEncoding = 4; lastKnownFileType = sourcecode.c.objc; path = recsched_bkgd_AppDelegate.m; sourceTree = "<group>"; };
		EAF4EA0D0C5CC686003EC697 /* AKColorCell.h */ = {isa = PBXFileReference; fileEncoding = 4; lastKnownFileType = sourcecode.c.h; path = AKColorCell.h; sourceTree = "<group>"; };
		EAF4EA0E0C5CC687003EC697 /* AKColorCell.m */ = {isa = PBXFileReference; fileEncoding = 4; lastKnownFileType = sourcecode.c.objc; path = AKColorCell.m; sourceTree = "<group>"; };
		EAF4EACD0C5F90B1003EC697 /* AKColorExtensions.h */ = {isa = PBXFileReference; fileEncoding = 4; lastKnownFileType = sourcecode.c.h; path = AKColorExtensions.h; sourceTree = "<group>"; };
		EAF4EACE0C5F90B1003EC697 /* AKColorExtensions.m */ = {isa = PBXFileReference; fileEncoding = 4; lastKnownFileType = sourcecode.c.objc; path = AKColorExtensions.m; sourceTree = "<group>"; };
		EAF8826E0B5DC0BD00373CEF /* XTVDParser.h */ = {isa = PBXFileReference; fileEncoding = 4; lastKnownFileType = sourcecode.c.h; path = XTVDParser.h; sourceTree = "<group>"; };
		EAF8826F0B5DC0BD00373CEF /* XTVDParser.m */ = {isa = PBXFileReference; fileEncoding = 4; lastKnownFileType = sourcecode.c.objc; path = XTVDParser.m; sourceTree = "<group>"; };
		EAF8830E0B5DCE4800373CEF /* Z2ITStation.h */ = {isa = PBXFileReference; fileEncoding = 4; lastKnownFileType = sourcecode.c.h; path = Z2ITStation.h; sourceTree = "<group>"; };
		EAF8830F0B5DCE4800373CEF /* Z2ITStation.m */ = {isa = PBXFileReference; fileEncoding = 4; lastKnownFileType = sourcecode.c.objc; path = Z2ITStation.m; sourceTree = "<group>"; };
		EAF883DC0B5ECB5B00373CEF /* Z2ITLineup.h */ = {isa = PBXFileReference; fileEncoding = 4; lastKnownFileType = sourcecode.c.h; path = Z2ITLineup.h; sourceTree = "<group>"; };
		EAF883DD0B5ECB5B00373CEF /* Z2ITLineup.m */ = {isa = PBXFileReference; fileEncoding = 4; lastKnownFileType = sourcecode.c.objc; path = Z2ITLineup.m; sourceTree = "<group>"; };
		EAF8850D0B6024A800373CEF /* Z2ITLineupMap.h */ = {isa = PBXFileReference; fileEncoding = 4; lastKnownFileType = sourcecode.c.h; path = Z2ITLineupMap.h; sourceTree = "<group>"; };
		EAF8850E0B6024A800373CEF /* Z2ITLineupMap.m */ = {isa = PBXFileReference; fileEncoding = 4; lastKnownFileType = sourcecode.c.objc; path = Z2ITLineupMap.m; sourceTree = "<group>"; };
		EAF886390B61598700373CEF /* Z2ITProgram.h */ = {isa = PBXFileReference; fileEncoding = 4; lastKnownFileType = sourcecode.c.h; path = Z2ITProgram.h; sourceTree = "<group>"; };
		EAF8863A0B61598700373CEF /* Z2ITProgram.m */ = {isa = PBXFileReference; fileEncoding = 4; lastKnownFileType = sourcecode.c.objc; path = Z2ITProgram.m; sourceTree = "<group>"; };
		EAF8867B0B61740300373CEF /* Z2ITSchedule.h */ = {isa = PBXFileReference; fileEncoding = 4; lastKnownFileType = sourcecode.c.h; path = Z2ITSchedule.h; sourceTree = "<group>"; };
		EAF8867C0B61740300373CEF /* Z2ITSchedule.m */ = {isa = PBXFileReference; fileEncoding = 4; lastKnownFileType = sourcecode.c.objc; path = Z2ITSchedule.m; sourceTree = "<group>"; };
		EAF886900B6293B200373CEF /* CoreData_Macros.h */ = {isa = PBXFileReference; fileEncoding = 4; lastKnownFileType = sourcecode.c.h; path = CoreData_Macros.h; sourceTree = "<group>"; };
		EAF890150B66DC8400373CEF /* ScheduleHeaderView.h */ = {isa = PBXFileReference; fileEncoding = 4; lastKnownFileType = sourcecode.c.h; path = ScheduleHeaderView.h; sourceTree = "<group>"; };
		EAF890160B66DC8400373CEF /* ScheduleHeaderView.m */ = {isa = PBXFileReference; fileEncoding = 4; lastKnownFileType = sourcecode.c.objc; path = ScheduleHeaderView.m; sourceTree = "<group>"; };
		EAF8919A0B66F2D200373CEF /* iTableColumnHeaderCell.h */ = {isa = PBXFileReference; fileEncoding = 30; lastKnownFileType = sourcecode.c.h; path = iTableColumnHeaderCell.h; sourceTree = SOURCE_ROOT; };
		EAF8919B0B66F2D200373CEF /* iTableColumnHeaderCell.m */ = {isa = PBXFileReference; fileEncoding = 30; lastKnownFileType = sourcecode.c.objc; path = iTableColumnHeaderCell.m; sourceTree = SOURCE_ROOT; };
		EAF8956A0B69023D00373CEF /* ScheduleStationColumnView.h */ = {isa = PBXFileReference; fileEncoding = 4; lastKnownFileType = sourcecode.c.h; path = ScheduleStationColumnView.h; sourceTree = "<group>"; };
		EAF8956B0B69023D00373CEF /* ScheduleStationColumnView.m */ = {isa = PBXFileReference; fileEncoding = 4; lastKnownFileType = sourcecode.c.objc; path = ScheduleStationColumnView.m; sourceTree = "<group>"; };
		EAF89D8C0B6A8CFD00373CEF /* ScheduleView.h */ = {isa = PBXFileReference; fileEncoding = 4; lastKnownFileType = sourcecode.c.h; path = ScheduleView.h; sourceTree = "<group>"; };
		EAF89D8D0B6A8CFD00373CEF /* ScheduleView.m */ = {isa = PBXFileReference; fileEncoding = 4; lastKnownFileType = sourcecode.c.objc; path = ScheduleView.m; sourceTree = "<group>"; };
		EAF923A00CCEA08400CEBD73 /* TV-14.png */ = {isa = PBXFileReference; lastKnownFileType = image.png; name = "TV-14.png"; path = "Images/TV-14.png"; sourceTree = "<group>"; };
		EAF923A10CCEA08400CEBD73 /* TV-G.png */ = {isa = PBXFileReference; lastKnownFileType = image.png; name = "TV-G.png"; path = "Images/TV-G.png"; sourceTree = "<group>"; };
		EAF923A20CCEA08400CEBD73 /* TV-MA.png */ = {isa = PBXFileReference; lastKnownFileType = image.png; name = "TV-MA.png"; path = "Images/TV-MA.png"; sourceTree = "<group>"; };
		EAF923A30CCEA08400CEBD73 /* TV-PG.png */ = {isa = PBXFileReference; lastKnownFileType = image.png; name = "TV-PG.png"; path = "Images/TV-PG.png"; sourceTree = "<group>"; };
		EAF923A40CCEA08400CEBD73 /* TV-Y.png */ = {isa = PBXFileReference; lastKnownFileType = image.png; name = "TV-Y.png"; path = "Images/TV-Y.png"; sourceTree = "<group>"; };
		EAF923A50CCEA08400CEBD73 /* TV-Y7.png */ = {isa = PBXFileReference; lastKnownFileType = image.png; name = "TV-Y7.png"; path = "Images/TV-Y7.png"; sourceTree = "<group>"; };
		EAF923A60CCEA08400CEBD73 /* TV-Y7FV.png */ = {isa = PBXFileReference; lastKnownFileType = image.png; name = "TV-Y7FV.png"; path = "Images/TV-Y7FV.png"; sourceTree = "<group>"; };
/* End PBXFileReference section */

/* Begin PBXFrameworksBuildPhase section */
		8D11072E0486CEB800E47090 /* Frameworks */ = {
			isa = PBXFrameworksBuildPhase;
			buildActionMask = 2147483647;
			files = (
				8D11072F0486CEB800E47090 /* Cocoa.framework in Frameworks */,
				EA2EE0680C07D4890002420F /* libhdhomerun.a in Frameworks */,
				EA20ADB70C23307800A9BDBD /* CoreData.framework in Frameworks */,
				EA20ADBA0C2330AC00A9BDBD /* Security.framework in Frameworks */,
				EA20AE2E0C23612800A9BDBD /* SyncServices.framework in Frameworks */,
			);
			runOnlyForDeploymentPostprocessing = 0;
		};
		EA2EE03C0C07D2250002420F /* Frameworks */ = {
			isa = PBXFrameworksBuildPhase;
			buildActionMask = 2147483647;
			files = (
			);
			runOnlyForDeploymentPostprocessing = 0;
		};
		EAEC092B0C272E1200C40D5A /* Frameworks */ = {
			isa = PBXFrameworksBuildPhase;
			buildActionMask = 2147483647;
			files = (
				EAEC09630C27452600C40D5A /* CoreData.framework in Frameworks */,
				EAEC09640C27452C00C40D5A /* SyncServices.framework in Frameworks */,
				EAEC09650C27453200C40D5A /* Cocoa.framework in Frameworks */,
				EAEC09D80C275BC500C40D5A /* Security.framework in Frameworks */,
				EA289D250C720FF900D2EE7B /* libhdhomerun.a in Frameworks */,
				EA6AB6A40CBD7ABC003C3CB6 /* libhb.a in Frameworks */,
				EA6AB6FF0CBD928E003C3CB6 /* liba52.a in Frameworks */,
				EA6AB7000CBD928E003C3CB6 /* libavcodec.a in Frameworks */,
				EA6AB7010CBD928E003C3CB6 /* libavformat.a in Frameworks */,
				EA6AB7020CBD928E003C3CB6 /* libavutil.a in Frameworks */,
				EA6AB7030CBD928E003C3CB6 /* libdca.a in Frameworks */,
				EA6AB7040CBD928E003C3CB6 /* libdvdcss.a in Frameworks */,
				EA6AB7050CBD928E003C3CB6 /* libdvdread.a in Frameworks */,
				EA6AB7060CBD928E003C3CB6 /* libfaac.a in Frameworks */,
				EA6AB7070CBD928E003C3CB6 /* libmkv.a in Frameworks */,
				EA6AB7080CBD928E003C3CB6 /* libmp3lame.a in Frameworks */,
				EA6AB7090CBD928E003C3CB6 /* libmp4v2.a in Frameworks */,
				EA6AB70A0CBD928E003C3CB6 /* libmpeg2.a in Frameworks */,
				EA6AB70B0CBD928E003C3CB6 /* libogg.a in Frameworks */,
				EA6AB70C0CBD928E003C3CB6 /* libsamplerate.a in Frameworks */,
				EA6AB70D0CBD928E003C3CB6 /* libswscale.a in Frameworks */,
				EA6AB70E0CBD928E003C3CB6 /* libvorbis.a in Frameworks */,
				EA6AB70F0CBD928E003C3CB6 /* libvorbisenc.a in Frameworks */,
				EA6AB7100CBD928E003C3CB6 /* libx264.a in Frameworks */,
				EA6AB7110CBD928E003C3CB6 /* libxvidcore.a in Frameworks */,
				EA7002880CC4288500DA9542 /* ScriptingBridge.framework in Frameworks */,
			);
			runOnlyForDeploymentPostprocessing = 0;
		};
/* End PBXFrameworksBuildPhase section */

/* Begin PBXGroup section */
		080E96DDFE201D6D7F000001 /* Classes */ = {
			isa = PBXGroup;
			children = (
				EA308FB40C66A70D0005E89B /* Support Classes */,
				EAF890120B66DC6400373CEF /* View & UI Classes */,
				EAF890110B66DC2E00373CEF /* Data & XML Classes */,
				77C8280B06725ACE000B614F /* recsched_AppDelegate.h */,
				77C8280C06725ACE000B614F /* recsched_AppDelegate.m */,
				EA06742F0B58084D009B0E27 /* MainWindowController.h */,
				EA0674300B58084D009B0E27 /* MainWindowController.m */,
				EA5FAEA50B6D75CE00CCD5D5 /* Preferences.h */,
				EA5FAEA60B6D75CE00CCD5D5 /* Preferences.m */,
				EA20BFB10B9661F8009EDC44 /* ProgramSearchViewController.h */,
				EA20BFB20B9661F8009EDC44 /* ProgramSearchViewController.m */,
				EA3090C20C6AB59E0005E89B /* RSWishlistController.h */,
				EA3090C30C6AB59E0005E89B /* RSWishlistController.m */,
				EA4BA1160C84A23500FBAF95 /* RSCommonAppDelegate.h */,
				EA4BA1170C84A23600FBAF95 /* RSCommonAppDelegate.m */,
				EA8E1C200CC92ED700DD109F /* PreferenceKeys.m */,
				EA8E1C220CC92F0600DD109F /* PreferenceKeys.h */,
			);
			name = Classes;
			sourceTree = "<group>";
		};
		1058C7A0FEA54F0111CA2CBB /* Linked Frameworks */ = {
			isa = PBXGroup;
			children = (
				1058C7A1FEA54F0111CA2CBB /* Cocoa.framework */,
			);
			name = "Linked Frameworks";
			sourceTree = "<group>";
		};
		1058C7A2FEA54F0111CA2CBB /* Other Frameworks */ = {
			isa = PBXGroup;
			children = (
				77C82804067257F0000B614F /* CoreData.framework */,
				29B97325FDCFA39411CA2CEA /* Foundation.framework */,
				29B97324FDCFA39411CA2CEA /* AppKit.framework */,
			);
			name = "Other Frameworks";
			sourceTree = "<group>";
		};
		19C28FACFE9D520D11CA2CBB /* Products */ = {
			isa = PBXGroup;
			children = (
				8D1107320486CEB800E47090 /* iOnTV.app */,
				EA2EE03E0C07D2250002420F /* libhdhomerun.a */,
				EAEC092D0C272E1300C40D5A /* recsched_bkgd.app */,
			);
			name = Products;
			sourceTree = "<group>";
		};
		29B97314FDCFA39411CA2CEA /* recsched */ = {
			isa = PBXGroup;
			children = (
				EA6AB6A20CBD7A94003C3CB6 /* libhb */,
				EA2EE0280C07D1EA0002420F /* libhdhomerun */,
				EAE655370B9D0A3100CDB279 /* Background App */,
				7756732906782D8800D1FEB8 /* Models */,
				080E96DDFE201D6D7F000001 /* Classes */,
				29B97315FDCFA39411CA2CEA /* Other Sources */,
				29B97317FDCFA39411CA2CEA /* Resources */,
				29B97323FDCFA39411CA2CEA /* Frameworks */,
				19C28FACFE9D520D11CA2CBB /* Products */,
			);
			name = recsched;
			sourceTree = "<group>";
		};
		29B97315FDCFA39411CA2CEA /* Other Sources */ = {
			isa = PBXGroup;
			children = (
				32CA4F630368D1EE00C91783 /* recsched_Prefix.pch */,
				29B97316FDCFA39411CA2CEA /* main.m */,
				EAE655730B9E691000CDB279 /* RecSchedProtocol.h */,
				EA686D760CA96FD200185188 /* RSActivityDisplayProtocol.h */,
				EA686D7D0CA9985400185188 /* RSStoreUpdateProtocol.h */,
			);
			name = "Other Sources";
			sourceTree = "<group>";
		};
		29B97317FDCFA39411CA2CEA /* Resources */ = {
			isa = PBXGroup;
			children = (
				EA490DB80CAF376E00A1DE02 /* ActivityAggregateView.xib */,
				EA72A7A90C260D79009C63E5 /* ClientDescription.plist */,
				EA20AE280C23608C00A9BDBD /* ClientDescription_Server.plist */,
				EA20AE010C23589700A9BDBD /* recsched.syncschema */,
				EA2939860C0CC89E0053E2B8 /* Images */,
				EA5FB6D70B7028B000CCD5D5 /* UserDefaults.plist */,
				EA5FAEBD0B6D788500CCD5D5 /* Preferences.nib */,
				8D1107310486CEB800E47090 /* Info.plist */,
				089C165CFE840E0CC02AAC07 /* InfoPlist.strings */,
				29B97318FDCFA39411CA2CEA /* MainMenu.nib */,
				EA4909E50CADD0EB00A1DE02 /* Activity.xib */,
			);
			name = Resources;
			sourceTree = "<group>";
		};
		29B97323FDCFA39411CA2CEA /* Frameworks */ = {
			isa = PBXGroup;
			children = (
				EA7002870CC4288500DA9542 /* ScriptingBridge.framework */,
				EA20AE2D0C23612800A9BDBD /* SyncServices.framework */,
				EA20ADB90C2330AC00A9BDBD /* Security.framework */,
				1058C7A0FEA54F0111CA2CBB /* Linked Frameworks */,
				1058C7A2FEA54F0111CA2CBB /* Other Frameworks */,
			);
			name = Frameworks;
			sourceTree = "<group>";
		};
		7756732906782D8800D1FEB8 /* Models */ = {
			isa = PBXGroup;
			children = (
				EA70E7200CC0164600C3B295 /* recsched.xcmappingmodel */,
				EAE3FB280C727D80005E9CA8 /* recsched_DataModel.xcdatamodeld */,
			);
			name = Models;
			sourceTree = "<group>";
		};
		EA2939860C0CC89E0053E2B8 /* Images */ = {
			isa = PBXGroup;
			children = (
				EAF923A00CCEA08400CEBD73 /* TV-14.png */,
				EAF923A10CCEA08400CEBD73 /* TV-G.png */,
				EAF923A20CCEA08400CEBD73 /* TV-MA.png */,
				EAF923A30CCEA08400CEBD73 /* TV-PG.png */,
				EAF923A40CCEA08400CEBD73 /* TV-Y.png */,
				EAF923A50CCEA08400CEBD73 /* TV-Y7.png */,
				EAF923A60CCEA08400CEBD73 /* TV-Y7FV.png */,
				EA8E1C570CC9408800DD109F /* HardDrive.tiff */,
				EA490BB30CAEDB8100A1DE02 /* Activity_Stop.tif */,
				EA490BB40CAEDB8100A1DE02 /* Activity_StopPressed.tif */,
				EA93F3980C922E53004788CF /* iOnTV.icns */,
				EA3B40550C8C7AEE0042C793 /* closebox.png */,
				EA3B40560C8C7AEE0042C793 /* closebox_pressed.png */,
				EAD4C5AB0B8CEBD10017FF69 /* headphone.tif */,
				EA0888150B86B16C00809664 /* CC.tif */,
				EA0888160B86B16C00809664 /* HD.tif */,
				EA5FC2B00B73EB1300CCD5D5 /* back_arrow.tif */,
				EA5FC2B20B73EB2F00CCD5D5 /* forward_arrow.tif */,
			);
			name = Images;
			sourceTree = "<group>";
		};
		EA2EE0280C07D1EA0002420F /* libhdhomerun */ = {
			isa = PBXGroup;
			children = (
				EA2EE0290C07D2130002420F /* hdhomerun_channelscan.c */,
				EA2EE02A0C07D2130002420F /* hdhomerun_channelscan.h */,
				EA2EE02B0C07D2130002420F /* hdhomerun_config.c */,
				EA2EE02C0C07D2130002420F /* hdhomerun_control.c */,
				EA2EE02D0C07D2130002420F /* hdhomerun_control.h */,
				EA2EE02E0C07D2130002420F /* hdhomerun_debug.c */,
				EA2EE02F0C07D2130002420F /* hdhomerun_debug.h */,
				EA2EE0300C07D2130002420F /* hdhomerun_device.c */,
				EA2EE0310C07D2130002420F /* hdhomerun_device.h */,
				EA2EE0320C07D2130002420F /* hdhomerun_discover.c */,
				EA2EE0330C07D2130002420F /* hdhomerun_discover.h */,
				EA2EE0340C07D2130002420F /* hdhomerun_os.h */,
				EA2EE0350C07D2130002420F /* hdhomerun_pkt.c */,
				EA2EE0360C07D2130002420F /* hdhomerun_pkt.h */,
				EA2EE0370C07D2130002420F /* hdhomerun_video.c */,
				EA2EE0380C07D2130002420F /* hdhomerun_video.h */,
				EA2EE0390C07D2130002420F /* hdhomerun.h */,
			);
			name = libhdhomerun;
			sourceTree = "<group>";
		};
		EA308FB40C66A70D0005E89B /* Support Classes */ = {
			isa = PBXGroup;
			children = (
				EA308FB50C66A7470005E89B /* RSColorDictionary.h */,
				EA308FB60C66A7470005E89B /* RSColorDictionary.m */,
			);
			name = "Support Classes";
			sourceTree = "<group>";
		};
		EA6AB6A20CBD7A94003C3CB6 /* libhb */ = {
			isa = PBXGroup;
			children = (
				EA6AB7120CBD9294003C3CB6 /* contrib */,
				EA6AB6A30CBD7ABB003C3CB6 /* libhb.a */,
			);
			name = libhb;
			sourceTree = "<group>";
		};
		EA6AB7120CBD9294003C3CB6 /* contrib */ = {
			isa = PBXGroup;
			children = (
				EA6AB6EC0CBD928E003C3CB6 /* liba52.a */,
				EA6AB6ED0CBD928E003C3CB6 /* libavcodec.a */,
				EA6AB6EE0CBD928E003C3CB6 /* libavformat.a */,
				EA6AB6EF0CBD928E003C3CB6 /* libavutil.a */,
				EA6AB6F00CBD928E003C3CB6 /* libdca.a */,
				EA6AB6F10CBD928E003C3CB6 /* libdvdcss.a */,
				EA6AB6F20CBD928E003C3CB6 /* libdvdread.a */,
				EA6AB6F30CBD928E003C3CB6 /* libfaac.a */,
				EA6AB6F40CBD928E003C3CB6 /* libmkv.a */,
				EA6AB6F50CBD928E003C3CB6 /* libmp3lame.a */,
				EA6AB6F60CBD928E003C3CB6 /* libmp4v2.a */,
				EA6AB6F70CBD928E003C3CB6 /* libmpeg2.a */,
				EA6AB6F80CBD928E003C3CB6 /* libogg.a */,
				EA6AB6F90CBD928E003C3CB6 /* libsamplerate.a */,
				EA6AB6FA0CBD928E003C3CB6 /* libswscale.a */,
				EA6AB6FB0CBD928E003C3CB6 /* libvorbis.a */,
				EA6AB6FC0CBD928E003C3CB6 /* libvorbisenc.a */,
				EA6AB6FD0CBD928E003C3CB6 /* libx264.a */,
				EA6AB6FE0CBD928E003C3CB6 /* libxvidcore.a */,
			);
			name = contrib;
			sourceTree = "<group>";
		};
		EAE655370B9D0A3100CDB279 /* Background App */ = {
			isa = PBXGroup;
			children = (
				EA7002860CC4285D00DA9542 /* iTunes_ScriptingBridge.h */,
				EA20AF000C25CCA200A9BDBD /* RecordingThread.h */,
				EA20AF010C25CCA200A9BDBD /* RecordingThread.m */,
				EAE6553F0B9D0A7600CDB279 /* recsched_bkgd_prefix.pch */,
				EAE655580B9D1A8300CDB279 /* RecSchedServer.h */,
				EAE655590B9D1A8300CDB279 /* RecSchedServer.m */,
				EA083DF50BA62A5F003C27FA /* recsched_bkgd-Info.plist */,
				EAEC09360C272E8800C40D5A /* recsched_bkgd_main.m */,
				EAEC09560C27422800C40D5A /* recsched_bkgd_AppDelegate.h */,
				EAEC09570C27422800C40D5A /* recsched_bkgd_AppDelegate.m */,
				EA6AB7190CBD93AB003C3CB6 /* EmptyCPlusPlus.mm */,
				EA6AB7200CBDA2E2003C3CB6 /* RSTranscodeController.h */,
				EA6AB7210CBDA2E2003C3CB6 /* RSTranscodeController.m */,
				EA70E8950CC06ED500C3B295 /* RSTranscodingImp.h */,
				EA70E8960CC06ED500C3B295 /* RSTranscodingImp.m */,
			);
			name = "Background App";
			sourceTree = "<group>";
		};
		EAF890110B66DC2E00373CEF /* Data & XML Classes */ = {
			isa = PBXGroup;
			children = (
				EA2EE0760C07D57A0002420F /* HDHomeRunMO.h */,
				EA2EE0770C07D57A0002420F /* HDHomeRunMO.m */,
				EA2EE1040C07DCC70002420F /* HDHomeRunTuner.h */,
				EA2EE1050C07DCC70002420F /* HDHomeRunTuner.m */,
				EA083E460BA77D47003C27FA /* Z2ITScheduleExtras.h */,
				EA083E470BA77D47003C27FA /* Z2ITScheduleExtras.m */,
				EAF886900B6293B200373CEF /* CoreData_Macros.h */,
				EA06743D0B580B4D009B0E27 /* tvDataDelivery.h */,
				EA06743E0B580B4D009B0E27 /* tvDataDelivery.m */,
				EA06743F0B580B4D009B0E27 /* WSGeneratedObj.h */,
				EA0674400B580B4D009B0E27 /* WSGeneratedObj.m */,
				EAF8826E0B5DC0BD00373CEF /* XTVDParser.h */,
				EAF8826F0B5DC0BD00373CEF /* XTVDParser.m */,
				EAF8850D0B6024A800373CEF /* Z2ITLineupMap.h */,
				EAF8850E0B6024A800373CEF /* Z2ITLineupMap.m */,
				EAF8830E0B5DCE4800373CEF /* Z2ITStation.h */,
				EAF8830F0B5DCE4800373CEF /* Z2ITStation.m */,
				EAF883DC0B5ECB5B00373CEF /* Z2ITLineup.h */,
				EAF883DD0B5ECB5B00373CEF /* Z2ITLineup.m */,
				EAF886390B61598700373CEF /* Z2ITProgram.h */,
				EAF8863A0B61598700373CEF /* Z2ITProgram.m */,
				EAF8867B0B61740300373CEF /* Z2ITSchedule.h */,
				EAF8867C0B61740300373CEF /* Z2ITSchedule.m */,
				EA93F8170C9C4A6E004788CF /* RSRecording.h */,
				EA93F8180C9C4A6E004788CF /* RSRecording.m */,
				EA70E7110CC012C100C3B295 /* RSTranscoding.h */,
				EA70E7120CC012C100C3B295 /* RSTranscoding.m */,
			);
			name = "Data & XML Classes";
			sourceTree = "<group>";
		};
		EAF890120B66DC6400373CEF /* View & UI Classes */ = {
			isa = PBXGroup;
			children = (
				EA293F650C10BA950053E2B8 /* XMLParsingProgressDisplayProtocol.h */,
				EA5FAFC10B6FB49400CCD5D5 /* FixedNSControl.h */,
				EA5FAFC20B6FB49400CCD5D5 /* FixedNSControl.m */,
				EAF8919A0B66F2D200373CEF /* iTableColumnHeaderCell.h */,
				EAF8919B0B66F2D200373CEF /* iTableColumnHeaderCell.m */,
				EAF890150B66DC8400373CEF /* ScheduleHeaderView.h */,
				EAF890160B66DC8400373CEF /* ScheduleHeaderView.m */,
				EAF8956A0B69023D00373CEF /* ScheduleStationColumnView.h */,
				EAF8956B0B69023D00373CEF /* ScheduleStationColumnView.m */,
				EAF89D8C0B6A8CFD00373CEF /* ScheduleView.h */,
				EAF89D8D0B6A8CFD00373CEF /* ScheduleView.m */,
				EA5FAFC80B6FB50D00CCD5D5 /* DiscreteDurationSlider.h */,
				EA5FAFC90B6FB50D00CCD5D5 /* DiscreteDurationSlider.m */,
				EA5FAFD60B6FB58900CCD5D5 /* DiscreteDurationSliderCell.h */,
				EA5FAFD70B6FB58900CCD5D5 /* DiscreteDurationSliderCell.m */,
				EA5FBEAD0B724DB300CCD5D5 /* ScheduleGridView.h */,
				EA5FBEAE0B724DB400CCD5D5 /* ScheduleGridView.m */,
				EA5FC2A30B73E20C00CCD5D5 /* ScheduleViewController.h */,
				EA5FC2A40B73E20C00CCD5D5 /* ScheduleViewController.m */,
				EA29391C0C0CB2740053E2B8 /* HexNumberFormatter.h */,
				EA29391D0C0CB2740053E2B8 /* HexNumberFormatter.m */,
				EA293ACD0C0D95F00053E2B8 /* PolishedBackgroundView.h */,
				EA293ACE0C0D95F00053E2B8 /* PolishedBackgroundView.m */,
				EA293E870C10A8040053E2B8 /* ChannelScanProgressDisplayProtocol.h */,
				EADCD96F0C3EC4CF0005A5B4 /* AKSourceTableClasses.h */,
				EADCD9700C3EC4CF0005A5B4 /* AKSourceTableClasses.m */,
				EAF4EA0D0C5CC686003EC697 /* AKColorCell.h */,
				EAF4EA0E0C5CC687003EC697 /* AKColorCell.m */,
				EAF4EACD0C5F90B1003EC697 /* AKColorExtensions.h */,
				EAF4EACE0C5F90B1003EC697 /* AKColorExtensions.m */,
				EA977F5B0C8992CF0043B79E /* RSOutlineView.h */,
				EA977F5C0C8992CF0043B79E /* RSOutlineView.m */,
				EA3B404E0C8C79470042C793 /* ScheduleDetailsPopupView.h */,
				EA3B404F0C8C79470042C793 /* ScheduleDetailsPopupView.m */,
				EA686CE80CA95F5600185188 /* RSActivityViewController.h */,
				EA686CE90CA95F5600185188 /* RSActivityViewController.m */,
				EA490BD70CAEE61E00A1DE02 /* RSActivityListView.h */,
				EA490BD80CAEE61E00A1DE02 /* RSActivityListView.m */,
			);
			name = "View & UI Classes";
			sourceTree = "<group>";
		};
/* End PBXGroup section */

/* Begin PBXHeadersBuildPhase section */
		EA2EE03A0C07D2250002420F /* Headers */ = {
			isa = PBXHeadersBuildPhase;
			buildActionMask = 2147483647;
			files = (
			);
			runOnlyForDeploymentPostprocessing = 0;
		};
/* End PBXHeadersBuildPhase section */

/* Begin PBXNativeTarget section */
		8D1107260486CEB800E47090 /* recsched */ = {
			isa = PBXNativeTarget;
			buildConfigurationList = 26FC0A840875C7B200E6366F /* Build configuration list for PBXNativeTarget "recsched" */;
			buildPhases = (
				8D1107290486CEB800E47090 /* Resources */,
				8D11072C0486CEB800E47090 /* Sources */,
				8D11072E0486CEB800E47090 /* Frameworks */,
			);
			buildRules = (
			);
			dependencies = (
				EA2EE04F0C07D3130002420F /* PBXTargetDependency */,
			);
			name = recsched;
			productInstallPath = "$(HOME)/Applications";
			productName = recsched;
			productReference = 8D1107320486CEB800E47090 /* iOnTV.app */;
			productType = "com.apple.product-type.application";
		};
		EA2EE03D0C07D2250002420F /* libhdhomerun */ = {
			isa = PBXNativeTarget;
			buildConfigurationList = EA2EE04A0C07D26E0002420F /* Build configuration list for PBXNativeTarget "libhdhomerun" */;
			buildPhases = (
				EA2EE03A0C07D2250002420F /* Headers */,
				EA2EE03B0C07D2250002420F /* Sources */,
				EA2EE03C0C07D2250002420F /* Frameworks */,
			);
			buildRules = (
			);
			dependencies = (
			);
			name = libhdhomerun;
			productName = libhdhomerun;
			productReference = EA2EE03E0C07D2250002420F /* libhdhomerun.a */;
			productType = "com.apple.product-type.library.static";
		};
		EAEC092C0C272E1200C40D5A /* recsched_bkgd */ = {
			isa = PBXNativeTarget;
			buildConfigurationList = EAEC09340C272E4E00C40D5A /* Build configuration list for PBXNativeTarget "recsched_bkgd" */;
			buildPhases = (
				EAEC09290C272E1200C40D5A /* Resources */,
				EAEC092A0C272E1200C40D5A /* Sources */,
				EAEC092B0C272E1200C40D5A /* Frameworks */,
			);
			buildRules = (
			);
			dependencies = (
				EA289D270C72100600D2EE7B /* PBXTargetDependency */,
			);
			name = recsched_bkgd;
			productName = recsched_bkgd;
			productReference = EAEC092D0C272E1300C40D5A /* recsched_bkgd.app */;
			productType = "com.apple.product-type.application";
		};
/* End PBXNativeTarget section */

/* Begin PBXProject section */
		29B97313FDCFA39411CA2CEA /* Project object */ = {
			isa = PBXProject;
			buildConfigurationList = 26FC0A880875C7B200E6366F /* Build configuration list for PBXProject "recsched" */;
			compatibilityVersion = "Xcode 3.0";
			hasScannedForEncodings = 1;
			mainGroup = 29B97314FDCFA39411CA2CEA /* recsched */;
			projectDirPath = "";
			projectRoot = "";
			targets = (
				8D1107260486CEB800E47090 /* recsched */,
				EA083F720BADD1F7003C27FA /* All recsched */,
				EA2EE03D0C07D2250002420F /* libhdhomerun */,
				EAEC092C0C272E1200C40D5A /* recsched_bkgd */,
			);
		};
/* End PBXProject section */

/* Begin PBXResourcesBuildPhase section */
		8D1107290486CEB800E47090 /* Resources */ = {
			isa = PBXResourcesBuildPhase;
			buildActionMask = 2147483647;
			files = (
				8D11072A0486CEB800E47090 /* MainMenu.nib in Resources */,
				8D11072B0486CEB800E47090 /* InfoPlist.strings in Resources */,
				EA5FAEBE0B6D788500CCD5D5 /* Preferences.nib in Resources */,
				EA5FB6D80B7028B000CCD5D5 /* UserDefaults.plist in Resources */,
				EA5FC2B10B73EB1300CCD5D5 /* back_arrow.tif in Resources */,
				EA5FC2B30B73EB2F00CCD5D5 /* forward_arrow.tif in Resources */,
				EA08881E0B86B16D00809664 /* CC.tif in Resources */,
				EA08881F0B86B16D00809664 /* HD.tif in Resources */,
				EAD4C5AC0B8CEBD10017FF69 /* headphone.tif in Resources */,
				EA3B40570C8C7AEE0042C793 /* closebox.png in Resources */,
				EA3B40580C8C7AEE0042C793 /* closebox_pressed.png in Resources */,
				EA93F3990C922E53004788CF /* iOnTV.icns in Resources */,
				EA4909E60CADD0EB00A1DE02 /* Activity.xib in Resources */,
				EA490BB50CAEDB8100A1DE02 /* Activity_Stop.tif in Resources */,
				EA490BB60CAEDB8100A1DE02 /* Activity_StopPressed.tif in Resources */,
				EA490DBA0CAF376E00A1DE02 /* ActivityAggregateView.xib in Resources */,
				EA8E1C580CC9408800DD109F /* HardDrive.tiff in Resources */,
				EAF923A70CCEA08400CEBD73 /* TV-14.png in Resources */,
				EAF923A80CCEA08400CEBD73 /* TV-G.png in Resources */,
				EAF923A90CCEA08400CEBD73 /* TV-MA.png in Resources */,
				EAF923AA0CCEA08400CEBD73 /* TV-PG.png in Resources */,
				EAF923AB0CCEA08400CEBD73 /* TV-Y.png in Resources */,
				EAF923AC0CCEA08400CEBD73 /* TV-Y7.png in Resources */,
				EAF923AD0CCEA08400CEBD73 /* TV-Y7FV.png in Resources */,
			);
			runOnlyForDeploymentPostprocessing = 0;
		};
		EAEC09290C272E1200C40D5A /* Resources */ = {
			isa = PBXResourcesBuildPhase;
			buildActionMask = 2147483647;
			files = (
				EA8E1BF60CC84F8800DD109F /* UserDefaults.plist in Resources */,
			);
			runOnlyForDeploymentPostprocessing = 0;
		};
/* End PBXResourcesBuildPhase section */

/* Begin PBXSourcesBuildPhase section */
		8D11072C0486CEB800E47090 /* Sources */ = {
			isa = PBXSourcesBuildPhase;
			buildActionMask = 2147483647;
			files = (
				8D11072D0486CEB800E47090 /* main.m in Sources */,
				77C8280E06725ACE000B614F /* recsched_AppDelegate.m in Sources */,
				EAE3FB290C727D80005E9CA8 /* recsched_DataModel.xcdatamodeld in Sources */,
				EA0674310B58084D009B0E27 /* MainWindowController.m in Sources */,
				EA0674410B580B4D009B0E27 /* tvDataDelivery.m in Sources */,
				EA0674420B580B4D009B0E27 /* WSGeneratedObj.m in Sources */,
				EAF882700B5DC0BD00373CEF /* XTVDParser.m in Sources */,
				EAF883100B5DCE4900373CEF /* Z2ITStation.m in Sources */,
				EAF883DE0B5ECB5B00373CEF /* Z2ITLineup.m in Sources */,
				EAF8850F0B6024A800373CEF /* Z2ITLineupMap.m in Sources */,
				EAF8863B0B61598700373CEF /* Z2ITProgram.m in Sources */,
				EAF8867D0B61740300373CEF /* Z2ITSchedule.m in Sources */,
				EAF890170B66DC8400373CEF /* ScheduleHeaderView.m in Sources */,
				EAF8919C0B66F2D300373CEF /* iTableColumnHeaderCell.m in Sources */,
				EAF8956C0B69023D00373CEF /* ScheduleStationColumnView.m in Sources */,
				EAF89D8E0B6A8CFD00373CEF /* ScheduleView.m in Sources */,
				EA5FAEA70B6D75CE00CCD5D5 /* Preferences.m in Sources */,
				EA5FAFC30B6FB49500CCD5D5 /* FixedNSControl.m in Sources */,
				EA5FAFCA0B6FB50D00CCD5D5 /* DiscreteDurationSlider.m in Sources */,
				EA5FAFD80B6FB58900CCD5D5 /* DiscreteDurationSliderCell.m in Sources */,
				EA5FBEAF0B724DB400CCD5D5 /* ScheduleGridView.m in Sources */,
				EA5FC2A50B73E20C00CCD5D5 /* ScheduleViewController.m in Sources */,
				EA20BFB30B9661F8009EDC44 /* ProgramSearchViewController.m in Sources */,
				EA083E480BA77D47003C27FA /* Z2ITScheduleExtras.m in Sources */,
				EA2EE0780C07D57A0002420F /* HDHomeRunMO.m in Sources */,
				EA2EE1060C07DCC70002420F /* HDHomeRunTuner.m in Sources */,
				EA29391E0C0CB2740053E2B8 /* HexNumberFormatter.m in Sources */,
				EA293ACF0C0D95F00053E2B8 /* PolishedBackgroundView.m in Sources */,
				EADCD9710C3EC4CF0005A5B4 /* AKSourceTableClasses.m in Sources */,
				EAF4EA220C5EB0AB003EC697 /* AKColorCell.m in Sources */,
				EAF4EACF0C5F90B1003EC697 /* AKColorExtensions.m in Sources */,
				EA308FB70C66A7470005E89B /* RSColorDictionary.m in Sources */,
				EA3090C40C6AB59F0005E89B /* RSWishlistController.m in Sources */,
				EA4BA1180C84A23600FBAF95 /* RSCommonAppDelegate.m in Sources */,
				EA977F5D0C8992CF0043B79E /* RSOutlineView.m in Sources */,
				EA3B40500C8C79470042C793 /* ScheduleDetailsPopupView.m in Sources */,
				EA93F8190C9C4A6E004788CF /* RSRecording.m in Sources */,
				EA686CEA0CA95F5600185188 /* RSActivityViewController.m in Sources */,
				EA490BD90CAEE61E00A1DE02 /* RSActivityListView.m in Sources */,
				EA70E7140CC012C100C3B295 /* RSTranscoding.m in Sources */,
				EA70E7210CC0164600C3B295 /* recsched.xcmappingmodel in Sources */,
				EA8E1C240CC92F6500DD109F /* PreferenceKeys.m in Sources */,
			);
			runOnlyForDeploymentPostprocessing = 0;
		};
		EA2EE03B0C07D2250002420F /* Sources */ = {
			isa = PBXSourcesBuildPhase;
			buildActionMask = 2147483647;
			files = (
				EA2EE03F0C07D2300002420F /* hdhomerun_channelscan.c in Sources */,
				EA2EE0400C07D2320002420F /* hdhomerun_config.c in Sources */,
				EA2EE0410C07D2340002420F /* hdhomerun_control.c in Sources */,
				EA2EE0420C07D23D0002420F /* hdhomerun_video.c in Sources */,
				EA2EE0430C07D23D0002420F /* hdhomerun_pkt.c in Sources */,
				EA2EE0440C07D23F0002420F /* hdhomerun_discover.c in Sources */,
				EA2EE0450C07D2400002420F /* hdhomerun_device.c in Sources */,
				EA2EE0460C07D2410002420F /* hdhomerun_debug.c in Sources */,
			);
			runOnlyForDeploymentPostprocessing = 0;
		};
		EAEC092A0C272E1200C40D5A /* Sources */ = {
			isa = PBXSourcesBuildPhase;
			buildActionMask = 2147483647;
			files = (
				EAEC09370C272E8800C40D5A /* recsched_bkgd_main.m in Sources */,
				EAEC09580C27422800C40D5A /* recsched_bkgd_AppDelegate.m in Sources */,
				EAE3FB2A0C727D80005E9CA8 /* recsched_DataModel.xcdatamodeld in Sources */,
				EAEC09D00C275AA400C40D5A /* RecSchedServer.m in Sources */,
				EAEC09D40C275B6400C40D5A /* tvDataDelivery.m in Sources */,
				EAEC09D50C275B6E00C40D5A /* Z2ITProgram.m in Sources */,
				EAEC09D70C275BB500C40D5A /* WSGeneratedObj.m in Sources */,
				EAEC09DA0C275BE700C40D5A /* RecordingThread.m in Sources */,
				EAEC09DC0C275C2100C40D5A /* Z2ITStation.m in Sources */,
				EAEC0A250C283C6F00C40D5A /* XTVDParser.m in Sources */,
				EAEC0A270C283C7F00C40D5A /* Z2ITLineup.m in Sources */,
				EAEC0A280C283C8100C40D5A /* Z2ITLineupMap.m in Sources */,
				EAEC0A290C283C8200C40D5A /* Z2ITSchedule.m in Sources */,
				EA308FE00C67C78A0005E89B /* RSColorDictionary.m in Sources */,
				EA289D160C720FCE00D2EE7B /* HDHomeRunTuner.m in Sources */,
				EA289D170C720FCF00D2EE7B /* HDHomeRunMO.m in Sources */,
				EA4BA1190C84A23600FBAF95 /* RSCommonAppDelegate.m in Sources */,
				EA93F81A0C9C4A6E004788CF /* RSRecording.m in Sources */,
				EA6AB71A0CBD93AB003C3CB6 /* EmptyCPlusPlus.mm in Sources */,
				EA6AB7220CBDA2E2003C3CB6 /* RSTranscodeController.m in Sources */,
				EA70E7130CC012C100C3B295 /* RSTranscoding.m in Sources */,
				EA70E7220CC0164600C3B295 /* recsched.xcmappingmodel in Sources */,
				EA70E8970CC06ED500C3B295 /* RSTranscodingImp.m in Sources */,
				EA8E1C210CC92ED700DD109F /* PreferenceKeys.m in Sources */,
			);
			runOnlyForDeploymentPostprocessing = 0;
		};
/* End PBXSourcesBuildPhase section */

/* Begin PBXTargetDependency section */
		EA083F740BADD1FD003C27FA /* PBXTargetDependency */ = {
			isa = PBXTargetDependency;
			target = 8D1107260486CEB800E47090 /* recsched */;
			targetProxy = EA083F730BADD1FD003C27FA /* PBXContainerItemProxy */;
		};
		EA289D270C72100600D2EE7B /* PBXTargetDependency */ = {
			isa = PBXTargetDependency;
			target = EA2EE03D0C07D2250002420F /* libhdhomerun */;
			targetProxy = EA289D260C72100600D2EE7B /* PBXContainerItemProxy */;
		};
		EA2EE04F0C07D3130002420F /* PBXTargetDependency */ = {
			isa = PBXTargetDependency;
			target = EA2EE03D0C07D2250002420F /* libhdhomerun */;
			targetProxy = EA2EE04E0C07D3130002420F /* PBXContainerItemProxy */;
		};
		EAEC094B0C27410700C40D5A /* PBXTargetDependency */ = {
			isa = PBXTargetDependency;
			target = EAEC092C0C272E1200C40D5A /* recsched_bkgd */;
			targetProxy = EAEC094A0C27410700C40D5A /* PBXContainerItemProxy */;
		};
/* End PBXTargetDependency section */

/* Begin PBXVariantGroup section */
		089C165CFE840E0CC02AAC07 /* InfoPlist.strings */ = {
			isa = PBXVariantGroup;
			children = (
				089C165DFE840E0CC02AAC07 /* English */,
			);
			name = InfoPlist.strings;
			sourceTree = "<group>";
		};
		29B97318FDCFA39411CA2CEA /* MainMenu.nib */ = {
			isa = PBXVariantGroup;
			children = (
				29B97319FDCFA39411CA2CEA /* English */,
			);
			name = MainMenu.nib;
			sourceTree = "<group>";
		};
		EA4909E50CADD0EB00A1DE02 /* Activity.xib */ = {
			isa = PBXVariantGroup;
			children = (
				EA4909E30CADD0E600A1DE02 /* English */,
			);
			name = Activity.xib;
			sourceTree = "<group>";
		};
		EA490DB80CAF376E00A1DE02 /* ActivityAggregateView.xib */ = {
			isa = PBXVariantGroup;
			children = (
				EA490DB90CAF376E00A1DE02 /* English */,
			);
			name = ActivityAggregateView.xib;
			sourceTree = "<group>";
		};
/* End PBXVariantGroup section */

/* Begin XCBuildConfiguration section */
		26FC0A850875C7B200E6366F /* Debug */ = {
			isa = XCBuildConfiguration;
			buildSettings = {
				COPY_PHASE_STRIP = NO;
				GCC_DYNAMIC_NO_PIC = NO;
				GCC_ENABLE_FIX_AND_CONTINUE = YES;
				GCC_ENABLE_OBJC_EXCEPTIONS = YES;
				GCC_MODEL_TUNING = G5;
				GCC_OPTIMIZATION_LEVEL = 0;
				GCC_PRECOMPILE_PREFIX_HEADER = YES;
				GCC_PREFIX_HEADER = recsched_Prefix.pch;
				HEADER_SEARCH_PATHS = (
					RBSplitView/Source,
					../libhdhomerun,
				);
				INFOPLIST_FILE = Info.plist;
				INSTALL_PATH = "$(HOME)/Applications";
				LIBRARY_SEARCH_PATHS = (
					"$(inherited)",
					"$(LIBRARY_SEARCH_PATHS_QUOTED_1)",
				);
				LIBRARY_SEARCH_PATHS_QUOTED_1 = "\"$(SRCROOT)/build/Debug\"";
				MACOSX_DEPLOYMENT_TARGET = 10.5;
				PRODUCT_NAME = iOnTV;
				WRAPPER_EXTENSION = app;
				ZERO_LINK = YES;
			};
			name = Debug;
		};
		26FC0A860875C7B200E6366F /* Release */ = {
			isa = XCBuildConfiguration;
			buildSettings = {
				ARCHS = (
					ppc,
					i386,
				);
				GCC_ENABLE_OBJC_EXCEPTIONS = YES;
				GCC_GENERATE_DEBUGGING_SYMBOLS = NO;
				GCC_MODEL_TUNING = G5;
				GCC_PRECOMPILE_PREFIX_HEADER = YES;
				GCC_PREFIX_HEADER = recsched_Prefix.pch;
				HEADER_SEARCH_PATHS = (
					RBSplitView/Source,
					../libhdhomerun,
				);
				INFOPLIST_FILE = Info.plist;
				INSTALL_PATH = "$(HOME)/Applications";
				LIBRARY_SEARCH_PATHS = (
					"$(inherited)",
					"$(LIBRARY_SEARCH_PATHS_QUOTED_1)",
				);
				LIBRARY_SEARCH_PATHS_QUOTED_1 = "\"$(SRCROOT)/build/Release\"";
				PRODUCT_NAME = recsched;
				WRAPPER_EXTENSION = app;
			};
			name = Release;
		};
		26FC0A890875C7B200E6366F /* Debug */ = {
			isa = XCBuildConfiguration;
			buildSettings = {
				GCC_WARN_ABOUT_RETURN_TYPE = YES;
				GCC_WARN_UNUSED_VARIABLE = YES;
				PREBINDING = NO;
				SDKROOT = "$(DEVELOPER_SDK_DIR)/MacOSX10.5.sdk";
			};
			name = Debug;
		};
		26FC0A8A0875C7B200E6366F /* Release */ = {
			isa = XCBuildConfiguration;
			buildSettings = {
				GCC_WARN_ABOUT_RETURN_TYPE = YES;
				GCC_WARN_UNUSED_VARIABLE = YES;
				PREBINDING = NO;
				SDKROOT = "$(DEVELOPER_SDK_DIR)/MacOSX10.5.sdk";
			};
			name = Release;
		};
		EA083FC80BAF827B003C27FA /* Debug */ = {
			isa = XCBuildConfiguration;
			buildSettings = {
				COPY_PHASE_STRIP = NO;
				GCC_DYNAMIC_NO_PIC = NO;
				GCC_GENERATE_DEBUGGING_SYMBOLS = YES;
				GCC_OPTIMIZATION_LEVEL = 0;
				PRODUCT_NAME = "All recsched";
			};
			name = Debug;
		};
		EA083FC90BAF827B003C27FA /* Release */ = {
			isa = XCBuildConfiguration;
			buildSettings = {
				COPY_PHASE_STRIP = YES;
				GCC_ENABLE_FIX_AND_CONTINUE = NO;
				GCC_GENERATE_DEBUGGING_SYMBOLS = NO;
				PRODUCT_NAME = "All recsched";
				ZERO_LINK = NO;
			};
			name = Release;
		};
		EA2EE04B0C07D26E0002420F /* Debug */ = {
			isa = XCBuildConfiguration;
			buildSettings = {
				ARCHS = "$(NATIVE_ARCH)";
				COPY_PHASE_STRIP = NO;
				GCC_DYNAMIC_NO_PIC = NO;
				GCC_ENABLE_FIX_AND_CONTINUE = YES;
				GCC_GENERATE_DEBUGGING_SYMBOLS = YES;
				GCC_MODEL_TUNING = G5;
				GCC_OPTIMIZATION_LEVEL = 0;
				INSTALL_PATH = /usr/local/lib;
				PREBINDING = NO;
				PRODUCT_NAME = hdhomerun;
				ZERO_LINK = YES;
			};
			name = Debug;
		};
		EA2EE04C0C07D26E0002420F /* Release */ = {
			isa = XCBuildConfiguration;
			buildSettings = {
				ARCHS = (
					ppc,
					i386,
				);
				COPY_PHASE_STRIP = YES;
				GCC_ENABLE_FIX_AND_CONTINUE = NO;
				GCC_GENERATE_DEBUGGING_SYMBOLS = NO;
				GCC_MODEL_TUNING = G5;
				INSTALL_PATH = /usr/local/lib;
				PREBINDING = NO;
				PRODUCT_NAME = hdhomerun;
				ZERO_LINK = NO;
			};
			name = Release;
		};
		EAEC092F0C272E1600C40D5A /* Debug */ = {
			isa = XCBuildConfiguration;
			buildSettings = {
				CONFIGURATION_BUILD_DIR = "$(BUILD_DIR)/$(CONFIGURATION)/iOnTV.app/Contents/Support";
				COPY_PHASE_STRIP = NO;
				GCC_DYNAMIC_NO_PIC = NO;
				GCC_ENABLE_FIX_AND_CONTINUE = YES;
				GCC_MODEL_TUNING = G5;
				GCC_OPTIMIZATION_LEVEL = 0;
				GCC_PRECOMPILE_PREFIX_HEADER = YES;
				GCC_PREFIX_HEADER = "$(SYSTEM_LIBRARY_DIR)/Frameworks/AppKit.framework/Headers/AppKit.h";
				HEADER_SEARCH_PATHS = ../HandBrake/libhb;
				INFOPLIST_FILE = "recsched_bkgd-Info.plist";
				INSTALL_PATH = "$(HOME)/Applications";
				LIBRARY_SEARCH_PATHS = (
					build/Debug,
					../HandBrake/libhb,
					"\"$(SRCROOT)/../HandBrake/contrib/lib\"",
				);
				OTHER_LDFLAGS = (
					"-framework",
					Foundation,
					"-framework",
					AppKit,
				);
				PREBINDING = NO;
				PRODUCT_NAME = recsched_bkgd;
				WRAPPER_EXTENSION = app;
				ZERO_LINK = YES;
			};
			name = Debug;
		};
		EAEC09300C272E1600C40D5A /* Release */ = {
			isa = XCBuildConfiguration;
			buildSettings = {
				CONFIGURATION_BUILD_DIR = "$(BUILD_DIR)/$(CONFIGURATION)/recsched.app/Contents/Support";
				COPY_PHASE_STRIP = YES;
				DEBUG_INFORMATION_FORMAT = "dwarf-with-dsym";
				GCC_ENABLE_FIX_AND_CONTINUE = NO;
				GCC_MODEL_TUNING = G5;
				GCC_PRECOMPILE_PREFIX_HEADER = YES;
				GCC_PREFIX_HEADER = "$(SYSTEM_LIBRARY_DIR)/Frameworks/AppKit.framework/Headers/AppKit.h";
				INFOPLIST_FILE = "recsched_bkgd-Info.plist";
				INSTALL_PATH = "$(HOME)/Applications";
				LIBRARY_SEARCH_PATHS = (
					"$(inherited)",
					"\"$(SRCROOT)/../HandBrake/libhb\"",
					"\"$(SRCROOT)/../HandBrake/contrib/lib\"",
				);
				OTHER_LDFLAGS = (
					"-framework",
					Foundation,
					"-framework",
					AppKit,
				);
				PREBINDING = NO;
				PRODUCT_NAME = recsched_bkgd;
				WRAPPER_EXTENSION = app;
				ZERO_LINK = NO;
			};
			name = Release;
		};
/* End XCBuildConfiguration section */

/* Begin XCConfigurationList section */
		26FC0A840875C7B200E6366F /* Build configuration list for PBXNativeTarget "recsched" */ = {
			isa = XCConfigurationList;
			buildConfigurations = (
				26FC0A850875C7B200E6366F /* Debug */,
				26FC0A860875C7B200E6366F /* Release */,
			);
			defaultConfigurationIsVisible = 0;
			defaultConfigurationName = Release;
		};
		26FC0A880875C7B200E6366F /* Build configuration list for PBXProject "recsched" */ = {
			isa = XCConfigurationList;
			buildConfigurations = (
				26FC0A890875C7B200E6366F /* Debug */,
				26FC0A8A0875C7B200E6366F /* Release */,
			);
			defaultConfigurationIsVisible = 0;
			defaultConfigurationName = Release;
		};
		EA083FC70BAF827B003C27FA /* Build configuration list for PBXAggregateTarget "All recsched" */ = {
			isa = XCConfigurationList;
			buildConfigurations = (
				EA083FC80BAF827B003C27FA /* Debug */,
				EA083FC90BAF827B003C27FA /* Release */,
			);
			defaultConfigurationIsVisible = 0;
			defaultConfigurationName = Release;
		};
		EA2EE04A0C07D26E0002420F /* Build configuration list for PBXNativeTarget "libhdhomerun" */ = {
			isa = XCConfigurationList;
			buildConfigurations = (
				EA2EE04B0C07D26E0002420F /* Debug */,
				EA2EE04C0C07D26E0002420F /* Release */,
			);
			defaultConfigurationIsVisible = 0;
			defaultConfigurationName = Release;
		};
		EAEC09340C272E4E00C40D5A /* Build configuration list for PBXNativeTarget "recsched_bkgd" */ = {
			isa = XCConfigurationList;
			buildConfigurations = (
				EAEC092F0C272E1600C40D5A /* Debug */,
				EAEC09300C272E1600C40D5A /* Release */,
			);
			defaultConfigurationIsVisible = 0;
			defaultConfigurationName = Release;
		};
/* End XCConfigurationList section */

/* Begin XCVersionGroup section */
		EAE3FB280C727D80005E9CA8 /* recsched_DataModel.xcdatamodeld */ = {
			isa = XCVersionGroup;
			children = (
				770B37EC0679A11B001EADE2 /* recsched_DataModel.xcdatamodel */,
				EA4B9FBB0C822AD300FBAF95 /* recsched_DataModel 2.xcdatamodel */,
				EA93F7E90C9C4728004788CF /* recsched_DataModel 3.xcdatamodel */,
				EA70E70F0CC0112200C3B295 /* recsched_DataModel 4.xcdatamodel */,
			);
			currentVersion = EA70E70F0CC0112200C3B295 /* recsched_DataModel 4.xcdatamodel */;
			path = recsched_DataModel.xcdatamodeld;
			sourceTree = "<group>";
			versionGroupType = wrapper.xcdatamodel;
		};
/* End XCVersionGroup section */
	};
	rootObject = 29B97313FDCFA39411CA2CEA /* Project object */;
}
